// !$*UTF8*$!
{
	archiveVersion = 1;
	classes = {
	};
	objectVersion = 56;
	objects = {

/* Begin PBXBuildFile section */
		32E9141429E0FCD000D215EC /* libx264.a in Frameworks */ = {isa = PBXBuildFile; fileRef = 32E9141329E0FCD000D215EC /* libx264.a */; };
		32E9142029E0FCDD00D215EC /* libfdk-aac.a in Frameworks */ = {isa = PBXBuildFile; fileRef = 32E9141F29E0FCDD00D215EC /* libfdk-aac.a */; };
		32E914B129E0FD1600D215EC /* libavutil.a in Frameworks */ = {isa = PBXBuildFile; fileRef = 32E9142229E0FD1500D215EC /* libavutil.a */; };
		32E914B229E0FD1600D215EC /* libavfilter.a in Frameworks */ = {isa = PBXBuildFile; fileRef = 32E9142329E0FD1500D215EC /* libavfilter.a */; };
		32E914B329E0FD1600D215EC /* libavcodec.a in Frameworks */ = {isa = PBXBuildFile; fileRef = 32E9142429E0FD1500D215EC /* libavcodec.a */; };
		32E914B429E0FD1600D215EC /* libpostproc.a in Frameworks */ = {isa = PBXBuildFile; fileRef = 32E9142529E0FD1500D215EC /* libpostproc.a */; };
		32E914B529E0FD1600D215EC /* libavformat.a in Frameworks */ = {isa = PBXBuildFile; fileRef = 32E9142629E0FD1500D215EC /* libavformat.a */; };
		32E914B629E0FD1700D215EC /* libavdevice.a in Frameworks */ = {isa = PBXBuildFile; fileRef = 32E9142729E0FD1500D215EC /* libavdevice.a */; };
		32E914B729E0FD1700D215EC /* libswresample.a in Frameworks */ = {isa = PBXBuildFile; fileRef = 32E9142829E0FD1500D215EC /* libswresample.a */; };
		32E914B829E0FD1700D215EC /* libswscale.a in Frameworks */ = {isa = PBXBuildFile; fileRef = 32E9142929E0FD1500D215EC /* libswscale.a */; };
		32FEDCA729DFB92A007FDCD6 /* AppDelegate.m in Sources */ = {isa = PBXBuildFile; fileRef = 32FEDCA629DFB92A007FDCD6 /* AppDelegate.m */; };
		32FEDCAA29DFB92A007FDCD6 /* SceneDelegate.m in Sources */ = {isa = PBXBuildFile; fileRef = 32FEDCA929DFB92A007FDCD6 /* SceneDelegate.m */; };
		32FEDCAD29DFB92A007FDCD6 /* ViewController.m in Sources */ = {isa = PBXBuildFile; fileRef = 32FEDCAC29DFB92A007FDCD6 /* ViewController.m */; };
		32FEDCB029DFB92A007FDCD6 /* Main.storyboard in Resources */ = {isa = PBXBuildFile; fileRef = 32FEDCAE29DFB92A007FDCD6 /* Main.storyboard */; };
		32FEDCB229DFB92D007FDCD6 /* Assets.xcassets in Resources */ = {isa = PBXBuildFile; fileRef = 32FEDCB129DFB92D007FDCD6 /* Assets.xcassets */; };
		32FEDCB529DFB92D007FDCD6 /* LaunchScreen.storyboard in Resources */ = {isa = PBXBuildFile; fileRef = 32FEDCB329DFB92D007FDCD6 /* LaunchScreen.storyboard */; };
		32FEDCB829DFB92D007FDCD6 /* main.m in Sources */ = {isa = PBXBuildFile; fileRef = 32FEDCB729DFB92D007FDCD6 /* main.m */; };
		32FEDCC229DFB92D007FDCD6 /* LearningProject_iOSTests.m in Sources */ = {isa = PBXBuildFile; fileRef = 32FEDCC129DFB92D007FDCD6 /* LearningProject_iOSTests.m */; };
		32FEDCCC29DFB92D007FDCD6 /* LearningProject_iOSUITests.m in Sources */ = {isa = PBXBuildFile; fileRef = 32FEDCCB29DFB92D007FDCD6 /* LearningProject_iOSUITests.m */; };
		32FEDCCE29DFB92D007FDCD6 /* LearningProject_iOSUITestsLaunchTests.m in Sources */ = {isa = PBXBuildFile; fileRef = 32FEDCCD29DFB92D007FDCD6 /* LearningProject_iOSUITestsLaunchTests.m */; };
		32FEDE1729DFBEFB007FDCD6 /* AVFoundation.framework in Frameworks */ = {isa = PBXBuildFile; fileRef = 32FEDE1629DFBEFA007FDCD6 /* AVFoundation.framework */; };
		32FEDE1929DFBF0D007FDCD6 /* VideoToolbox.framework in Frameworks */ = {isa = PBXBuildFile; fileRef = 32FEDE1829DFBF0D007FDCD6 /* VideoToolbox.framework */; };
		32FEDE1B29DFBF19007FDCD6 /* AudioToolbox.framework in Frameworks */ = {isa = PBXBuildFile; fileRef = 32FEDE1A29DFBF19007FDCD6 /* AudioToolbox.framework */; };
		32FEDE1D29DFBF26007FDCD6 /* CoreMedia.framework in Frameworks */ = {isa = PBXBuildFile; fileRef = 32FEDE1C29DFBF25007FDCD6 /* CoreMedia.framework */; };
		32FEDE1F29DFBF36007FDCD6 /* libz.tbd in Frameworks */ = {isa = PBXBuildFile; fileRef = 32FEDE1E29DFBF35007FDCD6 /* libz.tbd */; };
		32FEDE2129DFBF46007FDCD6 /* libbz2.tbd in Frameworks */ = {isa = PBXBuildFile; fileRef = 32FEDE2029DFBF46007FDCD6 /* libbz2.tbd */; };
		32FEDE2329DFBF51007FDCD6 /* libiconv.tbd in Frameworks */ = {isa = PBXBuildFile; fileRef = 32FEDE2229DFBF51007FDCD6 /* libiconv.tbd */; };
		32FEDE2529DFC595007FDCD6 /* test.mp4 in Resources */ = {isa = PBXBuildFile; fileRef = 32FEDE2429DFC595007FDCD6 /* test.mp4 */; };
		5D582A1A6069C0CAFDA552F0 /* Pods_LearningProject_iOS_LearningProject_iOSUITests.framework in Frameworks */ = {isa = PBXBuildFile; fileRef = 046CE8D02D23AF32EC240AA5 /* Pods_LearningProject_iOS_LearningProject_iOSUITests.framework */; };
		CE3DCBC37E912D2D4AC6C4E6 /* Pods_LearningProject_iOSTests.framework in Frameworks */ = {isa = PBXBuildFile; fileRef = 53BDA4B7779781215278591E /* Pods_LearningProject_iOSTests.framework */; };
		D2D79CCC63FCED2300AB916A /* Pods_LearningProject_iOS.framework in Frameworks */ = {isa = PBXBuildFile; fileRef = 850A387D7DAF8692D7CD4278 /* Pods_LearningProject_iOS.framework */; };
/* End PBXBuildFile section */

/* Begin PBXContainerItemProxy section */
		32FEDCBE29DFB92D007FDCD6 /* PBXContainerItemProxy */ = {
			isa = PBXContainerItemProxy;
			containerPortal = 32FEDC9A29DFB92A007FDCD6 /* Project object */;
			proxyType = 1;
			remoteGlobalIDString = 32FEDCA129DFB92A007FDCD6;
			remoteInfo = LearningProject_iOS;
		};
		32FEDCC829DFB92D007FDCD6 /* PBXContainerItemProxy */ = {
			isa = PBXContainerItemProxy;
			containerPortal = 32FEDC9A29DFB92A007FDCD6 /* Project object */;
			proxyType = 1;
			remoteGlobalIDString = 32FEDCA129DFB92A007FDCD6;
			remoteInfo = LearningProject_iOS;
		};
/* End PBXContainerItemProxy section */

/* Begin PBXFileReference section */
		046CE8D02D23AF32EC240AA5 /* Pods_LearningProject_iOS_LearningProject_iOSUITests.framework */ = {isa = PBXFileReference; explicitFileType = wrapper.framework; includeInIndex = 0; path = Pods_LearningProject_iOS_LearningProject_iOSUITests.framework; sourceTree = BUILT_PRODUCTS_DIR; };
		2585FD214610D8C093959B93 /* Pods-LearningProject_iOS.debug.xcconfig */ = {isa = PBXFileReference; includeInIndex = 1; lastKnownFileType = text.xcconfig; name = "Pods-LearningProject_iOS.debug.xcconfig"; path = "Target Support Files/Pods-LearningProject_iOS/Pods-LearningProject_iOS.debug.xcconfig"; sourceTree = "<group>"; };
		2D0BB7B5390316D143E77C1E /* Pods-LearningProject_iOS.release.xcconfig */ = {isa = PBXFileReference; includeInIndex = 1; lastKnownFileType = text.xcconfig; name = "Pods-LearningProject_iOS.release.xcconfig"; path = "Target Support Files/Pods-LearningProject_iOS/Pods-LearningProject_iOS.release.xcconfig"; sourceTree = "<group>"; };
		32E9141029E0FCD000D215EC /* x264_config.h */ = {isa = PBXFileReference; fileEncoding = 4; lastKnownFileType = sourcecode.c.h; path = x264_config.h; sourceTree = "<group>"; };
		32E9141129E0FCD000D215EC /* x264.h */ = {isa = PBXFileReference; fileEncoding = 4; lastKnownFileType = sourcecode.c.h; path = x264.h; sourceTree = "<group>"; };
		32E9141329E0FCD000D215EC /* libx264.a */ = {isa = PBXFileReference; lastKnownFileType = archive.ar; path = libx264.a; sourceTree = "<group>"; };
		32E9141829E0FCDD00D215EC /* syslib_channelMapDescr.h */ = {isa = PBXFileReference; fileEncoding = 4; lastKnownFileType = sourcecode.c.h; path = syslib_channelMapDescr.h; sourceTree = "<group>"; };
		32E9141929E0FCDD00D215EC /* aacdecoder_lib.h */ = {isa = PBXFileReference; fileEncoding = 4; lastKnownFileType = sourcecode.c.h; path = aacdecoder_lib.h; sourceTree = "<group>"; };
		32E9141A29E0FCDD00D215EC /* machine_type.h */ = {isa = PBXFileReference; fileEncoding = 4; lastKnownFileType = sourcecode.c.h; path = machine_type.h; sourceTree = "<group>"; };
		32E9141B29E0FCDD00D215EC /* aacenc_lib.h */ = {isa = PBXFileReference; fileEncoding = 4; lastKnownFileType = sourcecode.c.h; path = aacenc_lib.h; sourceTree = "<group>"; };
		32E9141C29E0FCDD00D215EC /* genericStds.h */ = {isa = PBXFileReference; fileEncoding = 4; lastKnownFileType = sourcecode.c.h; path = genericStds.h; sourceTree = "<group>"; };
		32E9141D29E0FCDD00D215EC /* FDK_audio.h */ = {isa = PBXFileReference; fileEncoding = 4; lastKnownFileType = sourcecode.c.h; path = FDK_audio.h; sourceTree = "<group>"; };
		32E9141F29E0FCDD00D215EC /* libfdk-aac.a */ = {isa = PBXFileReference; lastKnownFileType = archive.ar; path = "libfdk-aac.a"; sourceTree = "<group>"; };
		32E9142229E0FD1500D215EC /* libavutil.a */ = {isa = PBXFileReference; lastKnownFileType = archive.ar; path = libavutil.a; sourceTree = "<group>"; };
		32E9142329E0FD1500D215EC /* libavfilter.a */ = {isa = PBXFileReference; lastKnownFileType = archive.ar; path = libavfilter.a; sourceTree = "<group>"; };
		32E9142429E0FD1500D215EC /* libavcodec.a */ = {isa = PBXFileReference; lastKnownFileType = archive.ar; path = libavcodec.a; sourceTree = "<group>"; };
		32E9142529E0FD1500D215EC /* libpostproc.a */ = {isa = PBXFileReference; lastKnownFileType = archive.ar; path = libpostproc.a; sourceTree = "<group>"; };
		32E9142629E0FD1500D215EC /* libavformat.a */ = {isa = PBXFileReference; lastKnownFileType = archive.ar; path = libavformat.a; sourceTree = "<group>"; };
		32E9142729E0FD1500D215EC /* libavdevice.a */ = {isa = PBXFileReference; lastKnownFileType = archive.ar; path = libavdevice.a; sourceTree = "<group>"; };
		32E9142829E0FD1500D215EC /* libswresample.a */ = {isa = PBXFileReference; lastKnownFileType = archive.ar; path = libswresample.a; sourceTree = "<group>"; };
		32E9142929E0FD1500D215EC /* libswscale.a */ = {isa = PBXFileReference; lastKnownFileType = archive.ar; path = libswscale.a; sourceTree = "<group>"; };
		32E9142C29E0FD1600D215EC /* version.h */ = {isa = PBXFileReference; fileEncoding = 4; lastKnownFileType = sourcecode.c.h; path = version.h; sourceTree = "<group>"; };
		32E9142D29E0FD1600D215EC /* postprocess.h */ = {isa = PBXFileReference; fileEncoding = 4; lastKnownFileType = sourcecode.c.h; path = postprocess.h; sourceTree = "<group>"; };
		32E9142F29E0FD1600D215EC /* version.h */ = {isa = PBXFileReference; fileEncoding = 4; lastKnownFileType = sourcecode.c.h; path = version.h; sourceTree = "<group>"; };
		32E9143029E0FD1600D215EC /* buffersrc.h */ = {isa = PBXFileReference; fileEncoding = 4; lastKnownFileType = sourcecode.c.h; path = buffersrc.h; sourceTree = "<group>"; };
		32E9143129E0FD1600D215EC /* buffersink.h */ = {isa = PBXFileReference; fileEncoding = 4; lastKnownFileType = sourcecode.c.h; path = buffersink.h; sourceTree = "<group>"; };
		32E9143229E0FD1600D215EC /* avfilter.h */ = {isa = PBXFileReference; fileEncoding = 4; lastKnownFileType = sourcecode.c.h; path = avfilter.h; sourceTree = "<group>"; };
		32E9143429E0FD1600D215EC /* hwcontext.h */ = {isa = PBXFileReference; fileEncoding = 4; lastKnownFileType = sourcecode.c.h; path = hwcontext.h; sourceTree = "<group>"; };
		32E9143529E0FD1600D215EC /* time.h */ = {isa = PBXFileReference; fileEncoding = 4; lastKnownFileType = sourcecode.c.h; path = time.h; sourceTree = "<group>"; };
		32E9143629E0FD1600D215EC /* hwcontext_cuda.h */ = {isa = PBXFileReference; fileEncoding = 4; lastKnownFileType = sourcecode.c.h; path = hwcontext_cuda.h; sourceTree = "<group>"; };
		32E9143729E0FD1600D215EC /* intfloat.h */ = {isa = PBXFileReference; fileEncoding = 4; lastKnownFileType = sourcecode.c.h; path = intfloat.h; sourceTree = "<group>"; };
		32E9143829E0FD1600D215EC /* error.h */ = {isa = PBXFileReference; fileEncoding = 4; lastKnownFileType = sourcecode.c.h; path = error.h; sourceTree = "<group>"; };
		32E9143929E0FD1600D215EC /* fifo.h */ = {isa = PBXFileReference; fileEncoding = 4; lastKnownFileType = sourcecode.c.h; path = fifo.h; sourceTree = "<group>"; };
		32E9143A29E0FD1600D215EC /* blowfish.h */ = {isa = PBXFileReference; fileEncoding = 4; lastKnownFileType = sourcecode.c.h; path = blowfish.h; sourceTree = "<group>"; };
		32E9143B29E0FD1600D215EC /* hwcontext_mediacodec.h */ = {isa = PBXFileReference; fileEncoding = 4; lastKnownFileType = sourcecode.c.h; path = hwcontext_mediacodec.h; sourceTree = "<group>"; };
		32E9143C29E0FD1600D215EC /* replaygain.h */ = {isa = PBXFileReference; fileEncoding = 4; lastKnownFileType = sourcecode.c.h; path = replaygain.h; sourceTree = "<group>"; };
		32E9143D29E0FD1600D215EC /* version.h */ = {isa = PBXFileReference; fileEncoding = 4; lastKnownFileType = sourcecode.c.h; path = version.h; sourceTree = "<group>"; };
		32E9143E29E0FD1600D215EC /* murmur3.h */ = {isa = PBXFileReference; fileEncoding = 4; lastKnownFileType = sourcecode.c.h; path = murmur3.h; sourceTree = "<group>"; };
		32E9143F29E0FD1600D215EC /* stereo3d.h */ = {isa = PBXFileReference; fileEncoding = 4; lastKnownFileType = sourcecode.c.h; path = stereo3d.h; sourceTree = "<group>"; };
		32E9144029E0FD1600D215EC /* samplefmt.h */ = {isa = PBXFileReference; fileEncoding = 4; lastKnownFileType = sourcecode.c.h; path = samplefmt.h; sourceTree = "<group>"; };
		32E9144129E0FD1600D215EC /* pixdesc.h */ = {isa = PBXFileReference; fileEncoding = 4; lastKnownFileType = sourcecode.c.h; path = pixdesc.h; sourceTree = "<group>"; };
		32E9144229E0FD1600D215EC /* base64.h */ = {isa = PBXFileReference; fileEncoding = 4; lastKnownFileType = sourcecode.c.h; path = base64.h; sourceTree = "<group>"; };
		32E9144329E0FD1600D215EC /* rational.h */ = {isa = PBXFileReference; fileEncoding = 4; lastKnownFileType = sourcecode.c.h; path = rational.h; sourceTree = "<group>"; };
		32E9144429E0FD1600D215EC /* sha.h */ = {isa = PBXFileReference; fileEncoding = 4; lastKnownFileType = sourcecode.c.h; path = sha.h; sourceTree = "<group>"; };
		32E9144529E0FD1600D215EC /* motion_vector.h */ = {isa = PBXFileReference; fileEncoding = 4; lastKnownFileType = sourcecode.c.h; path = motion_vector.h; sourceTree = "<group>"; };
		32E9144629E0FD1600D215EC /* avconfig.h */ = {isa = PBXFileReference; fileEncoding = 4; lastKnownFileType = sourcecode.c.h; path = avconfig.h; sourceTree = "<group>"; };
		32E9144729E0FD1600D215EC /* lfg.h */ = {isa = PBXFileReference; fileEncoding = 4; lastKnownFileType = sourcecode.c.h; path = lfg.h; sourceTree = "<group>"; };
		32E9144829E0FD1600D215EC /* avutil.h */ = {isa = PBXFileReference; fileEncoding = 4; lastKnownFileType = sourcecode.c.h; path = avutil.h; sourceTree = "<group>"; };
		32E9144929E0FD1600D215EC /* hwcontext_vulkan.h */ = {isa = PBXFileReference; fileEncoding = 4; lastKnownFileType = sourcecode.c.h; path = hwcontext_vulkan.h; sourceTree = "<group>"; };
		32E9144A29E0FD1600D215EC /* xtea.h */ = {isa = PBXFileReference; fileEncoding = 4; lastKnownFileType = sourcecode.c.h; path = xtea.h; sourceTree = "<group>"; };
		32E9144B29E0FD1600D215EC /* crc.h */ = {isa = PBXFileReference; fileEncoding = 4; lastKnownFileType = sourcecode.c.h; path = crc.h; sourceTree = "<group>"; };
		32E9144C29E0FD1600D215EC /* hwcontext_vdpau.h */ = {isa = PBXFileReference; fileEncoding = 4; lastKnownFileType = sourcecode.c.h; path = hwcontext_vdpau.h; sourceTree = "<group>"; };
		32E9144D29E0FD1600D215EC /* frame.h */ = {isa = PBXFileReference; fileEncoding = 4; lastKnownFileType = sourcecode.c.h; path = frame.h; sourceTree = "<group>"; };
		32E9144E29E0FD1600D215EC /* file.h */ = {isa = PBXFileReference; fileEncoding = 4; lastKnownFileType = sourcecode.c.h; path = file.h; sourceTree = "<group>"; };
		32E9144F29E0FD1600D215EC /* md5.h */ = {isa = PBXFileReference; fileEncoding = 4; lastKnownFileType = sourcecode.c.h; path = md5.h; sourceTree = "<group>"; };
		32E9145029E0FD1600D215EC /* cast5.h */ = {isa = PBXFileReference; fileEncoding = 4; lastKnownFileType = sourcecode.c.h; path = cast5.h; sourceTree = "<group>"; };
		32E9145129E0FD1600D215EC /* hwcontext_vaapi.h */ = {isa = PBXFileReference; fileEncoding = 4; lastKnownFileType = sourcecode.c.h; path = hwcontext_vaapi.h; sourceTree = "<group>"; };
		32E9145229E0FD1600D215EC /* spherical.h */ = {isa = PBXFileReference; fileEncoding = 4; lastKnownFileType = sourcecode.c.h; path = spherical.h; sourceTree = "<group>"; };
		32E9145329E0FD1600D215EC /* ffversion.h */ = {isa = PBXFileReference; fileEncoding = 4; lastKnownFileType = sourcecode.c.h; path = ffversion.h; sourceTree = "<group>"; };
		32E9145429E0FD1600D215EC /* hwcontext_opencl.h */ = {isa = PBXFileReference; fileEncoding = 4; lastKnownFileType = sourcecode.c.h; path = hwcontext_opencl.h; sourceTree = "<group>"; };
		32E9145529E0FD1600D215EC /* audio_fifo.h */ = {isa = PBXFileReference; fileEncoding = 4; lastKnownFileType = sourcecode.c.h; path = audio_fifo.h; sourceTree = "<group>"; };
		32E9145629E0FD1600D215EC /* tree.h */ = {isa = PBXFileReference; fileEncoding = 4; lastKnownFileType = sourcecode.c.h; path = tree.h; sourceTree = "<group>"; };
		32E9145729E0FD1600D215EC /* threadmessage.h */ = {isa = PBXFileReference; fileEncoding = 4; lastKnownFileType = sourcecode.c.h; path = threadmessage.h; sourceTree = "<group>"; };
		32E9145829E0FD1600D215EC /* attributes.h */ = {isa = PBXFileReference; fileEncoding = 4; lastKnownFileType = sourcecode.c.h; path = attributes.h; sourceTree = "<group>"; };
		32E9145929E0FD1600D215EC /* adler32.h */ = {isa = PBXFileReference; fileEncoding = 4; lastKnownFileType = sourcecode.c.h; path = adler32.h; sourceTree = "<group>"; };
		32E9145A29E0FD1600D215EC /* hwcontext_d3d11va.h */ = {isa = PBXFileReference; fileEncoding = 4; lastKnownFileType = sourcecode.c.h; path = hwcontext_d3d11va.h; sourceTree = "<group>"; };
		32E9145B29E0FD1600D215EC /* timecode.h */ = {isa = PBXFileReference; fileEncoding = 4; lastKnownFileType = sourcecode.c.h; path = timecode.h; sourceTree = "<group>"; };
		32E9145C29E0FD1600D215EC /* dovi_meta.h */ = {isa = PBXFileReference; fileEncoding = 4; lastKnownFileType = sourcecode.c.h; path = dovi_meta.h; sourceTree = "<group>"; };
		32E9145D29E0FD1600D215EC /* tx.h */ = {isa = PBXFileReference; fileEncoding = 4; lastKnownFileType = sourcecode.c.h; path = tx.h; sourceTree = "<group>"; };
		32E9145E29E0FD1600D215EC /* sha512.h */ = {isa = PBXFileReference; fileEncoding = 4; lastKnownFileType = sourcecode.c.h; path = sha512.h; sourceTree = "<group>"; };
		32E9145F29E0FD1600D215EC /* hwcontext_dxva2.h */ = {isa = PBXFileReference; fileEncoding = 4; lastKnownFileType = sourcecode.c.h; path = hwcontext_dxva2.h; sourceTree = "<group>"; };
		32E9146029E0FD1600D215EC /* display.h */ = {isa = PBXFileReference; fileEncoding = 4; lastKnownFileType = sourcecode.c.h; path = display.h; sourceTree = "<group>"; };
		32E9146129E0FD1600D215EC /* buffer.h */ = {isa = PBXFileReference; fileEncoding = 4; lastKnownFileType = sourcecode.c.h; path = buffer.h; sourceTree = "<group>"; };
		32E9146229E0FD1600D215EC /* camellia.h */ = {isa = PBXFileReference; fileEncoding = 4; lastKnownFileType = sourcecode.c.h; path = camellia.h; sourceTree = "<group>"; };
		32E9146329E0FD1600D215EC /* pixelutils.h */ = {isa = PBXFileReference; fileEncoding = 4; lastKnownFileType = sourcecode.c.h; path = pixelutils.h; sourceTree = "<group>"; };
		32E9146429E0FD1600D215EC /* hwcontext_drm.h */ = {isa = PBXFileReference; fileEncoding = 4; lastKnownFileType = sourcecode.c.h; path = hwcontext_drm.h; sourceTree = "<group>"; };
		32E9146529E0FD1600D215EC /* common.h */ = {isa = PBXFileReference; fileEncoding = 4; lastKnownFileType = sourcecode.c.h; path = common.h; sourceTree = "<group>"; };
		32E9146629E0FD1600D215EC /* hmac.h */ = {isa = PBXFileReference; fileEncoding = 4; lastKnownFileType = sourcecode.c.h; path = hmac.h; sourceTree = "<group>"; };
		32E9146729E0FD1600D215EC /* eval.h */ = {isa = PBXFileReference; fileEncoding = 4; lastKnownFileType = sourcecode.c.h; path = eval.h; sourceTree = "<group>"; };
		32E9146829E0FD1600D215EC /* dict.h */ = {isa = PBXFileReference; fileEncoding = 4; lastKnownFileType = sourcecode.c.h; path = dict.h; sourceTree = "<group>"; };
		32E9146929E0FD1600D215EC /* random_seed.h */ = {isa = PBXFileReference; fileEncoding = 4; lastKnownFileType = sourcecode.c.h; path = random_seed.h; sourceTree = "<group>"; };
		32E9146A29E0FD1600D215EC /* opt.h */ = {isa = PBXFileReference; fileEncoding = 4; lastKnownFileType = sourcecode.c.h; path = opt.h; sourceTree = "<group>"; };
		32E9146B29E0FD1600D215EC /* mastering_display_metadata.h */ = {isa = PBXFileReference; fileEncoding = 4; lastKnownFileType = sourcecode.c.h; path = mastering_display_metadata.h; sourceTree = "<group>"; };
		32E9146C29E0FD1600D215EC /* log.h */ = {isa = PBXFileReference; fileEncoding = 4; lastKnownFileType = sourcecode.c.h; path = log.h; sourceTree = "<group>"; };
		32E9146D29E0FD1600D215EC /* aes.h */ = {isa = PBXFileReference; fileEncoding = 4; lastKnownFileType = sourcecode.c.h; path = aes.h; sourceTree = "<group>"; };
		32E9146E29E0FD1600D215EC /* macros.h */ = {isa = PBXFileReference; fileEncoding = 4; lastKnownFileType = sourcecode.c.h; path = macros.h; sourceTree = "<group>"; };
		32E9146F29E0FD1600D215EC /* bswap.h */ = {isa = PBXFileReference; fileEncoding = 4; lastKnownFileType = sourcecode.c.h; path = bswap.h; sourceTree = "<group>"; };
		32E9147029E0FD1600D215EC /* rc4.h */ = {isa = PBXFileReference; fileEncoding = 4; lastKnownFileType = sourcecode.c.h; path = rc4.h; sourceTree = "<group>"; };
		32E9147129E0FD1600D215EC /* tea.h */ = {isa = PBXFileReference; fileEncoding = 4; lastKnownFileType = sourcecode.c.h; path = tea.h; sourceTree = "<group>"; };
		32E9147229E0FD1600D215EC /* cpu.h */ = {isa = PBXFileReference; fileEncoding = 4; lastKnownFileType = sourcecode.c.h; path = cpu.h; sourceTree = "<group>"; };
		32E9147329E0FD1600D215EC /* lzo.h */ = {isa = PBXFileReference; fileEncoding = 4; lastKnownFileType = sourcecode.c.h; path = lzo.h; sourceTree = "<group>"; };
		32E9147429E0FD1600D215EC /* des.h */ = {isa = PBXFileReference; fileEncoding = 4; lastKnownFileType = sourcecode.c.h; path = des.h; sourceTree = "<group>"; };
		32E9147529E0FD1600D215EC /* channel_layout.h */ = {isa = PBXFileReference; fileEncoding = 4; lastKnownFileType = sourcecode.c.h; path = channel_layout.h; sourceTree = "<group>"; };
		32E9147629E0FD1600D215EC /* encryption_info.h */ = {isa = PBXFileReference; fileEncoding = 4; lastKnownFileType = sourcecode.c.h; path = encryption_info.h; sourceTree = "<group>"; };
		32E9147729E0FD1600D215EC /* twofish.h */ = {isa = PBXFileReference; fileEncoding = 4; lastKnownFileType = sourcecode.c.h; path = twofish.h; sourceTree = "<group>"; };
		32E9147829E0FD1600D215EC /* imgutils.h */ = {isa = PBXFileReference; fileEncoding = 4; lastKnownFileType = sourcecode.c.h; path = imgutils.h; sourceTree = "<group>"; };
		32E9147929E0FD1600D215EC /* hwcontext_videotoolbox.h */ = {isa = PBXFileReference; fileEncoding = 4; lastKnownFileType = sourcecode.c.h; path = hwcontext_videotoolbox.h; sourceTree = "<group>"; };
		32E9147A29E0FD1600D215EC /* video_enc_params.h */ = {isa = PBXFileReference; fileEncoding = 4; lastKnownFileType = sourcecode.c.h; path = video_enc_params.h; sourceTree = "<group>"; };
		32E9147B29E0FD1600D215EC /* mem.h */ = {isa = PBXFileReference; fileEncoding = 4; lastKnownFileType = sourcecode.c.h; path = mem.h; sourceTree = "<group>"; };
		32E9147C29E0FD1600D215EC /* parseutils.h */ = {isa = PBXFileReference; fileEncoding = 4; lastKnownFileType = sourcecode.c.h; path = parseutils.h; sourceTree = "<group>"; };
		32E9147D29E0FD1600D215EC /* ripemd.h */ = {isa = PBXFileReference; fileEncoding = 4; lastKnownFileType = sourcecode.c.h; path = ripemd.h; sourceTree = "<group>"; };
		32E9147E29E0FD1600D215EC /* bprint.h */ = {isa = PBXFileReference; fileEncoding = 4; lastKnownFileType = sourcecode.c.h; path = bprint.h; sourceTree = "<group>"; };
		32E9147F29E0FD1600D215EC /* hdr_dynamic_metadata.h */ = {isa = PBXFileReference; fileEncoding = 4; lastKnownFileType = sourcecode.c.h; path = hdr_dynamic_metadata.h; sourceTree = "<group>"; };
		32E9148029E0FD1600D215EC /* hwcontext_qsv.h */ = {isa = PBXFileReference; fileEncoding = 4; lastKnownFileType = sourcecode.c.h; path = hwcontext_qsv.h; sourceTree = "<group>"; };
		32E9148129E0FD1600D215EC /* pixfmt.h */ = {isa = PBXFileReference; fileEncoding = 4; lastKnownFileType = sourcecode.c.h; path = pixfmt.h; sourceTree = "<group>"; };
		32E9148229E0FD1600D215EC /* aes_ctr.h */ = {isa = PBXFileReference; fileEncoding = 4; lastKnownFileType = sourcecode.c.h; path = aes_ctr.h; sourceTree = "<group>"; };
		32E9148329E0FD1600D215EC /* timestamp.h */ = {isa = PBXFileReference; fileEncoding = 4; lastKnownFileType = sourcecode.c.h; path = timestamp.h; sourceTree = "<group>"; };
		32E9148429E0FD1600D215EC /* downmix_info.h */ = {isa = PBXFileReference; fileEncoding = 4; lastKnownFileType = sourcecode.c.h; path = downmix_info.h; sourceTree = "<group>"; };
		32E9148529E0FD1600D215EC /* avassert.h */ = {isa = PBXFileReference; fileEncoding = 4; lastKnownFileType = sourcecode.c.h; path = avassert.h; sourceTree = "<group>"; };
		32E9148629E0FD1600D215EC /* hash.h */ = {isa = PBXFileReference; fileEncoding = 4; lastKnownFileType = sourcecode.c.h; path = hash.h; sourceTree = "<group>"; };
		32E9148729E0FD1600D215EC /* mathematics.h */ = {isa = PBXFileReference; fileEncoding = 4; lastKnownFileType = sourcecode.c.h; path = mathematics.h; sourceTree = "<group>"; };
		32E9148829E0FD1600D215EC /* intreadwrite.h */ = {isa = PBXFileReference; fileEncoding = 4; lastKnownFileType = sourcecode.c.h; path = intreadwrite.h; sourceTree = "<group>"; };
		32E9148929E0FD1600D215EC /* film_grain_params.h */ = {isa = PBXFileReference; fileEncoding = 4; lastKnownFileType = sourcecode.c.h; path = film_grain_params.h; sourceTree = "<group>"; };
		32E9148A29E0FD1600D215EC /* avstring.h */ = {isa = PBXFileReference; fileEncoding = 4; lastKnownFileType = sourcecode.c.h; path = avstring.h; sourceTree = "<group>"; };
		32E9148C29E0FD1600D215EC /* version.h */ = {isa = PBXFileReference; fileEncoding = 4; lastKnownFileType = sourcecode.c.h; path = version.h; sourceTree = "<group>"; };
		32E9148D29E0FD1600D215EC /* avdevice.h */ = {isa = PBXFileReference; fileEncoding = 4; lastKnownFileType = sourcecode.c.h; path = avdevice.h; sourceTree = "<group>"; };
		32E9148F29E0FD1600D215EC /* version.h */ = {isa = PBXFileReference; fileEncoding = 4; lastKnownFileType = sourcecode.c.h; path = version.h; sourceTree = "<group>"; };
		32E9149029E0FD1600D215EC /* avio.h */ = {isa = PBXFileReference; fileEncoding = 4; lastKnownFileType = sourcecode.c.h; path = avio.h; sourceTree = "<group>"; };
		32E9149129E0FD1600D215EC /* avformat.h */ = {isa = PBXFileReference; fileEncoding = 4; lastKnownFileType = sourcecode.c.h; path = avformat.h; sourceTree = "<group>"; };
		32E9149329E0FD1600D215EC /* version.h */ = {isa = PBXFileReference; fileEncoding = 4; lastKnownFileType = sourcecode.c.h; path = version.h; sourceTree = "<group>"; };
		32E9149429E0FD1600D215EC /* swscale.h */ = {isa = PBXFileReference; fileEncoding = 4; lastKnownFileType = sourcecode.c.h; path = swscale.h; sourceTree = "<group>"; };
		32E9149629E0FD1600D215EC /* adts_parser.h */ = {isa = PBXFileReference; fileEncoding = 4; lastKnownFileType = sourcecode.c.h; path = adts_parser.h; sourceTree = "<group>"; };
		32E9149729E0FD1600D215EC /* avcodec.h */ = {isa = PBXFileReference; fileEncoding = 4; lastKnownFileType = sourcecode.c.h; path = avcodec.h; sourceTree = "<group>"; };
		32E9149829E0FD1600D215EC /* version.h */ = {isa = PBXFileReference; fileEncoding = 4; lastKnownFileType = sourcecode.c.h; path = version.h; sourceTree = "<group>"; };
		32E9149929E0FD1600D215EC /* vdpau.h */ = {isa = PBXFileReference; fileEncoding = 4; lastKnownFileType = sourcecode.c.h; path = vdpau.h; sourceTree = "<group>"; };
		32E9149A29E0FD1600D215EC /* codec_par.h */ = {isa = PBXFileReference; fileEncoding = 4; lastKnownFileType = sourcecode.c.h; path = codec_par.h; sourceTree = "<group>"; };
		32E9149B29E0FD1600D215EC /* qsv.h */ = {isa = PBXFileReference; fileEncoding = 4; lastKnownFileType = sourcecode.c.h; path = qsv.h; sourceTree = "<group>"; };
		32E9149C29E0FD1600D215EC /* vaapi.h */ = {isa = PBXFileReference; fileEncoding = 4; lastKnownFileType = sourcecode.c.h; path = vaapi.h; sourceTree = "<group>"; };
		32E9149D29E0FD1600D215EC /* codec_desc.h */ = {isa = PBXFileReference; fileEncoding = 4; lastKnownFileType = sourcecode.c.h; path = codec_desc.h; sourceTree = "<group>"; };
		32E9149E29E0FD1600D215EC /* videotoolbox.h */ = {isa = PBXFileReference; fileEncoding = 4; lastKnownFileType = sourcecode.c.h; path = videotoolbox.h; sourceTree = "<group>"; };
		32E9149F29E0FD1600D215EC /* xvmc.h */ = {isa = PBXFileReference; fileEncoding = 4; lastKnownFileType = sourcecode.c.h; path = xvmc.h; sourceTree = "<group>"; };
		32E914A029E0FD1600D215EC /* mediacodec.h */ = {isa = PBXFileReference; fileEncoding = 4; lastKnownFileType = sourcecode.c.h; path = mediacodec.h; sourceTree = "<group>"; };
		32E914A129E0FD1600D215EC /* d3d11va.h */ = {isa = PBXFileReference; fileEncoding = 4; lastKnownFileType = sourcecode.c.h; path = d3d11va.h; sourceTree = "<group>"; };
		32E914A229E0FD1600D215EC /* avfft.h */ = {isa = PBXFileReference; fileEncoding = 4; lastKnownFileType = sourcecode.c.h; path = avfft.h; sourceTree = "<group>"; };
		32E914A329E0FD1600D215EC /* codec.h */ = {isa = PBXFileReference; fileEncoding = 4; lastKnownFileType = sourcecode.c.h; path = codec.h; sourceTree = "<group>"; };
		32E914A429E0FD1600D215EC /* jni.h */ = {isa = PBXFileReference; fileEncoding = 4; lastKnownFileType = sourcecode.c.h; path = jni.h; sourceTree = "<group>"; };
		32E914A529E0FD1600D215EC /* packet.h */ = {isa = PBXFileReference; fileEncoding = 4; lastKnownFileType = sourcecode.c.h; path = packet.h; sourceTree = "<group>"; };
		32E914A629E0FD1600D215EC /* bsf.h */ = {isa = PBXFileReference; fileEncoding = 4; lastKnownFileType = sourcecode.c.h; path = bsf.h; sourceTree = "<group>"; };
		32E914A729E0FD1600D215EC /* codec_id.h */ = {isa = PBXFileReference; fileEncoding = 4; lastKnownFileType = sourcecode.c.h; path = codec_id.h; sourceTree = "<group>"; };
		32E914A829E0FD1600D215EC /* dirac.h */ = {isa = PBXFileReference; fileEncoding = 4; lastKnownFileType = sourcecode.c.h; path = dirac.h; sourceTree = "<group>"; };
		32E914A929E0FD1600D215EC /* avdct.h */ = {isa = PBXFileReference; fileEncoding = 4; lastKnownFileType = sourcecode.c.h; path = avdct.h; sourceTree = "<group>"; };
		32E914AA29E0FD1600D215EC /* ac3_parser.h */ = {isa = PBXFileReference; fileEncoding = 4; lastKnownFileType = sourcecode.c.h; path = ac3_parser.h; sourceTree = "<group>"; };
		32E914AB29E0FD1600D215EC /* vorbis_parser.h */ = {isa = PBXFileReference; fileEncoding = 4; lastKnownFileType = sourcecode.c.h; path = vorbis_parser.h; sourceTree = "<group>"; };
		32E914AC29E0FD1600D215EC /* dxva2.h */ = {isa = PBXFileReference; fileEncoding = 4; lastKnownFileType = sourcecode.c.h; path = dxva2.h; sourceTree = "<group>"; };
		32E914AD29E0FD1600D215EC /* dv_profile.h */ = {isa = PBXFileReference; fileEncoding = 4; lastKnownFileType = sourcecode.c.h; path = dv_profile.h; sourceTree = "<group>"; };
		32E914AF29E0FD1600D215EC /* version.h */ = {isa = PBXFileReference; fileEncoding = 4; lastKnownFileType = sourcecode.c.h; path = version.h; sourceTree = "<group>"; };
		32E914B029E0FD1600D215EC /* swresample.h */ = {isa = PBXFileReference; fileEncoding = 4; lastKnownFileType = sourcecode.c.h; path = swresample.h; sourceTree = "<group>"; };
		32FEDCA229DFB92A007FDCD6 /* LearningProject_iOS.app */ = {isa = PBXFileReference; explicitFileType = wrapper.application; includeInIndex = 0; path = LearningProject_iOS.app; sourceTree = BUILT_PRODUCTS_DIR; };
		32FEDCA529DFB92A007FDCD6 /* AppDelegate.h */ = {isa = PBXFileReference; lastKnownFileType = sourcecode.c.h; path = AppDelegate.h; sourceTree = "<group>"; };
		32FEDCA629DFB92A007FDCD6 /* AppDelegate.m */ = {isa = PBXFileReference; lastKnownFileType = sourcecode.c.objc; path = AppDelegate.m; sourceTree = "<group>"; };
		32FEDCA829DFB92A007FDCD6 /* SceneDelegate.h */ = {isa = PBXFileReference; lastKnownFileType = sourcecode.c.h; path = SceneDelegate.h; sourceTree = "<group>"; };
		32FEDCA929DFB92A007FDCD6 /* SceneDelegate.m */ = {isa = PBXFileReference; lastKnownFileType = sourcecode.c.objc; path = SceneDelegate.m; sourceTree = "<group>"; };
		32FEDCAB29DFB92A007FDCD6 /* ViewController.h */ = {isa = PBXFileReference; lastKnownFileType = sourcecode.c.h; path = ViewController.h; sourceTree = "<group>"; };
		32FEDCAC29DFB92A007FDCD6 /* ViewController.m */ = {isa = PBXFileReference; lastKnownFileType = sourcecode.c.objc; path = ViewController.m; sourceTree = "<group>"; };
		32FEDCAF29DFB92A007FDCD6 /* Base */ = {isa = PBXFileReference; lastKnownFileType = file.storyboard; name = Base; path = Base.lproj/Main.storyboard; sourceTree = "<group>"; };
		32FEDCB129DFB92D007FDCD6 /* Assets.xcassets */ = {isa = PBXFileReference; lastKnownFileType = folder.assetcatalog; path = Assets.xcassets; sourceTree = "<group>"; };
		32FEDCB429DFB92D007FDCD6 /* Base */ = {isa = PBXFileReference; lastKnownFileType = file.storyboard; name = Base; path = Base.lproj/LaunchScreen.storyboard; sourceTree = "<group>"; };
		32FEDCB629DFB92D007FDCD6 /* Info.plist */ = {isa = PBXFileReference; lastKnownFileType = text.plist.xml; path = Info.plist; sourceTree = "<group>"; };
		32FEDCB729DFB92D007FDCD6 /* main.m */ = {isa = PBXFileReference; lastKnownFileType = sourcecode.c.objc; path = main.m; sourceTree = "<group>"; };
		32FEDCBD29DFB92D007FDCD6 /* LearningProject_iOSTests.xctest */ = {isa = PBXFileReference; explicitFileType = wrapper.cfbundle; includeInIndex = 0; path = LearningProject_iOSTests.xctest; sourceTree = BUILT_PRODUCTS_DIR; };
		32FEDCC129DFB92D007FDCD6 /* LearningProject_iOSTests.m */ = {isa = PBXFileReference; lastKnownFileType = sourcecode.c.objc; path = LearningProject_iOSTests.m; sourceTree = "<group>"; };
		32FEDCC729DFB92D007FDCD6 /* LearningProject_iOSUITests.xctest */ = {isa = PBXFileReference; explicitFileType = wrapper.cfbundle; includeInIndex = 0; path = LearningProject_iOSUITests.xctest; sourceTree = BUILT_PRODUCTS_DIR; };
		32FEDCCB29DFB92D007FDCD6 /* LearningProject_iOSUITests.m */ = {isa = PBXFileReference; lastKnownFileType = sourcecode.c.objc; path = LearningProject_iOSUITests.m; sourceTree = "<group>"; };
		32FEDCCD29DFB92D007FDCD6 /* LearningProject_iOSUITestsLaunchTests.m */ = {isa = PBXFileReference; lastKnownFileType = sourcecode.c.objc; path = LearningProject_iOSUITestsLaunchTests.m; sourceTree = "<group>"; };
		32FEDE1629DFBEFA007FDCD6 /* AVFoundation.framework */ = {isa = PBXFileReference; lastKnownFileType = wrapper.framework; name = AVFoundation.framework; path = System/Library/Frameworks/AVFoundation.framework; sourceTree = SDKROOT; };
		32FEDE1829DFBF0D007FDCD6 /* VideoToolbox.framework */ = {isa = PBXFileReference; lastKnownFileType = wrapper.framework; name = VideoToolbox.framework; path = System/Library/Frameworks/VideoToolbox.framework; sourceTree = SDKROOT; };
		32FEDE1A29DFBF19007FDCD6 /* AudioToolbox.framework */ = {isa = PBXFileReference; lastKnownFileType = wrapper.framework; name = AudioToolbox.framework; path = System/Library/Frameworks/AudioToolbox.framework; sourceTree = SDKROOT; };
		32FEDE1C29DFBF25007FDCD6 /* CoreMedia.framework */ = {isa = PBXFileReference; lastKnownFileType = wrapper.framework; name = CoreMedia.framework; path = System/Library/Frameworks/CoreMedia.framework; sourceTree = SDKROOT; };
		32FEDE1E29DFBF35007FDCD6 /* libz.tbd */ = {isa = PBXFileReference; lastKnownFileType = "sourcecode.text-based-dylib-definition"; name = libz.tbd; path = usr/lib/libz.tbd; sourceTree = SDKROOT; };
		32FEDE2029DFBF46007FDCD6 /* libbz2.tbd */ = {isa = PBXFileReference; lastKnownFileType = "sourcecode.text-based-dylib-definition"; name = libbz2.tbd; path = usr/lib/libbz2.tbd; sourceTree = SDKROOT; };
		32FEDE2229DFBF51007FDCD6 /* libiconv.tbd */ = {isa = PBXFileReference; lastKnownFileType = "sourcecode.text-based-dylib-definition"; name = libiconv.tbd; path = usr/lib/libiconv.tbd; sourceTree = SDKROOT; };
		32FEDE2429DFC595007FDCD6 /* test.mp4 */ = {isa = PBXFileReference; lastKnownFileType = file; path = test.mp4; sourceTree = "<group>"; };
		53BDA4B7779781215278591E /* Pods_LearningProject_iOSTests.framework */ = {isa = PBXFileReference; explicitFileType = wrapper.framework; includeInIndex = 0; path = Pods_LearningProject_iOSTests.framework; sourceTree = BUILT_PRODUCTS_DIR; };
		757D85C927D9D372E5D77F2F /* Pods-LearningProject_iOSTests.debug.xcconfig */ = {isa = PBXFileReference; includeInIndex = 1; lastKnownFileType = text.xcconfig; name = "Pods-LearningProject_iOSTests.debug.xcconfig"; path = "Target Support Files/Pods-LearningProject_iOSTests/Pods-LearningProject_iOSTests.debug.xcconfig"; sourceTree = "<group>"; };
		850A387D7DAF8692D7CD4278 /* Pods_LearningProject_iOS.framework */ = {isa = PBXFileReference; explicitFileType = wrapper.framework; includeInIndex = 0; path = Pods_LearningProject_iOS.framework; sourceTree = BUILT_PRODUCTS_DIR; };
		8AF3C1A4DFFFDB2E83C3AD4F /* Pods-LearningProject_iOS-LearningProject_iOSUITests.debug.xcconfig */ = {isa = PBXFileReference; includeInIndex = 1; lastKnownFileType = text.xcconfig; name = "Pods-LearningProject_iOS-LearningProject_iOSUITests.debug.xcconfig"; path = "Target Support Files/Pods-LearningProject_iOS-LearningProject_iOSUITests/Pods-LearningProject_iOS-LearningProject_iOSUITests.debug.xcconfig"; sourceTree = "<group>"; };
		D427A13386C06F241291D78A /* Pods-LearningProject_iOSTests.release.xcconfig */ = {isa = PBXFileReference; includeInIndex = 1; lastKnownFileType = text.xcconfig; name = "Pods-LearningProject_iOSTests.release.xcconfig"; path = "Target Support Files/Pods-LearningProject_iOSTests/Pods-LearningProject_iOSTests.release.xcconfig"; sourceTree = "<group>"; };
		FA394BD2973D3C06252B770A /* Pods-LearningProject_iOS-LearningProject_iOSUITests.release.xcconfig */ = {isa = PBXFileReference; includeInIndex = 1; lastKnownFileType = text.xcconfig; name = "Pods-LearningProject_iOS-LearningProject_iOSUITests.release.xcconfig"; path = "Target Support Files/Pods-LearningProject_iOS-LearningProject_iOSUITests/Pods-LearningProject_iOS-LearningProject_iOSUITests.release.xcconfig"; sourceTree = "<group>"; };
/* End PBXFileReference section */

/* Begin PBXFrameworksBuildPhase section */
		32FEDC9F29DFB92A007FDCD6 /* Frameworks */ = {
			isa = PBXFrameworksBuildPhase;
			buildActionMask = 2147483647;
			files = (
				32E914B229E0FD1600D215EC /* libavfilter.a in Frameworks */,
				32E914B429E0FD1600D215EC /* libpostproc.a in Frameworks */,
				32FEDE2329DFBF51007FDCD6 /* libiconv.tbd in Frameworks */,
				32E914B529E0FD1600D215EC /* libavformat.a in Frameworks */,
				32E9141429E0FCD000D215EC /* libx264.a in Frameworks */,
				32E914B329E0FD1600D215EC /* libavcodec.a in Frameworks */,
				32E914B829E0FD1700D215EC /* libswscale.a in Frameworks */,
				32FEDE2129DFBF46007FDCD6 /* libbz2.tbd in Frameworks */,
				32FEDE1F29DFBF36007FDCD6 /* libz.tbd in Frameworks */,
				32E914B129E0FD1600D215EC /* libavutil.a in Frameworks */,
				32E9142029E0FCDD00D215EC /* libfdk-aac.a in Frameworks */,
				32E914B629E0FD1700D215EC /* libavdevice.a in Frameworks */,
				32E914B729E0FD1700D215EC /* libswresample.a in Frameworks */,
				32FEDE1D29DFBF26007FDCD6 /* CoreMedia.framework in Frameworks */,
				32FEDE1B29DFBF19007FDCD6 /* AudioToolbox.framework in Frameworks */,
				32FEDE1929DFBF0D007FDCD6 /* VideoToolbox.framework in Frameworks */,
				32FEDE1729DFBEFB007FDCD6 /* AVFoundation.framework in Frameworks */,
				D2D79CCC63FCED2300AB916A /* Pods_LearningProject_iOS.framework in Frameworks */,
			);
			runOnlyForDeploymentPostprocessing = 0;
		};
		32FEDCBA29DFB92D007FDCD6 /* Frameworks */ = {
			isa = PBXFrameworksBuildPhase;
			buildActionMask = 2147483647;
			files = (
				CE3DCBC37E912D2D4AC6C4E6 /* Pods_LearningProject_iOSTests.framework in Frameworks */,
			);
			runOnlyForDeploymentPostprocessing = 0;
		};
		32FEDCC429DFB92D007FDCD6 /* Frameworks */ = {
			isa = PBXFrameworksBuildPhase;
			buildActionMask = 2147483647;
			files = (
				5D582A1A6069C0CAFDA552F0 /* Pods_LearningProject_iOS_LearningProject_iOSUITests.framework in Frameworks */,
			);
			runOnlyForDeploymentPostprocessing = 0;
		};
/* End PBXFrameworksBuildPhase section */

/* Begin PBXGroup section */
		32E9140E29E0FCD000D215EC /* X264-iOS */ = {
			isa = PBXGroup;
			children = (
				32E9140F29E0FCD000D215EC /* include */,
				32E9141229E0FCD000D215EC /* lib */,
			);
			path = "X264-iOS";
			sourceTree = "<group>";
		};
		32E9140F29E0FCD000D215EC /* include */ = {
			isa = PBXGroup;
			children = (
				32E9141029E0FCD000D215EC /* x264_config.h */,
				32E9141129E0FCD000D215EC /* x264.h */,
			);
			path = include;
			sourceTree = "<group>";
		};
		32E9141229E0FCD000D215EC /* lib */ = {
			isa = PBXGroup;
			children = (
				32E9141329E0FCD000D215EC /* libx264.a */,
			);
			path = lib;
			sourceTree = "<group>";
		};
		32E9141529E0FCDD00D215EC /* FDK-ACC-iOS */ = {
			isa = PBXGroup;
			children = (
				32E9141629E0FCDD00D215EC /* include */,
				32E9141E29E0FCDD00D215EC /* lib */,
			);
			path = "FDK-ACC-iOS";
			sourceTree = "<group>";
		};
		32E9141629E0FCDD00D215EC /* include */ = {
			isa = PBXGroup;
			children = (
				32E9141729E0FCDD00D215EC /* fdk-aac */,
			);
			path = include;
			sourceTree = "<group>";
		};
		32E9141729E0FCDD00D215EC /* fdk-aac */ = {
			isa = PBXGroup;
			children = (
				32E9141829E0FCDD00D215EC /* syslib_channelMapDescr.h */,
				32E9141929E0FCDD00D215EC /* aacdecoder_lib.h */,
				32E9141A29E0FCDD00D215EC /* machine_type.h */,
				32E9141B29E0FCDD00D215EC /* aacenc_lib.h */,
				32E9141C29E0FCDD00D215EC /* genericStds.h */,
				32E9141D29E0FCDD00D215EC /* FDK_audio.h */,
			);
			path = "fdk-aac";
			sourceTree = "<group>";
		};
		32E9141E29E0FCDD00D215EC /* lib */ = {
			isa = PBXGroup;
			children = (
				32E9141F29E0FCDD00D215EC /* libfdk-aac.a */,
			);
			path = lib;
			sourceTree = "<group>";
		};
		32E9142129E0FD1500D215EC /* lib */ = {
			isa = PBXGroup;
			children = (
				32E9142229E0FD1500D215EC /* libavutil.a */,
				32E9142329E0FD1500D215EC /* libavfilter.a */,
				32E9142429E0FD1500D215EC /* libavcodec.a */,
				32E9142529E0FD1500D215EC /* libpostproc.a */,
				32E9142629E0FD1500D215EC /* libavformat.a */,
				32E9142729E0FD1500D215EC /* libavdevice.a */,
				32E9142829E0FD1500D215EC /* libswresample.a */,
				32E9142929E0FD1500D215EC /* libswscale.a */,
			);
			path = lib;
			sourceTree = "<group>";
		};
		32E9142A29E0FD1600D215EC /* include */ = {
			isa = PBXGroup;
			children = (
				32E9142B29E0FD1600D215EC /* libpostproc */,
				32E9142E29E0FD1600D215EC /* libavfilter */,
				32E9143329E0FD1600D215EC /* libavutil */,
				32E9148B29E0FD1600D215EC /* libavdevice */,
				32E9148E29E0FD1600D215EC /* libavformat */,
				32E9149229E0FD1600D215EC /* libswscale */,
				32E9149529E0FD1600D215EC /* libavcodec */,
				32E914AE29E0FD1600D215EC /* libswresample */,
			);
			path = include;
			sourceTree = "<group>";
		};
		32E9142B29E0FD1600D215EC /* libpostproc */ = {
			isa = PBXGroup;
			children = (
				32E9142C29E0FD1600D215EC /* version.h */,
				32E9142D29E0FD1600D215EC /* postprocess.h */,
			);
			path = libpostproc;
			sourceTree = "<group>";
		};
		32E9142E29E0FD1600D215EC /* libavfilter */ = {
			isa = PBXGroup;
			children = (
				32E9142F29E0FD1600D215EC /* version.h */,
				32E9143029E0FD1600D215EC /* buffersrc.h */,
				32E9143129E0FD1600D215EC /* buffersink.h */,
				32E9143229E0FD1600D215EC /* avfilter.h */,
			);
			path = libavfilter;
			sourceTree = "<group>";
		};
		32E9143329E0FD1600D215EC /* libavutil */ = {
			isa = PBXGroup;
			children = (
				32E9143429E0FD1600D215EC /* hwcontext.h */,
				32E9143529E0FD1600D215EC /* time.h */,
				32E9143629E0FD1600D215EC /* hwcontext_cuda.h */,
				32E9143729E0FD1600D215EC /* intfloat.h */,
				32E9143829E0FD1600D215EC /* error.h */,
				32E9143929E0FD1600D215EC /* fifo.h */,
				32E9143A29E0FD1600D215EC /* blowfish.h */,
				32E9143B29E0FD1600D215EC /* hwcontext_mediacodec.h */,
				32E9143C29E0FD1600D215EC /* replaygain.h */,
				32E9143D29E0FD1600D215EC /* version.h */,
				32E9143E29E0FD1600D215EC /* murmur3.h */,
				32E9143F29E0FD1600D215EC /* stereo3d.h */,
				32E9144029E0FD1600D215EC /* samplefmt.h */,
				32E9144129E0FD1600D215EC /* pixdesc.h */,
				32E9144229E0FD1600D215EC /* base64.h */,
				32E9144329E0FD1600D215EC /* rational.h */,
				32E9144429E0FD1600D215EC /* sha.h */,
				32E9144529E0FD1600D215EC /* motion_vector.h */,
				32E9144629E0FD1600D215EC /* avconfig.h */,
				32E9144729E0FD1600D215EC /* lfg.h */,
				32E9144829E0FD1600D215EC /* avutil.h */,
				32E9144929E0FD1600D215EC /* hwcontext_vulkan.h */,
				32E9144A29E0FD1600D215EC /* xtea.h */,
				32E9144B29E0FD1600D215EC /* crc.h */,
				32E9144C29E0FD1600D215EC /* hwcontext_vdpau.h */,
				32E9144D29E0FD1600D215EC /* frame.h */,
				32E9144E29E0FD1600D215EC /* file.h */,
				32E9144F29E0FD1600D215EC /* md5.h */,
				32E9145029E0FD1600D215EC /* cast5.h */,
				32E9145129E0FD1600D215EC /* hwcontext_vaapi.h */,
				32E9145229E0FD1600D215EC /* spherical.h */,
				32E9145329E0FD1600D215EC /* ffversion.h */,
				32E9145429E0FD1600D215EC /* hwcontext_opencl.h */,
				32E9145529E0FD1600D215EC /* audio_fifo.h */,
				32E9145629E0FD1600D215EC /* tree.h */,
				32E9145729E0FD1600D215EC /* threadmessage.h */,
				32E9145829E0FD1600D215EC /* attributes.h */,
				32E9145929E0FD1600D215EC /* adler32.h */,
				32E9145A29E0FD1600D215EC /* hwcontext_d3d11va.h */,
				32E9145B29E0FD1600D215EC /* timecode.h */,
				32E9145C29E0FD1600D215EC /* dovi_meta.h */,
				32E9145D29E0FD1600D215EC /* tx.h */,
				32E9145E29E0FD1600D215EC /* sha512.h */,
				32E9145F29E0FD1600D215EC /* hwcontext_dxva2.h */,
				32E9146029E0FD1600D215EC /* display.h */,
				32E9146129E0FD1600D215EC /* buffer.h */,
				32E9146229E0FD1600D215EC /* camellia.h */,
				32E9146329E0FD1600D215EC /* pixelutils.h */,
				32E9146429E0FD1600D215EC /* hwcontext_drm.h */,
				32E9146529E0FD1600D215EC /* common.h */,
				32E9146629E0FD1600D215EC /* hmac.h */,
				32E9146729E0FD1600D215EC /* eval.h */,
				32E9146829E0FD1600D215EC /* dict.h */,
				32E9146929E0FD1600D215EC /* random_seed.h */,
				32E9146A29E0FD1600D215EC /* opt.h */,
				32E9146B29E0FD1600D215EC /* mastering_display_metadata.h */,
				32E9146C29E0FD1600D215EC /* log.h */,
				32E9146D29E0FD1600D215EC /* aes.h */,
				32E9146E29E0FD1600D215EC /* macros.h */,
				32E9146F29E0FD1600D215EC /* bswap.h */,
				32E9147029E0FD1600D215EC /* rc4.h */,
				32E9147129E0FD1600D215EC /* tea.h */,
				32E9147229E0FD1600D215EC /* cpu.h */,
				32E9147329E0FD1600D215EC /* lzo.h */,
				32E9147429E0FD1600D215EC /* des.h */,
				32E9147529E0FD1600D215EC /* channel_layout.h */,
				32E9147629E0FD1600D215EC /* encryption_info.h */,
				32E9147729E0FD1600D215EC /* twofish.h */,
				32E9147829E0FD1600D215EC /* imgutils.h */,
				32E9147929E0FD1600D215EC /* hwcontext_videotoolbox.h */,
				32E9147A29E0FD1600D215EC /* video_enc_params.h */,
				32E9147B29E0FD1600D215EC /* mem.h */,
				32E9147C29E0FD1600D215EC /* parseutils.h */,
				32E9147D29E0FD1600D215EC /* ripemd.h */,
				32E9147E29E0FD1600D215EC /* bprint.h */,
				32E9147F29E0FD1600D215EC /* hdr_dynamic_metadata.h */,
				32E9148029E0FD1600D215EC /* hwcontext_qsv.h */,
				32E9148129E0FD1600D215EC /* pixfmt.h */,
				32E9148229E0FD1600D215EC /* aes_ctr.h */,
				32E9148329E0FD1600D215EC /* timestamp.h */,
				32E9148429E0FD1600D215EC /* downmix_info.h */,
				32E9148529E0FD1600D215EC /* avassert.h */,
				32E9148629E0FD1600D215EC /* hash.h */,
				32E9148729E0FD1600D215EC /* mathematics.h */,
				32E9148829E0FD1600D215EC /* intreadwrite.h */,
				32E9148929E0FD1600D215EC /* film_grain_params.h */,
				32E9148A29E0FD1600D215EC /* avstring.h */,
			);
			path = libavutil;
			sourceTree = "<group>";
		};
		32E9148B29E0FD1600D215EC /* libavdevice */ = {
			isa = PBXGroup;
			children = (
				32E9148C29E0FD1600D215EC /* version.h */,
				32E9148D29E0FD1600D215EC /* avdevice.h */,
			);
			path = libavdevice;
			sourceTree = "<group>";
		};
		32E9148E29E0FD1600D215EC /* libavformat */ = {
			isa = PBXGroup;
			children = (
				32E9148F29E0FD1600D215EC /* version.h */,
				32E9149029E0FD1600D215EC /* avio.h */,
				32E9149129E0FD1600D215EC /* avformat.h */,
			);
			path = libavformat;
			sourceTree = "<group>";
		};
		32E9149229E0FD1600D215EC /* libswscale */ = {
			isa = PBXGroup;
			children = (
				32E9149329E0FD1600D215EC /* version.h */,
				32E9149429E0FD1600D215EC /* swscale.h */,
			);
			path = libswscale;
			sourceTree = "<group>";
		};
		32E9149529E0FD1600D215EC /* libavcodec */ = {
			isa = PBXGroup;
			children = (
				32E9149629E0FD1600D215EC /* adts_parser.h */,
				32E9149729E0FD1600D215EC /* avcodec.h */,
				32E9149829E0FD1600D215EC /* version.h */,
				32E9149929E0FD1600D215EC /* vdpau.h */,
				32E9149A29E0FD1600D215EC /* codec_par.h */,
				32E9149B29E0FD1600D215EC /* qsv.h */,
				32E9149C29E0FD1600D215EC /* vaapi.h */,
				32E9149D29E0FD1600D215EC /* codec_desc.h */,
				32E9149E29E0FD1600D215EC /* videotoolbox.h */,
				32E9149F29E0FD1600D215EC /* xvmc.h */,
				32E914A029E0FD1600D215EC /* mediacodec.h */,
				32E914A129E0FD1600D215EC /* d3d11va.h */,
				32E914A229E0FD1600D215EC /* avfft.h */,
				32E914A329E0FD1600D215EC /* codec.h */,
				32E914A429E0FD1600D215EC /* jni.h */,
				32E914A529E0FD1600D215EC /* packet.h */,
				32E914A629E0FD1600D215EC /* bsf.h */,
				32E914A729E0FD1600D215EC /* codec_id.h */,
				32E914A829E0FD1600D215EC /* dirac.h */,
				32E914A929E0FD1600D215EC /* avdct.h */,
				32E914AA29E0FD1600D215EC /* ac3_parser.h */,
				32E914AB29E0FD1600D215EC /* vorbis_parser.h */,
				32E914AC29E0FD1600D215EC /* dxva2.h */,
				32E914AD29E0FD1600D215EC /* dv_profile.h */,
			);
			path = libavcodec;
			sourceTree = "<group>";
		};
		32E914AE29E0FD1600D215EC /* libswresample */ = {
			isa = PBXGroup;
			children = (
				32E914AF29E0FD1600D215EC /* version.h */,
				32E914B029E0FD1600D215EC /* swresample.h */,
			);
			path = libswresample;
			sourceTree = "<group>";
		};
		32FEDC9929DFB92A007FDCD6 = {
			isa = PBXGroup;
			children = (
				32FEDCA429DFB92A007FDCD6 /* LearningProject_iOS */,
				32FEDCC029DFB92D007FDCD6 /* LearningProject_iOSTests */,
				32FEDCCA29DFB92D007FDCD6 /* LearningProject_iOSUITests */,
				32FEDCA329DFB92A007FDCD6 /* Products */,
				853C66571CBE5413A33D5432 /* Pods */,
				CAA5385FD3694C2028B082AB /* Frameworks */,
			);
			sourceTree = "<group>";
		};
		32FEDCA329DFB92A007FDCD6 /* Products */ = {
			isa = PBXGroup;
			children = (
				32FEDCA229DFB92A007FDCD6 /* LearningProject_iOS.app */,
				32FEDCBD29DFB92D007FDCD6 /* LearningProject_iOSTests.xctest */,
				32FEDCC729DFB92D007FDCD6 /* LearningProject_iOSUITests.xctest */,
			);
			name = Products;
			sourceTree = "<group>";
		};
		32FEDCA429DFB92A007FDCD6 /* LearningProject_iOS */ = {
			isa = PBXGroup;
			children = (
				32FEDE2429DFC595007FDCD6 /* test.mp4 */,
				32E9141529E0FCDD00D215EC /* FDK-ACC-iOS */,
				32E9140E29E0FCD000D215EC /* X264-iOS */,
				32FEDD7829DFBEBF007FDCD6 /* FFmpeg-iOS */,
				32FEDCA529DFB92A007FDCD6 /* AppDelegate.h */,
				32FEDCA629DFB92A007FDCD6 /* AppDelegate.m */,
				32FEDCA829DFB92A007FDCD6 /* SceneDelegate.h */,
				32FEDCA929DFB92A007FDCD6 /* SceneDelegate.m */,
				32FEDCAB29DFB92A007FDCD6 /* ViewController.h */,
				32FEDCAC29DFB92A007FDCD6 /* ViewController.m */,
				32FEDCAE29DFB92A007FDCD6 /* Main.storyboard */,
				32FEDCB129DFB92D007FDCD6 /* Assets.xcassets */,
				32FEDCB329DFB92D007FDCD6 /* LaunchScreen.storyboard */,
				32FEDCB629DFB92D007FDCD6 /* Info.plist */,
				32FEDCB729DFB92D007FDCD6 /* main.m */,
			);
			path = LearningProject_iOS;
			sourceTree = "<group>";
		};
		32FEDCC029DFB92D007FDCD6 /* LearningProject_iOSTests */ = {
			isa = PBXGroup;
			children = (
				32FEDCC129DFB92D007FDCD6 /* LearningProject_iOSTests.m */,
			);
			path = LearningProject_iOSTests;
			sourceTree = "<group>";
		};
		32FEDCCA29DFB92D007FDCD6 /* LearningProject_iOSUITests */ = {
			isa = PBXGroup;
			children = (
				32FEDCCB29DFB92D007FDCD6 /* LearningProject_iOSUITests.m */,
				32FEDCCD29DFB92D007FDCD6 /* LearningProject_iOSUITestsLaunchTests.m */,
			);
			path = LearningProject_iOSUITests;
			sourceTree = "<group>";
		};
		32FEDD7829DFBEBF007FDCD6 /* FFmpeg-iOS */ = {
			isa = PBXGroup;
			children = (
				32E9142A29E0FD1600D215EC /* include */,
				32E9142129E0FD1500D215EC /* lib */,
			);
			path = "FFmpeg-iOS";
			sourceTree = "<group>";
		};
		853C66571CBE5413A33D5432 /* Pods */ = {
			isa = PBXGroup;
			children = (
				2585FD214610D8C093959B93 /* Pods-LearningProject_iOS.debug.xcconfig */,
				2D0BB7B5390316D143E77C1E /* Pods-LearningProject_iOS.release.xcconfig */,
				8AF3C1A4DFFFDB2E83C3AD4F /* Pods-LearningProject_iOS-LearningProject_iOSUITests.debug.xcconfig */,
				FA394BD2973D3C06252B770A /* Pods-LearningProject_iOS-LearningProject_iOSUITests.release.xcconfig */,
				757D85C927D9D372E5D77F2F /* Pods-LearningProject_iOSTests.debug.xcconfig */,
				D427A13386C06F241291D78A /* Pods-LearningProject_iOSTests.release.xcconfig */,
			);
			path = Pods;
			sourceTree = "<group>";
		};
		CAA5385FD3694C2028B082AB /* Frameworks */ = {
			isa = PBXGroup;
			children = (
				32FEDE2229DFBF51007FDCD6 /* libiconv.tbd */,
				32FEDE2029DFBF46007FDCD6 /* libbz2.tbd */,
				32FEDE1E29DFBF35007FDCD6 /* libz.tbd */,
				32FEDE1C29DFBF25007FDCD6 /* CoreMedia.framework */,
				32FEDE1A29DFBF19007FDCD6 /* AudioToolbox.framework */,
				32FEDE1829DFBF0D007FDCD6 /* VideoToolbox.framework */,
				32FEDE1629DFBEFA007FDCD6 /* AVFoundation.framework */,
				850A387D7DAF8692D7CD4278 /* Pods_LearningProject_iOS.framework */,
				046CE8D02D23AF32EC240AA5 /* Pods_LearningProject_iOS_LearningProject_iOSUITests.framework */,
				53BDA4B7779781215278591E /* Pods_LearningProject_iOSTests.framework */,
			);
			name = Frameworks;
			sourceTree = "<group>";
		};
/* End PBXGroup section */

/* Begin PBXNativeTarget section */
		32FEDCA129DFB92A007FDCD6 /* LearningProject_iOS */ = {
			isa = PBXNativeTarget;
			buildConfigurationList = 32FEDCD129DFB92D007FDCD6 /* Build configuration list for PBXNativeTarget "LearningProject_iOS" */;
			buildPhases = (
				89FC0BD9EBC1421830EA1CB8 /* [CP] Check Pods Manifest.lock */,
				32FEDC9E29DFB92A007FDCD6 /* Sources */,
				32FEDC9F29DFB92A007FDCD6 /* Frameworks */,
				32FEDCA029DFB92A007FDCD6 /* Resources */,
				CE896FE958CECCA0DD172DD0 /* [CP] Embed Pods Frameworks */,
			);
			buildRules = (
			);
			dependencies = (
			);
			name = LearningProject_iOS;
			productName = LearningProject_iOS;
			productReference = 32FEDCA229DFB92A007FDCD6 /* LearningProject_iOS.app */;
			productType = "com.apple.product-type.application";
		};
		32FEDCBC29DFB92D007FDCD6 /* LearningProject_iOSTests */ = {
			isa = PBXNativeTarget;
			buildConfigurationList = 32FEDCD429DFB92D007FDCD6 /* Build configuration list for PBXNativeTarget "LearningProject_iOSTests" */;
			buildPhases = (
				91282AF6895F2D7AF0FB2A7C /* [CP] Check Pods Manifest.lock */,
				32FEDCB929DFB92D007FDCD6 /* Sources */,
				32FEDCBA29DFB92D007FDCD6 /* Frameworks */,
				32FEDCBB29DFB92D007FDCD6 /* Resources */,
			);
			buildRules = (
			);
			dependencies = (
				32FEDCBF29DFB92D007FDCD6 /* PBXTargetDependency */,
			);
			name = LearningProject_iOSTests;
			productName = LearningProject_iOSTests;
			productReference = 32FEDCBD29DFB92D007FDCD6 /* LearningProject_iOSTests.xctest */;
			productType = "com.apple.product-type.bundle.unit-test";
		};
		32FEDCC629DFB92D007FDCD6 /* LearningProject_iOSUITests */ = {
			isa = PBXNativeTarget;
			buildConfigurationList = 32FEDCD729DFB92D007FDCD6 /* Build configuration list for PBXNativeTarget "LearningProject_iOSUITests" */;
			buildPhases = (
				B222D659FC5E23B1A0AF799B /* [CP] Check Pods Manifest.lock */,
				32FEDCC329DFB92D007FDCD6 /* Sources */,
				32FEDCC429DFB92D007FDCD6 /* Frameworks */,
				32FEDCC529DFB92D007FDCD6 /* Resources */,
				D2AFA6008A9C36DA37EA27AD /* [CP] Embed Pods Frameworks */,
			);
			buildRules = (
			);
			dependencies = (
				32FEDCC929DFB92D007FDCD6 /* PBXTargetDependency */,
			);
			name = LearningProject_iOSUITests;
			productName = LearningProject_iOSUITests;
			productReference = 32FEDCC729DFB92D007FDCD6 /* LearningProject_iOSUITests.xctest */;
			productType = "com.apple.product-type.bundle.ui-testing";
		};
/* End PBXNativeTarget section */

/* Begin PBXProject section */
		32FEDC9A29DFB92A007FDCD6 /* Project object */ = {
			isa = PBXProject;
			attributes = {
				BuildIndependentTargetsInParallel = 1;
				LastUpgradeCheck = 1420;
				TargetAttributes = {
					32FEDCA129DFB92A007FDCD6 = {
						CreatedOnToolsVersion = 14.2;
					};
					32FEDCBC29DFB92D007FDCD6 = {
						CreatedOnToolsVersion = 14.2;
						TestTargetID = 32FEDCA129DFB92A007FDCD6;
					};
					32FEDCC629DFB92D007FDCD6 = {
						CreatedOnToolsVersion = 14.2;
						TestTargetID = 32FEDCA129DFB92A007FDCD6;
					};
				};
			};
			buildConfigurationList = 32FEDC9D29DFB92A007FDCD6 /* Build configuration list for PBXProject "LearningProject_iOS" */;
			compatibilityVersion = "Xcode 14.0";
			developmentRegion = en;
			hasScannedForEncodings = 0;
			knownRegions = (
				en,
				Base,
			);
			mainGroup = 32FEDC9929DFB92A007FDCD6;
			productRefGroup = 32FEDCA329DFB92A007FDCD6 /* Products */;
			projectDirPath = "";
			projectRoot = "";
			targets = (
				32FEDCA129DFB92A007FDCD6 /* LearningProject_iOS */,
				32FEDCBC29DFB92D007FDCD6 /* LearningProject_iOSTests */,
				32FEDCC629DFB92D007FDCD6 /* LearningProject_iOSUITests */,
			);
		};
/* End PBXProject section */

/* Begin PBXResourcesBuildPhase section */
		32FEDCA029DFB92A007FDCD6 /* Resources */ = {
			isa = PBXResourcesBuildPhase;
			buildActionMask = 2147483647;
			files = (
				32FEDCB529DFB92D007FDCD6 /* LaunchScreen.storyboard in Resources */,
				32FEDCB229DFB92D007FDCD6 /* Assets.xcassets in Resources */,
				32FEDCB029DFB92A007FDCD6 /* Main.storyboard in Resources */,
				32FEDE2529DFC595007FDCD6 /* test.mp4 in Resources */,
			);
			runOnlyForDeploymentPostprocessing = 0;
		};
		32FEDCBB29DFB92D007FDCD6 /* Resources */ = {
			isa = PBXResourcesBuildPhase;
			buildActionMask = 2147483647;
			files = (
			);
			runOnlyForDeploymentPostprocessing = 0;
		};
		32FEDCC529DFB92D007FDCD6 /* Resources */ = {
			isa = PBXResourcesBuildPhase;
			buildActionMask = 2147483647;
			files = (
			);
			runOnlyForDeploymentPostprocessing = 0;
		};
/* End PBXResourcesBuildPhase section */

/* Begin PBXShellScriptBuildPhase section */
		89FC0BD9EBC1421830EA1CB8 /* [CP] Check Pods Manifest.lock */ = {
			isa = PBXShellScriptBuildPhase;
			buildActionMask = 2147483647;
			files = (
			);
			inputFileListPaths = (
			);
			inputPaths = (
				"${PODS_PODFILE_DIR_PATH}/Podfile.lock",
				"${PODS_ROOT}/Manifest.lock",
			);
			name = "[CP] Check Pods Manifest.lock";
			outputFileListPaths = (
			);
			outputPaths = (
				"$(DERIVED_FILE_DIR)/Pods-LearningProject_iOS-checkManifestLockResult.txt",
			);
			runOnlyForDeploymentPostprocessing = 0;
			shellPath = /bin/sh;
			shellScript = "diff \"${PODS_PODFILE_DIR_PATH}/Podfile.lock\" \"${PODS_ROOT}/Manifest.lock\" > /dev/null\nif [ $? != 0 ] ; then\n    # print error to STDERR\n    echo \"error: The sandbox is not in sync with the Podfile.lock. Run 'pod install' or update your CocoaPods installation.\" >&2\n    exit 1\nfi\n# This output is used by Xcode 'outputs' to avoid re-running this script phase.\necho \"SUCCESS\" > \"${SCRIPT_OUTPUT_FILE_0}\"\n";
			showEnvVarsInLog = 0;
		};
		91282AF6895F2D7AF0FB2A7C /* [CP] Check Pods Manifest.lock */ = {
			isa = PBXShellScriptBuildPhase;
			buildActionMask = 2147483647;
			files = (
			);
			inputFileListPaths = (
			);
			inputPaths = (
				"${PODS_PODFILE_DIR_PATH}/Podfile.lock",
				"${PODS_ROOT}/Manifest.lock",
			);
			name = "[CP] Check Pods Manifest.lock";
			outputFileListPaths = (
			);
			outputPaths = (
				"$(DERIVED_FILE_DIR)/Pods-LearningProject_iOSTests-checkManifestLockResult.txt",
			);
			runOnlyForDeploymentPostprocessing = 0;
			shellPath = /bin/sh;
			shellScript = "diff \"${PODS_PODFILE_DIR_PATH}/Podfile.lock\" \"${PODS_ROOT}/Manifest.lock\" > /dev/null\nif [ $? != 0 ] ; then\n    # print error to STDERR\n    echo \"error: The sandbox is not in sync with the Podfile.lock. Run 'pod install' or update your CocoaPods installation.\" >&2\n    exit 1\nfi\n# This output is used by Xcode 'outputs' to avoid re-running this script phase.\necho \"SUCCESS\" > \"${SCRIPT_OUTPUT_FILE_0}\"\n";
			showEnvVarsInLog = 0;
		};
		B222D659FC5E23B1A0AF799B /* [CP] Check Pods Manifest.lock */ = {
			isa = PBXShellScriptBuildPhase;
			buildActionMask = 2147483647;
			files = (
			);
			inputFileListPaths = (
			);
			inputPaths = (
				"${PODS_PODFILE_DIR_PATH}/Podfile.lock",
				"${PODS_ROOT}/Manifest.lock",
			);
			name = "[CP] Check Pods Manifest.lock";
			outputFileListPaths = (
			);
			outputPaths = (
				"$(DERIVED_FILE_DIR)/Pods-LearningProject_iOS-LearningProject_iOSUITests-checkManifestLockResult.txt",
			);
			runOnlyForDeploymentPostprocessing = 0;
			shellPath = /bin/sh;
			shellScript = "diff \"${PODS_PODFILE_DIR_PATH}/Podfile.lock\" \"${PODS_ROOT}/Manifest.lock\" > /dev/null\nif [ $? != 0 ] ; then\n    # print error to STDERR\n    echo \"error: The sandbox is not in sync with the Podfile.lock. Run 'pod install' or update your CocoaPods installation.\" >&2\n    exit 1\nfi\n# This output is used by Xcode 'outputs' to avoid re-running this script phase.\necho \"SUCCESS\" > \"${SCRIPT_OUTPUT_FILE_0}\"\n";
			showEnvVarsInLog = 0;
		};
		CE896FE958CECCA0DD172DD0 /* [CP] Embed Pods Frameworks */ = {
			isa = PBXShellScriptBuildPhase;
			buildActionMask = 2147483647;
			files = (
			);
			inputFileListPaths = (
				"${PODS_ROOT}/Target Support Files/Pods-LearningProject_iOS/Pods-LearningProject_iOS-frameworks-${CONFIGURATION}-input-files.xcfilelist",
			);
			name = "[CP] Embed Pods Frameworks";
			outputFileListPaths = (
				"${PODS_ROOT}/Target Support Files/Pods-LearningProject_iOS/Pods-LearningProject_iOS-frameworks-${CONFIGURATION}-output-files.xcfilelist",
			);
			runOnlyForDeploymentPostprocessing = 0;
			shellPath = /bin/sh;
			shellScript = "\"${PODS_ROOT}/Target Support Files/Pods-LearningProject_iOS/Pods-LearningProject_iOS-frameworks.sh\"\n";
			showEnvVarsInLog = 0;
		};
		D2AFA6008A9C36DA37EA27AD /* [CP] Embed Pods Frameworks */ = {
			isa = PBXShellScriptBuildPhase;
			buildActionMask = 2147483647;
			files = (
			);
			inputFileListPaths = (
				"${PODS_ROOT}/Target Support Files/Pods-LearningProject_iOS-LearningProject_iOSUITests/Pods-LearningProject_iOS-LearningProject_iOSUITests-frameworks-${CONFIGURATION}-input-files.xcfilelist",
			);
			name = "[CP] Embed Pods Frameworks";
			outputFileListPaths = (
				"${PODS_ROOT}/Target Support Files/Pods-LearningProject_iOS-LearningProject_iOSUITests/Pods-LearningProject_iOS-LearningProject_iOSUITests-frameworks-${CONFIGURATION}-output-files.xcfilelist",
			);
			runOnlyForDeploymentPostprocessing = 0;
			shellPath = /bin/sh;
			shellScript = "\"${PODS_ROOT}/Target Support Files/Pods-LearningProject_iOS-LearningProject_iOSUITests/Pods-LearningProject_iOS-LearningProject_iOSUITests-frameworks.sh\"\n";
			showEnvVarsInLog = 0;
		};
/* End PBXShellScriptBuildPhase section */

/* Begin PBXSourcesBuildPhase section */
		32FEDC9E29DFB92A007FDCD6 /* Sources */ = {
			isa = PBXSourcesBuildPhase;
			buildActionMask = 2147483647;
			files = (
				32FEDCAD29DFB92A007FDCD6 /* ViewController.m in Sources */,
				32FEDCA729DFB92A007FDCD6 /* AppDelegate.m in Sources */,
				32FEDCB829DFB92D007FDCD6 /* main.m in Sources */,
				32FEDCAA29DFB92A007FDCD6 /* SceneDelegate.m in Sources */,
			);
			runOnlyForDeploymentPostprocessing = 0;
		};
		32FEDCB929DFB92D007FDCD6 /* Sources */ = {
			isa = PBXSourcesBuildPhase;
			buildActionMask = 2147483647;
			files = (
				32FEDCC229DFB92D007FDCD6 /* LearningProject_iOSTests.m in Sources */,
			);
			runOnlyForDeploymentPostprocessing = 0;
		};
		32FEDCC329DFB92D007FDCD6 /* Sources */ = {
			isa = PBXSourcesBuildPhase;
			buildActionMask = 2147483647;
			files = (
				32FEDCCE29DFB92D007FDCD6 /* LearningProject_iOSUITestsLaunchTests.m in Sources */,
				32FEDCCC29DFB92D007FDCD6 /* LearningProject_iOSUITests.m in Sources */,
			);
			runOnlyForDeploymentPostprocessing = 0;
		};
/* End PBXSourcesBuildPhase section */

/* Begin PBXTargetDependency section */
		32FEDCBF29DFB92D007FDCD6 /* PBXTargetDependency */ = {
			isa = PBXTargetDependency;
			target = 32FEDCA129DFB92A007FDCD6 /* LearningProject_iOS */;
			targetProxy = 32FEDCBE29DFB92D007FDCD6 /* PBXContainerItemProxy */;
		};
		32FEDCC929DFB92D007FDCD6 /* PBXTargetDependency */ = {
			isa = PBXTargetDependency;
			target = 32FEDCA129DFB92A007FDCD6 /* LearningProject_iOS */;
			targetProxy = 32FEDCC829DFB92D007FDCD6 /* PBXContainerItemProxy */;
		};
/* End PBXTargetDependency section */

/* Begin PBXVariantGroup section */
		32FEDCAE29DFB92A007FDCD6 /* Main.storyboard */ = {
			isa = PBXVariantGroup;
			children = (
				32FEDCAF29DFB92A007FDCD6 /* Base */,
			);
			name = Main.storyboard;
			sourceTree = "<group>";
		};
		32FEDCB329DFB92D007FDCD6 /* LaunchScreen.storyboard */ = {
			isa = PBXVariantGroup;
			children = (
				32FEDCB429DFB92D007FDCD6 /* Base */,
			);
			name = LaunchScreen.storyboard;
			sourceTree = "<group>";
		};
/* End PBXVariantGroup section */

/* Begin XCBuildConfiguration section */
		32FEDCCF29DFB92D007FDCD6 /* Debug */ = {
			isa = XCBuildConfiguration;
			buildSettings = {
				ALWAYS_SEARCH_USER_PATHS = NO;
				CLANG_ANALYZER_NONNULL = YES;
				CLANG_ANALYZER_NUMBER_OBJECT_CONVERSION = YES_AGGRESSIVE;
				CLANG_CXX_LANGUAGE_STANDARD = "gnu++20";
				CLANG_ENABLE_MODULES = YES;
				CLANG_ENABLE_OBJC_ARC = YES;
				CLANG_ENABLE_OBJC_WEAK = YES;
				CLANG_WARN_BLOCK_CAPTURE_AUTORELEASING = YES;
				CLANG_WARN_BOOL_CONVERSION = YES;
				CLANG_WARN_COMMA = YES;
				CLANG_WARN_CONSTANT_CONVERSION = YES;
				CLANG_WARN_DEPRECATED_OBJC_IMPLEMENTATIONS = YES;
				CLANG_WARN_DIRECT_OBJC_ISA_USAGE = YES_ERROR;
				CLANG_WARN_DOCUMENTATION_COMMENTS = YES;
				CLANG_WARN_EMPTY_BODY = YES;
				CLANG_WARN_ENUM_CONVERSION = YES;
				CLANG_WARN_INFINITE_RECURSION = YES;
				CLANG_WARN_INT_CONVERSION = YES;
				CLANG_WARN_NON_LITERAL_NULL_CONVERSION = YES;
				CLANG_WARN_OBJC_IMPLICIT_RETAIN_SELF = YES;
				CLANG_WARN_OBJC_LITERAL_CONVERSION = YES;
				CLANG_WARN_OBJC_ROOT_CLASS = YES_ERROR;
				CLANG_WARN_QUOTED_INCLUDE_IN_FRAMEWORK_HEADER = YES;
				CLANG_WARN_RANGE_LOOP_ANALYSIS = YES;
				CLANG_WARN_STRICT_PROTOTYPES = YES;
				CLANG_WARN_SUSPICIOUS_MOVE = YES;
				CLANG_WARN_UNGUARDED_AVAILABILITY = YES_AGGRESSIVE;
				CLANG_WARN_UNREACHABLE_CODE = YES;
				CLANG_WARN__DUPLICATE_METHOD_MATCH = YES;
				COPY_PHASE_STRIP = NO;
				DEBUG_INFORMATION_FORMAT = dwarf;
				ENABLE_STRICT_OBJC_MSGSEND = YES;
				ENABLE_TESTABILITY = YES;
				GCC_C_LANGUAGE_STANDARD = gnu11;
				GCC_DYNAMIC_NO_PIC = NO;
				GCC_NO_COMMON_BLOCKS = YES;
				GCC_OPTIMIZATION_LEVEL = 0;
				GCC_PREPROCESSOR_DEFINITIONS = (
					"DEBUG=1",
					"$(inherited)",
				);
				GCC_WARN_64_TO_32_BIT_CONVERSION = YES;
				GCC_WARN_ABOUT_RETURN_TYPE = YES_ERROR;
				GCC_WARN_UNDECLARED_SELECTOR = YES;
				GCC_WARN_UNINITIALIZED_AUTOS = YES_AGGRESSIVE;
				GCC_WARN_UNUSED_FUNCTION = YES;
				GCC_WARN_UNUSED_VARIABLE = YES;
				HEADER_SEARCH_PATHS = "";
				IPHONEOS_DEPLOYMENT_TARGET = 16.2;
				LIBRARY_SEARCH_PATHS = "";
				MTL_ENABLE_DEBUG_INFO = INCLUDE_SOURCE;
				MTL_FAST_MATH = YES;
				ONLY_ACTIVE_ARCH = YES;
				SDKROOT = iphoneos;
			};
			name = Debug;
		};
		32FEDCD029DFB92D007FDCD6 /* Release */ = {
			isa = XCBuildConfiguration;
			buildSettings = {
				ALWAYS_SEARCH_USER_PATHS = NO;
				CLANG_ANALYZER_NONNULL = YES;
				CLANG_ANALYZER_NUMBER_OBJECT_CONVERSION = YES_AGGRESSIVE;
				CLANG_CXX_LANGUAGE_STANDARD = "gnu++20";
				CLANG_ENABLE_MODULES = YES;
				CLANG_ENABLE_OBJC_ARC = YES;
				CLANG_ENABLE_OBJC_WEAK = YES;
				CLANG_WARN_BLOCK_CAPTURE_AUTORELEASING = YES;
				CLANG_WARN_BOOL_CONVERSION = YES;
				CLANG_WARN_COMMA = YES;
				CLANG_WARN_CONSTANT_CONVERSION = YES;
				CLANG_WARN_DEPRECATED_OBJC_IMPLEMENTATIONS = YES;
				CLANG_WARN_DIRECT_OBJC_ISA_USAGE = YES_ERROR;
				CLANG_WARN_DOCUMENTATION_COMMENTS = YES;
				CLANG_WARN_EMPTY_BODY = YES;
				CLANG_WARN_ENUM_CONVERSION = YES;
				CLANG_WARN_INFINITE_RECURSION = YES;
				CLANG_WARN_INT_CONVERSION = YES;
				CLANG_WARN_NON_LITERAL_NULL_CONVERSION = YES;
				CLANG_WARN_OBJC_IMPLICIT_RETAIN_SELF = YES;
				CLANG_WARN_OBJC_LITERAL_CONVERSION = YES;
				CLANG_WARN_OBJC_ROOT_CLASS = YES_ERROR;
				CLANG_WARN_QUOTED_INCLUDE_IN_FRAMEWORK_HEADER = YES;
				CLANG_WARN_RANGE_LOOP_ANALYSIS = YES;
				CLANG_WARN_STRICT_PROTOTYPES = YES;
				CLANG_WARN_SUSPICIOUS_MOVE = YES;
				CLANG_WARN_UNGUARDED_AVAILABILITY = YES_AGGRESSIVE;
				CLANG_WARN_UNREACHABLE_CODE = YES;
				CLANG_WARN__DUPLICATE_METHOD_MATCH = YES;
				COPY_PHASE_STRIP = NO;
				DEBUG_INFORMATION_FORMAT = "dwarf-with-dsym";
				ENABLE_NS_ASSERTIONS = NO;
				ENABLE_STRICT_OBJC_MSGSEND = YES;
				GCC_C_LANGUAGE_STANDARD = gnu11;
				GCC_NO_COMMON_BLOCKS = YES;
				GCC_WARN_64_TO_32_BIT_CONVERSION = YES;
				GCC_WARN_ABOUT_RETURN_TYPE = YES_ERROR;
				GCC_WARN_UNDECLARED_SELECTOR = YES;
				GCC_WARN_UNINITIALIZED_AUTOS = YES_AGGRESSIVE;
				GCC_WARN_UNUSED_FUNCTION = YES;
				GCC_WARN_UNUSED_VARIABLE = YES;
				HEADER_SEARCH_PATHS = "";
				IPHONEOS_DEPLOYMENT_TARGET = 16.2;
				LIBRARY_SEARCH_PATHS = "";
				MTL_ENABLE_DEBUG_INFO = NO;
				MTL_FAST_MATH = YES;
				SDKROOT = iphoneos;
				VALIDATE_PRODUCT = YES;
			};
			name = Release;
		};
		32FEDCD229DFB92D007FDCD6 /* Debug */ = {
			isa = XCBuildConfiguration;
			baseConfigurationReference = 2585FD214610D8C093959B93 /* Pods-LearningProject_iOS.debug.xcconfig */;
			buildSettings = {
				ASSETCATALOG_COMPILER_APPICON_NAME = AppIcon;
				ASSETCATALOG_COMPILER_GLOBAL_ACCENT_COLOR_NAME = AccentColor;
				CODE_SIGN_STYLE = Automatic;
				CURRENT_PROJECT_VERSION = 1;
				GENERATE_INFOPLIST_FILE = YES;
				HEADER_SEARCH_PATHS = (
					"$(inherited)",
					"\"${PODS_CONFIGURATION_BUILD_DIR}/AFNetworking/AFNetworking.framework/Headers\"",
					"\"${PODS_CONFIGURATION_BUILD_DIR}/GTMBase64/GTMBase64.framework/Headers\"",
					"\"${PODS_CONFIGURATION_BUILD_DIR}/MJRefresh/MJRefresh.framework/Headers\"",
					"\"${PODS_CONFIGURATION_BUILD_DIR}/Masonry/Masonry.framework/Headers\"",
					"\"${PODS_CONFIGURATION_BUILD_DIR}/NullSafe/NullSafe.framework/Headers\"",
					"\"${PODS_CONFIGURATION_BUILD_DIR}/SDWebImage/SDWebImage.framework/Headers\"",
					"\"${PODS_CONFIGURATION_BUILD_DIR}/SVProgressHUD/SVProgressHUD.framework/Headers\"",
					"\"${PODS_CONFIGURATION_BUILD_DIR}/YYKit/YYKit.framework/Headers\"",
					"\"$(SRCROOT)/LearningProject_iOS/fat-x264/include\"",
					"\"$(SRCROOT)/LearningProject_iOS/FFmpeg-iOS/include\"",
				);
				INFOPLIST_FILE = LearningProject_iOS/Info.plist;
				INFOPLIST_KEY_UIApplicationSupportsIndirectInputEvents = YES;
				INFOPLIST_KEY_UILaunchStoryboardName = LaunchScreen;
				INFOPLIST_KEY_UIMainStoryboardFile = Main;
				INFOPLIST_KEY_UISupportedInterfaceOrientations_iPad = "UIInterfaceOrientationPortrait UIInterfaceOrientationPortraitUpsideDown UIInterfaceOrientationLandscapeLeft UIInterfaceOrientationLandscapeRight";
				INFOPLIST_KEY_UISupportedInterfaceOrientations_iPhone = "UIInterfaceOrientationPortrait UIInterfaceOrientationLandscapeLeft UIInterfaceOrientationLandscapeRight";
				LD_RUNPATH_SEARCH_PATHS = (
					"$(inherited)",
					"@executable_path/Frameworks",
				);
				LIBRARY_SEARCH_PATHS = (
					"$(inherited)",
					"$(PROJECT_DIR)/LearningProject_iOS/FFmpeg-iOS/lib",
					"$(PROJECT_DIR)/LearningProject_iOS/X264-iOS/lib",
					"$(PROJECT_DIR)/LearningProject_iOS/FDK-ACC-iOS/lib",
				);
				MARKETING_VERSION = 1.0;
				PRODUCT_BUNDLE_IDENTIFIER = "com.lin.demo.LearningProject-iOS";
				PRODUCT_NAME = "$(TARGET_NAME)";
				SWIFT_EMIT_LOC_STRINGS = YES;
				TARGETED_DEVICE_FAMILY = "1,2";
				USER_HEADER_SEARCH_PATHS = (
					"\"$(SRCROOT)/LearningProject_iOS/FFmpeg-iOS/include\"",
					"\"$(SRCROOT)/LearningProject_iOS/X264-iOS/include\"",
					"\"$(SRCROOT)/LearningProject_iOS/FDK-ACC-iOS/include\"",
				);
			};
			name = Debug;
		};
		32FEDCD329DFB92D007FDCD6 /* Release */ = {
			isa = XCBuildConfiguration;
			baseConfigurationReference = 2D0BB7B5390316D143E77C1E /* Pods-LearningProject_iOS.release.xcconfig */;
			buildSettings = {
				ASSETCATALOG_COMPILER_APPICON_NAME = AppIcon;
				ASSETCATALOG_COMPILER_GLOBAL_ACCENT_COLOR_NAME = AccentColor;
				CODE_SIGN_STYLE = Automatic;
				CURRENT_PROJECT_VERSION = 1;
				GENERATE_INFOPLIST_FILE = YES;
				HEADER_SEARCH_PATHS = (
					"$(inherited)",
					"\"${PODS_CONFIGURATION_BUILD_DIR}/AFNetworking/AFNetworking.framework/Headers\"",
					"\"${PODS_CONFIGURATION_BUILD_DIR}/GTMBase64/GTMBase64.framework/Headers\"",
					"\"${PODS_CONFIGURATION_BUILD_DIR}/MJRefresh/MJRefresh.framework/Headers\"",
					"\"${PODS_CONFIGURATION_BUILD_DIR}/Masonry/Masonry.framework/Headers\"",
					"\"${PODS_CONFIGURATION_BUILD_DIR}/NullSafe/NullSafe.framework/Headers\"",
					"\"${PODS_CONFIGURATION_BUILD_DIR}/SDWebImage/SDWebImage.framework/Headers\"",
					"\"${PODS_CONFIGURATION_BUILD_DIR}/SVProgressHUD/SVProgressHUD.framework/Headers\"",
					"\"${PODS_CONFIGURATION_BUILD_DIR}/YYKit/YYKit.framework/Headers\"",
					"\"$(SRCROOT)/LearningProject_iOS/fat-x264/include\"",
					"\"$(SRCROOT)/LearningProject_iOS/FFmpeg-iOS/include\"",
				);
				INFOPLIST_FILE = LearningProject_iOS/Info.plist;
				INFOPLIST_KEY_UIApplicationSupportsIndirectInputEvents = YES;
				INFOPLIST_KEY_UILaunchStoryboardName = LaunchScreen;
				INFOPLIST_KEY_UIMainStoryboardFile = Main;
				INFOPLIST_KEY_UISupportedInterfaceOrientations_iPad = "UIInterfaceOrientationPortrait UIInterfaceOrientationPortraitUpsideDown UIInterfaceOrientationLandscapeLeft UIInterfaceOrientationLandscapeRight";
				INFOPLIST_KEY_UISupportedInterfaceOrientations_iPhone = "UIInterfaceOrientationPortrait UIInterfaceOrientationLandscapeLeft UIInterfaceOrientationLandscapeRight";
				LD_RUNPATH_SEARCH_PATHS = (
					"$(inherited)",
					"@executable_path/Frameworks",
				);
				LIBRARY_SEARCH_PATHS = (
					"$(inherited)",
					"$(PROJECT_DIR)/LearningProject_iOS/FFmpeg-iOS/lib",
					"$(PROJECT_DIR)/LearningProject_iOS/X264-iOS/lib",
					"$(PROJECT_DIR)/LearningProject_iOS/FDK-ACC-iOS/lib",
				);
				MARKETING_VERSION = 1.0;
				PRODUCT_BUNDLE_IDENTIFIER = "com.lin.demo.LearningProject-iOS";
				PRODUCT_NAME = "$(TARGET_NAME)";
				SWIFT_EMIT_LOC_STRINGS = YES;
				TARGETED_DEVICE_FAMILY = "1,2";
				USER_HEADER_SEARCH_PATHS = (
					"\"$(SRCROOT)/LearningProject_iOS/FFmpeg-iOS/include\"",
					"\"$(SRCROOT)/LearningProject_iOS/X264-iOS/include\"",
					"\"$(SRCROOT)/LearningProject_iOS/FDK-ACC-iOS/include\"",
				);
			};
			name = Release;
		};
		32FEDCD529DFB92D007FDCD6 /* Debug */ = {
			isa = XCBuildConfiguration;
			baseConfigurationReference = 757D85C927D9D372E5D77F2F /* Pods-LearningProject_iOSTests.debug.xcconfig */;
			buildSettings = {
				BUNDLE_LOADER = "$(TEST_HOST)";
				CODE_SIGN_STYLE = Automatic;
				CURRENT_PROJECT_VERSION = 1;
				GENERATE_INFOPLIST_FILE = YES;
				IPHONEOS_DEPLOYMENT_TARGET = 16.2;
				MARKETING_VERSION = 1.0;
				PRODUCT_BUNDLE_IDENTIFIER = "com.lin.demo.LearningProject-iOSTests";
				PRODUCT_NAME = "$(TARGET_NAME)";
				SWIFT_EMIT_LOC_STRINGS = NO;
				TARGETED_DEVICE_FAMILY = "1,2";
				TEST_HOST = "$(BUILT_PRODUCTS_DIR)/LearningProject_iOS.app/$(BUNDLE_EXECUTABLE_FOLDER_PATH)/LearningProject_iOS";
			};
			name = Debug;
		};
		32FEDCD629DFB92D007FDCD6 /* Release */ = {
			isa = XCBuildConfiguration;
			baseConfigurationReference = D427A13386C06F241291D78A /* Pods-LearningProject_iOSTests.release.xcconfig */;
			buildSettings = {
				BUNDLE_LOADER = "$(TEST_HOST)";
				CODE_SIGN_STYLE = Automatic;
				CURRENT_PROJECT_VERSION = 1;
				GENERATE_INFOPLIST_FILE = YES;
				IPHONEOS_DEPLOYMENT_TARGET = 16.2;
				MARKETING_VERSION = 1.0;
				PRODUCT_BUNDLE_IDENTIFIER = "com.lin.demo.LearningProject-iOSTests";
				PRODUCT_NAME = "$(TARGET_NAME)";
				SWIFT_EMIT_LOC_STRINGS = NO;
				TARGETED_DEVICE_FAMILY = "1,2";
				TEST_HOST = "$(BUILT_PRODUCTS_DIR)/LearningProject_iOS.app/$(BUNDLE_EXECUTABLE_FOLDER_PATH)/LearningProject_iOS";
			};
			name = Release;
		};
		32FEDCD829DFB92D007FDCD6 /* Debug */ = {
			isa = XCBuildConfiguration;
			baseConfigurationReference = 8AF3C1A4DFFFDB2E83C3AD4F /* Pods-LearningProject_iOS-LearningProject_iOSUITests.debug.xcconfig */;
			buildSettings = {
				CODE_SIGN_STYLE = Automatic;
				CURRENT_PROJECT_VERSION = 1;
				GENERATE_INFOPLIST_FILE = YES;
				MARKETING_VERSION = 1.0;
				PRODUCT_BUNDLE_IDENTIFIER = "com.lin.demo.LearningProject-iOSUITests";
				PRODUCT_NAME = "$(TARGET_NAME)";
				SWIFT_EMIT_LOC_STRINGS = NO;
				TARGETED_DEVICE_FAMILY = "1,2";
				TEST_TARGET_NAME = LearningProject_iOS;
			};
			name = Debug;
		};
		32FEDCD929DFB92D007FDCD6 /* Release */ = {
			isa = XCBuildConfiguration;
			baseConfigurationReference = FA394BD2973D3C06252B770A /* Pods-LearningProject_iOS-LearningProject_iOSUITests.release.xcconfig */;
			buildSettings = {
				CODE_SIGN_STYLE = Automatic;
				CURRENT_PROJECT_VERSION = 1;
				GENERATE_INFOPLIST_FILE = YES;
				MARKETING_VERSION = 1.0;
				PRODUCT_BUNDLE_IDENTIFIER = "com.lin.demo.LearningProject-iOSUITests";
				PRODUCT_NAME = "$(TARGET_NAME)";
				SWIFT_EMIT_LOC_STRINGS = NO;
				TARGETED_DEVICE_FAMILY = "1,2";
				TEST_TARGET_NAME = LearningProject_iOS;
			};
			name = Release;
		};
/* End XCBuildConfiguration section */

/* Begin XCConfigurationList section */
		32FEDC9D29DFB92A007FDCD6 /* Build configuration list for PBXProject "LearningProject_iOS" */ = {
			isa = XCConfigurationList;
			buildConfigurations = (
				32FEDCCF29DFB92D007FDCD6 /* Debug */,
				32FEDCD029DFB92D007FDCD6 /* Release */,
			);
			defaultConfigurationIsVisible = 0;
			defaultConfigurationName = Release;
		};
		32FEDCD129DFB92D007FDCD6 /* Build configuration list for PBXNativeTarget "LearningProject_iOS" */ = {
			isa = XCConfigurationList;
			buildConfigurations = (
				32FEDCD229DFB92D007FDCD6 /* Debug */,
				32FEDCD329DFB92D007FDCD6 /* Release */,
			);
			defaultConfigurationIsVisible = 0;
			defaultConfigurationName = Release;
		};
		32FEDCD429DFB92D007FDCD6 /* Build configuration list for PBXNativeTarget "LearningProject_iOSTests" */ = {
			isa = XCConfigurationList;
			buildConfigurations = (
				32FEDCD529DFB92D007FDCD6 /* Debug */,
				32FEDCD629DFB92D007FDCD6 /* Release */,
			);
			defaultConfigurationIsVisible = 0;
			defaultConfigurationName = Release;
		};
		32FEDCD729DFB92D007FDCD6 /* Build configuration list for PBXNativeTarget "LearningProject_iOSUITests" */ = {
			isa = XCConfigurationList;
			buildConfigurations = (
				32FEDCD829DFB92D007FDCD6 /* Debug */,
				32FEDCD929DFB92D007FDCD6 /* Release */,
			);
			defaultConfigurationIsVisible = 0;
			defaultConfigurationName = Release;
		};
/* End XCConfigurationList section */
	};
	rootObject = 32FEDC9A29DFB92A007FDCD6 /* Project object */;
}
