// !$*UTF8*$!
{
	archiveVersion = 1;
	classes = {
	};
	objectVersion = 56;
	objects = {

/* Begin PBXBuildFile section */
		32FEDCA729DFB92A007FDCD6 /* AppDelegate.m in Sources */ = {isa = PBXBuildFile; fileRef = 32FEDCA629DFB92A007FDCD6 /* AppDelegate.m */; };
		32FEDCAA29DFB92A007FDCD6 /* SceneDelegate.m in Sources */ = {isa = PBXBuildFile; fileRef = 32FEDCA929DFB92A007FDCD6 /* SceneDelegate.m */; };
		32FEDCAD29DFB92A007FDCD6 /* ViewController.m in Sources */ = {isa = PBXBuildFile; fileRef = 32FEDCAC29DFB92A007FDCD6 /* ViewController.m */; };
		32FEDCB029DFB92A007FDCD6 /* Main.storyboard in Resources */ = {isa = PBXBuildFile; fileRef = 32FEDCAE29DFB92A007FDCD6 /* Main.storyboard */; };
		32FEDCB229DFB92D007FDCD6 /* Assets.xcassets in Resources */ = {isa = PBXBuildFile; fileRef = 32FEDCB129DFB92D007FDCD6 /* Assets.xcassets */; };
		32FEDCB529DFB92D007FDCD6 /* LaunchScreen.storyboard in Resources */ = {isa = PBXBuildFile; fileRef = 32FEDCB329DFB92D007FDCD6 /* LaunchScreen.storyboard */; };
		32FEDCB829DFB92D007FDCD6 /* main.m in Sources */ = {isa = PBXBuildFile; fileRef = 32FEDCB729DFB92D007FDCD6 /* main.m */; };
		32FEDCC229DFB92D007FDCD6 /* LearningProject_iOSTests.m in Sources */ = {isa = PBXBuildFile; fileRef = 32FEDCC129DFB92D007FDCD6 /* LearningProject_iOSTests.m */; };
		32FEDCCC29DFB92D007FDCD6 /* LearningProject_iOSUITests.m in Sources */ = {isa = PBXBuildFile; fileRef = 32FEDCCB29DFB92D007FDCD6 /* LearningProject_iOSUITests.m */; };
		32FEDCCE29DFB92D007FDCD6 /* LearningProject_iOSUITestsLaunchTests.m in Sources */ = {isa = PBXBuildFile; fileRef = 32FEDCCD29DFB92D007FDCD6 /* LearningProject_iOSUITestsLaunchTests.m */; };
		32FEDE0F29DFBEC0007FDCD6 /* libavutil.a in Frameworks */ = {isa = PBXBuildFile; fileRef = 32FEDE0829DFBEBF007FDCD6 /* libavutil.a */; };
		32FEDE1029DFBEC0007FDCD6 /* libavfilter.a in Frameworks */ = {isa = PBXBuildFile; fileRef = 32FEDE0929DFBEBF007FDCD6 /* libavfilter.a */; };
		32FEDE1129DFBEC0007FDCD6 /* libavcodec.a in Frameworks */ = {isa = PBXBuildFile; fileRef = 32FEDE0A29DFBEBF007FDCD6 /* libavcodec.a */; };
		32FEDE1229DFBEC0007FDCD6 /* libavformat.a in Frameworks */ = {isa = PBXBuildFile; fileRef = 32FEDE0B29DFBEBF007FDCD6 /* libavformat.a */; };
		32FEDE1329DFBEC0007FDCD6 /* libavdevice.a in Frameworks */ = {isa = PBXBuildFile; fileRef = 32FEDE0C29DFBEBF007FDCD6 /* libavdevice.a */; };
		32FEDE1429DFBEC0007FDCD6 /* libswresample.a in Frameworks */ = {isa = PBXBuildFile; fileRef = 32FEDE0D29DFBEBF007FDCD6 /* libswresample.a */; };
		32FEDE1529DFBEC0007FDCD6 /* libswscale.a in Frameworks */ = {isa = PBXBuildFile; fileRef = 32FEDE0E29DFBEBF007FDCD6 /* libswscale.a */; };
		32FEDE1729DFBEFB007FDCD6 /* AVFoundation.framework in Frameworks */ = {isa = PBXBuildFile; fileRef = 32FEDE1629DFBEFA007FDCD6 /* AVFoundation.framework */; };
		32FEDE1929DFBF0D007FDCD6 /* VideoToolbox.framework in Frameworks */ = {isa = PBXBuildFile; fileRef = 32FEDE1829DFBF0D007FDCD6 /* VideoToolbox.framework */; };
		32FEDE1B29DFBF19007FDCD6 /* AudioToolbox.framework in Frameworks */ = {isa = PBXBuildFile; fileRef = 32FEDE1A29DFBF19007FDCD6 /* AudioToolbox.framework */; };
		32FEDE1D29DFBF26007FDCD6 /* CoreMedia.framework in Frameworks */ = {isa = PBXBuildFile; fileRef = 32FEDE1C29DFBF25007FDCD6 /* CoreMedia.framework */; };
		32FEDE1F29DFBF36007FDCD6 /* libz.tbd in Frameworks */ = {isa = PBXBuildFile; fileRef = 32FEDE1E29DFBF35007FDCD6 /* libz.tbd */; };
		32FEDE2129DFBF46007FDCD6 /* libbz2.tbd in Frameworks */ = {isa = PBXBuildFile; fileRef = 32FEDE2029DFBF46007FDCD6 /* libbz2.tbd */; };
		32FEDE2329DFBF51007FDCD6 /* libiconv.tbd in Frameworks */ = {isa = PBXBuildFile; fileRef = 32FEDE2229DFBF51007FDCD6 /* libiconv.tbd */; };
		5D582A1A6069C0CAFDA552F0 /* Pods_LearningProject_iOS_LearningProject_iOSUITests.framework in Frameworks */ = {isa = PBXBuildFile; fileRef = 046CE8D02D23AF32EC240AA5 /* Pods_LearningProject_iOS_LearningProject_iOSUITests.framework */; };
		CE3DCBC37E912D2D4AC6C4E6 /* Pods_LearningProject_iOSTests.framework in Frameworks */ = {isa = PBXBuildFile; fileRef = 53BDA4B7779781215278591E /* Pods_LearningProject_iOSTests.framework */; };
		D2D79CCC63FCED2300AB916A /* Pods_LearningProject_iOS.framework in Frameworks */ = {isa = PBXBuildFile; fileRef = 850A387D7DAF8692D7CD4278 /* Pods_LearningProject_iOS.framework */; };
/* End PBXBuildFile section */

/* Begin PBXContainerItemProxy section */
		32FEDCBE29DFB92D007FDCD6 /* PBXContainerItemProxy */ = {
			isa = PBXContainerItemProxy;
			containerPortal = 32FEDC9A29DFB92A007FDCD6 /* Project object */;
			proxyType = 1;
			remoteGlobalIDString = 32FEDCA129DFB92A007FDCD6;
			remoteInfo = LearningProject_iOS;
		};
		32FEDCC829DFB92D007FDCD6 /* PBXContainerItemProxy */ = {
			isa = PBXContainerItemProxy;
			containerPortal = 32FEDC9A29DFB92A007FDCD6 /* Project object */;
			proxyType = 1;
			remoteGlobalIDString = 32FEDCA129DFB92A007FDCD6;
			remoteInfo = LearningProject_iOS;
		};
/* End PBXContainerItemProxy section */

/* Begin PBXFileReference section */
		046CE8D02D23AF32EC240AA5 /* Pods_LearningProject_iOS_LearningProject_iOSUITests.framework */ = {isa = PBXFileReference; explicitFileType = wrapper.framework; includeInIndex = 0; path = Pods_LearningProject_iOS_LearningProject_iOSUITests.framework; sourceTree = BUILT_PRODUCTS_DIR; };
		2585FD214610D8C093959B93 /* Pods-LearningProject_iOS.debug.xcconfig */ = {isa = PBXFileReference; includeInIndex = 1; lastKnownFileType = text.xcconfig; name = "Pods-LearningProject_iOS.debug.xcconfig"; path = "Target Support Files/Pods-LearningProject_iOS/Pods-LearningProject_iOS.debug.xcconfig"; sourceTree = "<group>"; };
		2D0BB7B5390316D143E77C1E /* Pods-LearningProject_iOS.release.xcconfig */ = {isa = PBXFileReference; includeInIndex = 1; lastKnownFileType = text.xcconfig; name = "Pods-LearningProject_iOS.release.xcconfig"; path = "Target Support Files/Pods-LearningProject_iOS/Pods-LearningProject_iOS.release.xcconfig"; sourceTree = "<group>"; };
		32FEDCA229DFB92A007FDCD6 /* LearningProject_iOS.app */ = {isa = PBXFileReference; explicitFileType = wrapper.application; includeInIndex = 0; path = LearningProject_iOS.app; sourceTree = BUILT_PRODUCTS_DIR; };
		32FEDCA529DFB92A007FDCD6 /* AppDelegate.h */ = {isa = PBXFileReference; lastKnownFileType = sourcecode.c.h; path = AppDelegate.h; sourceTree = "<group>"; };
		32FEDCA629DFB92A007FDCD6 /* AppDelegate.m */ = {isa = PBXFileReference; lastKnownFileType = sourcecode.c.objc; path = AppDelegate.m; sourceTree = "<group>"; };
		32FEDCA829DFB92A007FDCD6 /* SceneDelegate.h */ = {isa = PBXFileReference; lastKnownFileType = sourcecode.c.h; path = SceneDelegate.h; sourceTree = "<group>"; };
		32FEDCA929DFB92A007FDCD6 /* SceneDelegate.m */ = {isa = PBXFileReference; lastKnownFileType = sourcecode.c.objc; path = SceneDelegate.m; sourceTree = "<group>"; };
		32FEDCAB29DFB92A007FDCD6 /* ViewController.h */ = {isa = PBXFileReference; lastKnownFileType = sourcecode.c.h; path = ViewController.h; sourceTree = "<group>"; };
		32FEDCAC29DFB92A007FDCD6 /* ViewController.m */ = {isa = PBXFileReference; lastKnownFileType = sourcecode.c.objc; path = ViewController.m; sourceTree = "<group>"; };
		32FEDCAF29DFB92A007FDCD6 /* Base */ = {isa = PBXFileReference; lastKnownFileType = file.storyboard; name = Base; path = Base.lproj/Main.storyboard; sourceTree = "<group>"; };
		32FEDCB129DFB92D007FDCD6 /* Assets.xcassets */ = {isa = PBXFileReference; lastKnownFileType = folder.assetcatalog; path = Assets.xcassets; sourceTree = "<group>"; };
		32FEDCB429DFB92D007FDCD6 /* Base */ = {isa = PBXFileReference; lastKnownFileType = file.storyboard; name = Base; path = Base.lproj/LaunchScreen.storyboard; sourceTree = "<group>"; };
		32FEDCB629DFB92D007FDCD6 /* Info.plist */ = {isa = PBXFileReference; lastKnownFileType = text.plist.xml; path = Info.plist; sourceTree = "<group>"; };
		32FEDCB729DFB92D007FDCD6 /* main.m */ = {isa = PBXFileReference; lastKnownFileType = sourcecode.c.objc; path = main.m; sourceTree = "<group>"; };
		32FEDCBD29DFB92D007FDCD6 /* LearningProject_iOSTests.xctest */ = {isa = PBXFileReference; explicitFileType = wrapper.cfbundle; includeInIndex = 0; path = LearningProject_iOSTests.xctest; sourceTree = BUILT_PRODUCTS_DIR; };
		32FEDCC129DFB92D007FDCD6 /* LearningProject_iOSTests.m */ = {isa = PBXFileReference; lastKnownFileType = sourcecode.c.objc; path = LearningProject_iOSTests.m; sourceTree = "<group>"; };
		32FEDCC729DFB92D007FDCD6 /* LearningProject_iOSUITests.xctest */ = {isa = PBXFileReference; explicitFileType = wrapper.cfbundle; includeInIndex = 0; path = LearningProject_iOSUITests.xctest; sourceTree = BUILT_PRODUCTS_DIR; };
		32FEDCCB29DFB92D007FDCD6 /* LearningProject_iOSUITests.m */ = {isa = PBXFileReference; lastKnownFileType = sourcecode.c.objc; path = LearningProject_iOSUITests.m; sourceTree = "<group>"; };
		32FEDCCD29DFB92D007FDCD6 /* LearningProject_iOSUITestsLaunchTests.m */ = {isa = PBXFileReference; lastKnownFileType = sourcecode.c.objc; path = LearningProject_iOSUITestsLaunchTests.m; sourceTree = "<group>"; };
		32FEDD7B29DFBEBF007FDCD6 /* version.h */ = {isa = PBXFileReference; fileEncoding = 4; lastKnownFileType = sourcecode.c.h; path = version.h; sourceTree = "<group>"; };
		32FEDD7C29DFBEBF007FDCD6 /* buffersrc.h */ = {isa = PBXFileReference; fileEncoding = 4; lastKnownFileType = sourcecode.c.h; path = buffersrc.h; sourceTree = "<group>"; };
		32FEDD7D29DFBEBF007FDCD6 /* version_major.h */ = {isa = PBXFileReference; fileEncoding = 4; lastKnownFileType = sourcecode.c.h; path = version_major.h; sourceTree = "<group>"; };
		32FEDD7E29DFBEBF007FDCD6 /* buffersink.h */ = {isa = PBXFileReference; fileEncoding = 4; lastKnownFileType = sourcecode.c.h; path = buffersink.h; sourceTree = "<group>"; };
		32FEDD7F29DFBEBF007FDCD6 /* avfilter.h */ = {isa = PBXFileReference; fileEncoding = 4; lastKnownFileType = sourcecode.c.h; path = avfilter.h; sourceTree = "<group>"; };
		32FEDD8129DFBEBF007FDCD6 /* hwcontext.h */ = {isa = PBXFileReference; fileEncoding = 4; lastKnownFileType = sourcecode.c.h; path = hwcontext.h; sourceTree = "<group>"; };
		32FEDD8229DFBEBF007FDCD6 /* time.h */ = {isa = PBXFileReference; fileEncoding = 4; lastKnownFileType = sourcecode.c.h; path = time.h; sourceTree = "<group>"; };
		32FEDD8329DFBEBF007FDCD6 /* hwcontext_cuda.h */ = {isa = PBXFileReference; fileEncoding = 4; lastKnownFileType = sourcecode.c.h; path = hwcontext_cuda.h; sourceTree = "<group>"; };
		32FEDD8429DFBEBF007FDCD6 /* intfloat.h */ = {isa = PBXFileReference; fileEncoding = 4; lastKnownFileType = sourcecode.c.h; path = intfloat.h; sourceTree = "<group>"; };
		32FEDD8529DFBEBF007FDCD6 /* error.h */ = {isa = PBXFileReference; fileEncoding = 4; lastKnownFileType = sourcecode.c.h; path = error.h; sourceTree = "<group>"; };
		32FEDD8629DFBEBF007FDCD6 /* detection_bbox.h */ = {isa = PBXFileReference; fileEncoding = 4; lastKnownFileType = sourcecode.c.h; path = detection_bbox.h; sourceTree = "<group>"; };
		32FEDD8729DFBEBF007FDCD6 /* fifo.h */ = {isa = PBXFileReference; fileEncoding = 4; lastKnownFileType = sourcecode.c.h; path = fifo.h; sourceTree = "<group>"; };
		32FEDD8829DFBEBF007FDCD6 /* blowfish.h */ = {isa = PBXFileReference; fileEncoding = 4; lastKnownFileType = sourcecode.c.h; path = blowfish.h; sourceTree = "<group>"; };
		32FEDD8929DFBEBF007FDCD6 /* hwcontext_mediacodec.h */ = {isa = PBXFileReference; fileEncoding = 4; lastKnownFileType = sourcecode.c.h; path = hwcontext_mediacodec.h; sourceTree = "<group>"; };
		32FEDD8A29DFBEBF007FDCD6 /* replaygain.h */ = {isa = PBXFileReference; fileEncoding = 4; lastKnownFileType = sourcecode.c.h; path = replaygain.h; sourceTree = "<group>"; };
		32FEDD8B29DFBEBF007FDCD6 /* version.h */ = {isa = PBXFileReference; fileEncoding = 4; lastKnownFileType = sourcecode.c.h; path = version.h; sourceTree = "<group>"; };
		32FEDD8C29DFBEBF007FDCD6 /* murmur3.h */ = {isa = PBXFileReference; fileEncoding = 4; lastKnownFileType = sourcecode.c.h; path = murmur3.h; sourceTree = "<group>"; };
		32FEDD8D29DFBEBF007FDCD6 /* stereo3d.h */ = {isa = PBXFileReference; fileEncoding = 4; lastKnownFileType = sourcecode.c.h; path = stereo3d.h; sourceTree = "<group>"; };
		32FEDD8E29DFBEBF007FDCD6 /* samplefmt.h */ = {isa = PBXFileReference; fileEncoding = 4; lastKnownFileType = sourcecode.c.h; path = samplefmt.h; sourceTree = "<group>"; };
		32FEDD8F29DFBEBF007FDCD6 /* pixdesc.h */ = {isa = PBXFileReference; fileEncoding = 4; lastKnownFileType = sourcecode.c.h; path = pixdesc.h; sourceTree = "<group>"; };
		32FEDD9029DFBEBF007FDCD6 /* base64.h */ = {isa = PBXFileReference; fileEncoding = 4; lastKnownFileType = sourcecode.c.h; path = base64.h; sourceTree = "<group>"; };
		32FEDD9129DFBEBF007FDCD6 /* rational.h */ = {isa = PBXFileReference; fileEncoding = 4; lastKnownFileType = sourcecode.c.h; path = rational.h; sourceTree = "<group>"; };
		32FEDD9229DFBEBF007FDCD6 /* sha.h */ = {isa = PBXFileReference; fileEncoding = 4; lastKnownFileType = sourcecode.c.h; path = sha.h; sourceTree = "<group>"; };
		32FEDD9329DFBEBF007FDCD6 /* motion_vector.h */ = {isa = PBXFileReference; fileEncoding = 4; lastKnownFileType = sourcecode.c.h; path = motion_vector.h; sourceTree = "<group>"; };
		32FEDD9429DFBEBF007FDCD6 /* uuid.h */ = {isa = PBXFileReference; fileEncoding = 4; lastKnownFileType = sourcecode.c.h; path = uuid.h; sourceTree = "<group>"; };
		32FEDD9529DFBEBF007FDCD6 /* avconfig.h */ = {isa = PBXFileReference; fileEncoding = 4; lastKnownFileType = sourcecode.c.h; path = avconfig.h; sourceTree = "<group>"; };
		32FEDD9629DFBEBF007FDCD6 /* lfg.h */ = {isa = PBXFileReference; fileEncoding = 4; lastKnownFileType = sourcecode.c.h; path = lfg.h; sourceTree = "<group>"; };
		32FEDD9729DFBEBF007FDCD6 /* avutil.h */ = {isa = PBXFileReference; fileEncoding = 4; lastKnownFileType = sourcecode.c.h; path = avutil.h; sourceTree = "<group>"; };
		32FEDD9829DFBEBF007FDCD6 /* hwcontext_vulkan.h */ = {isa = PBXFileReference; fileEncoding = 4; lastKnownFileType = sourcecode.c.h; path = hwcontext_vulkan.h; sourceTree = "<group>"; };
		32FEDD9929DFBEBF007FDCD6 /* xtea.h */ = {isa = PBXFileReference; fileEncoding = 4; lastKnownFileType = sourcecode.c.h; path = xtea.h; sourceTree = "<group>"; };
		32FEDD9A29DFBEBF007FDCD6 /* crc.h */ = {isa = PBXFileReference; fileEncoding = 4; lastKnownFileType = sourcecode.c.h; path = crc.h; sourceTree = "<group>"; };
		32FEDD9B29DFBEBF007FDCD6 /* hwcontext_vdpau.h */ = {isa = PBXFileReference; fileEncoding = 4; lastKnownFileType = sourcecode.c.h; path = hwcontext_vdpau.h; sourceTree = "<group>"; };
		32FEDD9C29DFBEBF007FDCD6 /* frame.h */ = {isa = PBXFileReference; fileEncoding = 4; lastKnownFileType = sourcecode.c.h; path = frame.h; sourceTree = "<group>"; };
		32FEDD9D29DFBEBF007FDCD6 /* file.h */ = {isa = PBXFileReference; fileEncoding = 4; lastKnownFileType = sourcecode.c.h; path = file.h; sourceTree = "<group>"; };
		32FEDD9E29DFBEBF007FDCD6 /* md5.h */ = {isa = PBXFileReference; fileEncoding = 4; lastKnownFileType = sourcecode.c.h; path = md5.h; sourceTree = "<group>"; };
		32FEDD9F29DFBEBF007FDCD6 /* cast5.h */ = {isa = PBXFileReference; fileEncoding = 4; lastKnownFileType = sourcecode.c.h; path = cast5.h; sourceTree = "<group>"; };
		32FEDDA029DFBEBF007FDCD6 /* hwcontext_vaapi.h */ = {isa = PBXFileReference; fileEncoding = 4; lastKnownFileType = sourcecode.c.h; path = hwcontext_vaapi.h; sourceTree = "<group>"; };
		32FEDDA129DFBEBF007FDCD6 /* spherical.h */ = {isa = PBXFileReference; fileEncoding = 4; lastKnownFileType = sourcecode.c.h; path = spherical.h; sourceTree = "<group>"; };
		32FEDDA229DFBEBF007FDCD6 /* ffversion.h */ = {isa = PBXFileReference; fileEncoding = 4; lastKnownFileType = sourcecode.c.h; path = ffversion.h; sourceTree = "<group>"; };
		32FEDDA329DFBEBF007FDCD6 /* hwcontext_opencl.h */ = {isa = PBXFileReference; fileEncoding = 4; lastKnownFileType = sourcecode.c.h; path = hwcontext_opencl.h; sourceTree = "<group>"; };
		32FEDDA429DFBEBF007FDCD6 /* audio_fifo.h */ = {isa = PBXFileReference; fileEncoding = 4; lastKnownFileType = sourcecode.c.h; path = audio_fifo.h; sourceTree = "<group>"; };
		32FEDDA529DFBEBF007FDCD6 /* tree.h */ = {isa = PBXFileReference; fileEncoding = 4; lastKnownFileType = sourcecode.c.h; path = tree.h; sourceTree = "<group>"; };
		32FEDDA629DFBEBF007FDCD6 /* threadmessage.h */ = {isa = PBXFileReference; fileEncoding = 4; lastKnownFileType = sourcecode.c.h; path = threadmessage.h; sourceTree = "<group>"; };
		32FEDDA729DFBEBF007FDCD6 /* attributes.h */ = {isa = PBXFileReference; fileEncoding = 4; lastKnownFileType = sourcecode.c.h; path = attributes.h; sourceTree = "<group>"; };
		32FEDDA829DFBEBF007FDCD6 /* hdr_dynamic_vivid_metadata.h */ = {isa = PBXFileReference; fileEncoding = 4; lastKnownFileType = sourcecode.c.h; path = hdr_dynamic_vivid_metadata.h; sourceTree = "<group>"; };
		32FEDDA929DFBEBF007FDCD6 /* adler32.h */ = {isa = PBXFileReference; fileEncoding = 4; lastKnownFileType = sourcecode.c.h; path = adler32.h; sourceTree = "<group>"; };
		32FEDDAA29DFBEBF007FDCD6 /* hwcontext_d3d11va.h */ = {isa = PBXFileReference; fileEncoding = 4; lastKnownFileType = sourcecode.c.h; path = hwcontext_d3d11va.h; sourceTree = "<group>"; };
		32FEDDAB29DFBEBF007FDCD6 /* timecode.h */ = {isa = PBXFileReference; fileEncoding = 4; lastKnownFileType = sourcecode.c.h; path = timecode.h; sourceTree = "<group>"; };
		32FEDDAC29DFBEBF007FDCD6 /* dovi_meta.h */ = {isa = PBXFileReference; fileEncoding = 4; lastKnownFileType = sourcecode.c.h; path = dovi_meta.h; sourceTree = "<group>"; };
		32FEDDAD29DFBEBF007FDCD6 /* tx.h */ = {isa = PBXFileReference; fileEncoding = 4; lastKnownFileType = sourcecode.c.h; path = tx.h; sourceTree = "<group>"; };
		32FEDDAE29DFBEBF007FDCD6 /* sha512.h */ = {isa = PBXFileReference; fileEncoding = 4; lastKnownFileType = sourcecode.c.h; path = sha512.h; sourceTree = "<group>"; };
		32FEDDAF29DFBEBF007FDCD6 /* hwcontext_dxva2.h */ = {isa = PBXFileReference; fileEncoding = 4; lastKnownFileType = sourcecode.c.h; path = hwcontext_dxva2.h; sourceTree = "<group>"; };
		32FEDDB029DFBEBF007FDCD6 /* display.h */ = {isa = PBXFileReference; fileEncoding = 4; lastKnownFileType = sourcecode.c.h; path = display.h; sourceTree = "<group>"; };
		32FEDDB129DFBEBF007FDCD6 /* buffer.h */ = {isa = PBXFileReference; fileEncoding = 4; lastKnownFileType = sourcecode.c.h; path = buffer.h; sourceTree = "<group>"; };
		32FEDDB229DFBEBF007FDCD6 /* camellia.h */ = {isa = PBXFileReference; fileEncoding = 4; lastKnownFileType = sourcecode.c.h; path = camellia.h; sourceTree = "<group>"; };
		32FEDDB329DFBEBF007FDCD6 /* csp.h */ = {isa = PBXFileReference; fileEncoding = 4; lastKnownFileType = sourcecode.c.h; path = csp.h; sourceTree = "<group>"; };
		32FEDDB429DFBEBF007FDCD6 /* pixelutils.h */ = {isa = PBXFileReference; fileEncoding = 4; lastKnownFileType = sourcecode.c.h; path = pixelutils.h; sourceTree = "<group>"; };
		32FEDDB529DFBEBF007FDCD6 /* hwcontext_drm.h */ = {isa = PBXFileReference; fileEncoding = 4; lastKnownFileType = sourcecode.c.h; path = hwcontext_drm.h; sourceTree = "<group>"; };
		32FEDDB629DFBEBF007FDCD6 /* common.h */ = {isa = PBXFileReference; fileEncoding = 4; lastKnownFileType = sourcecode.c.h; path = common.h; sourceTree = "<group>"; };
		32FEDDB729DFBEBF007FDCD6 /* hmac.h */ = {isa = PBXFileReference; fileEncoding = 4; lastKnownFileType = sourcecode.c.h; path = hmac.h; sourceTree = "<group>"; };
		32FEDDB829DFBEBF007FDCD6 /* eval.h */ = {isa = PBXFileReference; fileEncoding = 4; lastKnownFileType = sourcecode.c.h; path = eval.h; sourceTree = "<group>"; };
		32FEDDB929DFBEBF007FDCD6 /* dict.h */ = {isa = PBXFileReference; fileEncoding = 4; lastKnownFileType = sourcecode.c.h; path = dict.h; sourceTree = "<group>"; };
		32FEDDBA29DFBEBF007FDCD6 /* random_seed.h */ = {isa = PBXFileReference; fileEncoding = 4; lastKnownFileType = sourcecode.c.h; path = random_seed.h; sourceTree = "<group>"; };
		32FEDDBB29DFBEBF007FDCD6 /* opt.h */ = {isa = PBXFileReference; fileEncoding = 4; lastKnownFileType = sourcecode.c.h; path = opt.h; sourceTree = "<group>"; };
		32FEDDBC29DFBEBF007FDCD6 /* mastering_display_metadata.h */ = {isa = PBXFileReference; fileEncoding = 4; lastKnownFileType = sourcecode.c.h; path = mastering_display_metadata.h; sourceTree = "<group>"; };
		32FEDDBD29DFBEBF007FDCD6 /* log.h */ = {isa = PBXFileReference; fileEncoding = 4; lastKnownFileType = sourcecode.c.h; path = log.h; sourceTree = "<group>"; };
		32FEDDBE29DFBEBF007FDCD6 /* aes.h */ = {isa = PBXFileReference; fileEncoding = 4; lastKnownFileType = sourcecode.c.h; path = aes.h; sourceTree = "<group>"; };
		32FEDDBF29DFBEBF007FDCD6 /* macros.h */ = {isa = PBXFileReference; fileEncoding = 4; lastKnownFileType = sourcecode.c.h; path = macros.h; sourceTree = "<group>"; };
		32FEDDC029DFBEBF007FDCD6 /* bswap.h */ = {isa = PBXFileReference; fileEncoding = 4; lastKnownFileType = sourcecode.c.h; path = bswap.h; sourceTree = "<group>"; };
		32FEDDC129DFBEBF007FDCD6 /* rc4.h */ = {isa = PBXFileReference; fileEncoding = 4; lastKnownFileType = sourcecode.c.h; path = rc4.h; sourceTree = "<group>"; };
		32FEDDC229DFBEBF007FDCD6 /* tea.h */ = {isa = PBXFileReference; fileEncoding = 4; lastKnownFileType = sourcecode.c.h; path = tea.h; sourceTree = "<group>"; };
		32FEDDC329DFBEBF007FDCD6 /* cpu.h */ = {isa = PBXFileReference; fileEncoding = 4; lastKnownFileType = sourcecode.c.h; path = cpu.h; sourceTree = "<group>"; };
		32FEDDC429DFBEBF007FDCD6 /* lzo.h */ = {isa = PBXFileReference; fileEncoding = 4; lastKnownFileType = sourcecode.c.h; path = lzo.h; sourceTree = "<group>"; };
		32FEDDC529DFBEBF007FDCD6 /* des.h */ = {isa = PBXFileReference; fileEncoding = 4; lastKnownFileType = sourcecode.c.h; path = des.h; sourceTree = "<group>"; };
		32FEDDC629DFBEBF007FDCD6 /* channel_layout.h */ = {isa = PBXFileReference; fileEncoding = 4; lastKnownFileType = sourcecode.c.h; path = channel_layout.h; sourceTree = "<group>"; };
		32FEDDC729DFBEBF007FDCD6 /* encryption_info.h */ = {isa = PBXFileReference; fileEncoding = 4; lastKnownFileType = sourcecode.c.h; path = encryption_info.h; sourceTree = "<group>"; };
		32FEDDC829DFBEBF007FDCD6 /* twofish.h */ = {isa = PBXFileReference; fileEncoding = 4; lastKnownFileType = sourcecode.c.h; path = twofish.h; sourceTree = "<group>"; };
		32FEDDC929DFBEBF007FDCD6 /* imgutils.h */ = {isa = PBXFileReference; fileEncoding = 4; lastKnownFileType = sourcecode.c.h; path = imgutils.h; sourceTree = "<group>"; };
		32FEDDCA29DFBEBF007FDCD6 /* hwcontext_videotoolbox.h */ = {isa = PBXFileReference; fileEncoding = 4; lastKnownFileType = sourcecode.c.h; path = hwcontext_videotoolbox.h; sourceTree = "<group>"; };
		32FEDDCB29DFBEBF007FDCD6 /* video_enc_params.h */ = {isa = PBXFileReference; fileEncoding = 4; lastKnownFileType = sourcecode.c.h; path = video_enc_params.h; sourceTree = "<group>"; };
		32FEDDCC29DFBEBF007FDCD6 /* mem.h */ = {isa = PBXFileReference; fileEncoding = 4; lastKnownFileType = sourcecode.c.h; path = mem.h; sourceTree = "<group>"; };
		32FEDDCD29DFBEBF007FDCD6 /* parseutils.h */ = {isa = PBXFileReference; fileEncoding = 4; lastKnownFileType = sourcecode.c.h; path = parseutils.h; sourceTree = "<group>"; };
		32FEDDCE29DFBEBF007FDCD6 /* ripemd.h */ = {isa = PBXFileReference; fileEncoding = 4; lastKnownFileType = sourcecode.c.h; path = ripemd.h; sourceTree = "<group>"; };
		32FEDDCF29DFBEBF007FDCD6 /* bprint.h */ = {isa = PBXFileReference; fileEncoding = 4; lastKnownFileType = sourcecode.c.h; path = bprint.h; sourceTree = "<group>"; };
		32FEDDD029DFBEBF007FDCD6 /* hdr_dynamic_metadata.h */ = {isa = PBXFileReference; fileEncoding = 4; lastKnownFileType = sourcecode.c.h; path = hdr_dynamic_metadata.h; sourceTree = "<group>"; };
		32FEDDD129DFBEBF007FDCD6 /* hwcontext_qsv.h */ = {isa = PBXFileReference; fileEncoding = 4; lastKnownFileType = sourcecode.c.h; path = hwcontext_qsv.h; sourceTree = "<group>"; };
		32FEDDD229DFBEBF007FDCD6 /* pixfmt.h */ = {isa = PBXFileReference; fileEncoding = 4; lastKnownFileType = sourcecode.c.h; path = pixfmt.h; sourceTree = "<group>"; };
		32FEDDD329DFBEBF007FDCD6 /* aes_ctr.h */ = {isa = PBXFileReference; fileEncoding = 4; lastKnownFileType = sourcecode.c.h; path = aes_ctr.h; sourceTree = "<group>"; };
		32FEDDD429DFBEBF007FDCD6 /* timestamp.h */ = {isa = PBXFileReference; fileEncoding = 4; lastKnownFileType = sourcecode.c.h; path = timestamp.h; sourceTree = "<group>"; };
		32FEDDD529DFBEBF007FDCD6 /* downmix_info.h */ = {isa = PBXFileReference; fileEncoding = 4; lastKnownFileType = sourcecode.c.h; path = downmix_info.h; sourceTree = "<group>"; };
		32FEDDD629DFBEBF007FDCD6 /* avassert.h */ = {isa = PBXFileReference; fileEncoding = 4; lastKnownFileType = sourcecode.c.h; path = avassert.h; sourceTree = "<group>"; };
		32FEDDD729DFBEBF007FDCD6 /* hash.h */ = {isa = PBXFileReference; fileEncoding = 4; lastKnownFileType = sourcecode.c.h; path = hash.h; sourceTree = "<group>"; };
		32FEDDD829DFBEBF007FDCD6 /* mathematics.h */ = {isa = PBXFileReference; fileEncoding = 4; lastKnownFileType = sourcecode.c.h; path = mathematics.h; sourceTree = "<group>"; };
		32FEDDD929DFBEBF007FDCD6 /* intreadwrite.h */ = {isa = PBXFileReference; fileEncoding = 4; lastKnownFileType = sourcecode.c.h; path = intreadwrite.h; sourceTree = "<group>"; };
		32FEDDDA29DFBEBF007FDCD6 /* film_grain_params.h */ = {isa = PBXFileReference; fileEncoding = 4; lastKnownFileType = sourcecode.c.h; path = film_grain_params.h; sourceTree = "<group>"; };
		32FEDDDB29DFBEBF007FDCD6 /* avstring.h */ = {isa = PBXFileReference; fileEncoding = 4; lastKnownFileType = sourcecode.c.h; path = avstring.h; sourceTree = "<group>"; };
		32FEDDDD29DFBEBF007FDCD6 /* version.h */ = {isa = PBXFileReference; fileEncoding = 4; lastKnownFileType = sourcecode.c.h; path = version.h; sourceTree = "<group>"; };
		32FEDDDE29DFBEBF007FDCD6 /* avdevice.h */ = {isa = PBXFileReference; fileEncoding = 4; lastKnownFileType = sourcecode.c.h; path = avdevice.h; sourceTree = "<group>"; };
		32FEDDDF29DFBEBF007FDCD6 /* version_major.h */ = {isa = PBXFileReference; fileEncoding = 4; lastKnownFileType = sourcecode.c.h; path = version_major.h; sourceTree = "<group>"; };
		32FEDDE129DFBEBF007FDCD6 /* version.h */ = {isa = PBXFileReference; fileEncoding = 4; lastKnownFileType = sourcecode.c.h; path = version.h; sourceTree = "<group>"; };
		32FEDDE229DFBEBF007FDCD6 /* version_major.h */ = {isa = PBXFileReference; fileEncoding = 4; lastKnownFileType = sourcecode.c.h; path = version_major.h; sourceTree = "<group>"; };
		32FEDDE329DFBEBF007FDCD6 /* avio.h */ = {isa = PBXFileReference; fileEncoding = 4; lastKnownFileType = sourcecode.c.h; path = avio.h; sourceTree = "<group>"; };
		32FEDDE429DFBEBF007FDCD6 /* avformat.h */ = {isa = PBXFileReference; fileEncoding = 4; lastKnownFileType = sourcecode.c.h; path = avformat.h; sourceTree = "<group>"; };
		32FEDDE629DFBEBF007FDCD6 /* version.h */ = {isa = PBXFileReference; fileEncoding = 4; lastKnownFileType = sourcecode.c.h; path = version.h; sourceTree = "<group>"; };
		32FEDDE729DFBEBF007FDCD6 /* swscale.h */ = {isa = PBXFileReference; fileEncoding = 4; lastKnownFileType = sourcecode.c.h; path = swscale.h; sourceTree = "<group>"; };
		32FEDDE829DFBEBF007FDCD6 /* version_major.h */ = {isa = PBXFileReference; fileEncoding = 4; lastKnownFileType = sourcecode.c.h; path = version_major.h; sourceTree = "<group>"; };
		32FEDDEA29DFBEBF007FDCD6 /* adts_parser.h */ = {isa = PBXFileReference; fileEncoding = 4; lastKnownFileType = sourcecode.c.h; path = adts_parser.h; sourceTree = "<group>"; };
		32FEDDEB29DFBEBF007FDCD6 /* avcodec.h */ = {isa = PBXFileReference; fileEncoding = 4; lastKnownFileType = sourcecode.c.h; path = avcodec.h; sourceTree = "<group>"; };
		32FEDDEC29DFBEBF007FDCD6 /* defs.h */ = {isa = PBXFileReference; fileEncoding = 4; lastKnownFileType = sourcecode.c.h; path = defs.h; sourceTree = "<group>"; };
		32FEDDED29DFBEBF007FDCD6 /* version.h */ = {isa = PBXFileReference; fileEncoding = 4; lastKnownFileType = sourcecode.c.h; path = version.h; sourceTree = "<group>"; };
		32FEDDEE29DFBEBF007FDCD6 /* vdpau.h */ = {isa = PBXFileReference; fileEncoding = 4; lastKnownFileType = sourcecode.c.h; path = vdpau.h; sourceTree = "<group>"; };
		32FEDDEF29DFBEBF007FDCD6 /* codec_par.h */ = {isa = PBXFileReference; fileEncoding = 4; lastKnownFileType = sourcecode.c.h; path = codec_par.h; sourceTree = "<group>"; };
		32FEDDF029DFBEBF007FDCD6 /* qsv.h */ = {isa = PBXFileReference; fileEncoding = 4; lastKnownFileType = sourcecode.c.h; path = qsv.h; sourceTree = "<group>"; };
		32FEDDF129DFBEBF007FDCD6 /* codec_desc.h */ = {isa = PBXFileReference; fileEncoding = 4; lastKnownFileType = sourcecode.c.h; path = codec_desc.h; sourceTree = "<group>"; };
		32FEDDF229DFBEBF007FDCD6 /* videotoolbox.h */ = {isa = PBXFileReference; fileEncoding = 4; lastKnownFileType = sourcecode.c.h; path = videotoolbox.h; sourceTree = "<group>"; };
		32FEDDF329DFBEBF007FDCD6 /* xvmc.h */ = {isa = PBXFileReference; fileEncoding = 4; lastKnownFileType = sourcecode.c.h; path = xvmc.h; sourceTree = "<group>"; };
		32FEDDF429DFBEBF007FDCD6 /* mediacodec.h */ = {isa = PBXFileReference; fileEncoding = 4; lastKnownFileType = sourcecode.c.h; path = mediacodec.h; sourceTree = "<group>"; };
		32FEDDF529DFBEBF007FDCD6 /* d3d11va.h */ = {isa = PBXFileReference; fileEncoding = 4; lastKnownFileType = sourcecode.c.h; path = d3d11va.h; sourceTree = "<group>"; };
		32FEDDF629DFBEBF007FDCD6 /* avfft.h */ = {isa = PBXFileReference; fileEncoding = 4; lastKnownFileType = sourcecode.c.h; path = avfft.h; sourceTree = "<group>"; };
		32FEDDF729DFBEBF007FDCD6 /* codec.h */ = {isa = PBXFileReference; fileEncoding = 4; lastKnownFileType = sourcecode.c.h; path = codec.h; sourceTree = "<group>"; };
		32FEDDF829DFBEBF007FDCD6 /* jni.h */ = {isa = PBXFileReference; fileEncoding = 4; lastKnownFileType = sourcecode.c.h; path = jni.h; sourceTree = "<group>"; };
		32FEDDF929DFBEBF007FDCD6 /* packet.h */ = {isa = PBXFileReference; fileEncoding = 4; lastKnownFileType = sourcecode.c.h; path = packet.h; sourceTree = "<group>"; };
		32FEDDFA29DFBEBF007FDCD6 /* version_major.h */ = {isa = PBXFileReference; fileEncoding = 4; lastKnownFileType = sourcecode.c.h; path = version_major.h; sourceTree = "<group>"; };
		32FEDDFB29DFBEBF007FDCD6 /* bsf.h */ = {isa = PBXFileReference; fileEncoding = 4; lastKnownFileType = sourcecode.c.h; path = bsf.h; sourceTree = "<group>"; };
		32FEDDFC29DFBEBF007FDCD6 /* codec_id.h */ = {isa = PBXFileReference; fileEncoding = 4; lastKnownFileType = sourcecode.c.h; path = codec_id.h; sourceTree = "<group>"; };
		32FEDDFD29DFBEBF007FDCD6 /* dirac.h */ = {isa = PBXFileReference; fileEncoding = 4; lastKnownFileType = sourcecode.c.h; path = dirac.h; sourceTree = "<group>"; };
		32FEDDFE29DFBEBF007FDCD6 /* avdct.h */ = {isa = PBXFileReference; fileEncoding = 4; lastKnownFileType = sourcecode.c.h; path = avdct.h; sourceTree = "<group>"; };
		32FEDDFF29DFBEBF007FDCD6 /* ac3_parser.h */ = {isa = PBXFileReference; fileEncoding = 4; lastKnownFileType = sourcecode.c.h; path = ac3_parser.h; sourceTree = "<group>"; };
		32FEDE0029DFBEBF007FDCD6 /* vorbis_parser.h */ = {isa = PBXFileReference; fileEncoding = 4; lastKnownFileType = sourcecode.c.h; path = vorbis_parser.h; sourceTree = "<group>"; };
		32FEDE0129DFBEBF007FDCD6 /* dxva2.h */ = {isa = PBXFileReference; fileEncoding = 4; lastKnownFileType = sourcecode.c.h; path = dxva2.h; sourceTree = "<group>"; };
		32FEDE0229DFBEBF007FDCD6 /* dv_profile.h */ = {isa = PBXFileReference; fileEncoding = 4; lastKnownFileType = sourcecode.c.h; path = dv_profile.h; sourceTree = "<group>"; };
		32FEDE0429DFBEBF007FDCD6 /* version.h */ = {isa = PBXFileReference; fileEncoding = 4; lastKnownFileType = sourcecode.c.h; path = version.h; sourceTree = "<group>"; };
		32FEDE0529DFBEBF007FDCD6 /* version_major.h */ = {isa = PBXFileReference; fileEncoding = 4; lastKnownFileType = sourcecode.c.h; path = version_major.h; sourceTree = "<group>"; };
		32FEDE0629DFBEBF007FDCD6 /* swresample.h */ = {isa = PBXFileReference; fileEncoding = 4; lastKnownFileType = sourcecode.c.h; path = swresample.h; sourceTree = "<group>"; };
		32FEDE0829DFBEBF007FDCD6 /* libavutil.a */ = {isa = PBXFileReference; lastKnownFileType = archive.ar; path = libavutil.a; sourceTree = "<group>"; };
		32FEDE0929DFBEBF007FDCD6 /* libavfilter.a */ = {isa = PBXFileReference; lastKnownFileType = archive.ar; path = libavfilter.a; sourceTree = "<group>"; };
		32FEDE0A29DFBEBF007FDCD6 /* libavcodec.a */ = {isa = PBXFileReference; lastKnownFileType = archive.ar; path = libavcodec.a; sourceTree = "<group>"; };
		32FEDE0B29DFBEBF007FDCD6 /* libavformat.a */ = {isa = PBXFileReference; lastKnownFileType = archive.ar; path = libavformat.a; sourceTree = "<group>"; };
		32FEDE0C29DFBEBF007FDCD6 /* libavdevice.a */ = {isa = PBXFileReference; lastKnownFileType = archive.ar; path = libavdevice.a; sourceTree = "<group>"; };
		32FEDE0D29DFBEBF007FDCD6 /* libswresample.a */ = {isa = PBXFileReference; lastKnownFileType = archive.ar; path = libswresample.a; sourceTree = "<group>"; };
		32FEDE0E29DFBEBF007FDCD6 /* libswscale.a */ = {isa = PBXFileReference; lastKnownFileType = archive.ar; path = libswscale.a; sourceTree = "<group>"; };
		32FEDE1629DFBEFA007FDCD6 /* AVFoundation.framework */ = {isa = PBXFileReference; lastKnownFileType = wrapper.framework; name = AVFoundation.framework; path = System/Library/Frameworks/AVFoundation.framework; sourceTree = SDKROOT; };
		32FEDE1829DFBF0D007FDCD6 /* VideoToolbox.framework */ = {isa = PBXFileReference; lastKnownFileType = wrapper.framework; name = VideoToolbox.framework; path = System/Library/Frameworks/VideoToolbox.framework; sourceTree = SDKROOT; };
		32FEDE1A29DFBF19007FDCD6 /* AudioToolbox.framework */ = {isa = PBXFileReference; lastKnownFileType = wrapper.framework; name = AudioToolbox.framework; path = System/Library/Frameworks/AudioToolbox.framework; sourceTree = SDKROOT; };
		32FEDE1C29DFBF25007FDCD6 /* CoreMedia.framework */ = {isa = PBXFileReference; lastKnownFileType = wrapper.framework; name = CoreMedia.framework; path = System/Library/Frameworks/CoreMedia.framework; sourceTree = SDKROOT; };
		32FEDE1E29DFBF35007FDCD6 /* libz.tbd */ = {isa = PBXFileReference; lastKnownFileType = "sourcecode.text-based-dylib-definition"; name = libz.tbd; path = usr/lib/libz.tbd; sourceTree = SDKROOT; };
		32FEDE2029DFBF46007FDCD6 /* libbz2.tbd */ = {isa = PBXFileReference; lastKnownFileType = "sourcecode.text-based-dylib-definition"; name = libbz2.tbd; path = usr/lib/libbz2.tbd; sourceTree = SDKROOT; };
		32FEDE2229DFBF51007FDCD6 /* libiconv.tbd */ = {isa = PBXFileReference; lastKnownFileType = "sourcecode.text-based-dylib-definition"; name = libiconv.tbd; path = usr/lib/libiconv.tbd; sourceTree = SDKROOT; };
		53BDA4B7779781215278591E /* Pods_LearningProject_iOSTests.framework */ = {isa = PBXFileReference; explicitFileType = wrapper.framework; includeInIndex = 0; path = Pods_LearningProject_iOSTests.framework; sourceTree = BUILT_PRODUCTS_DIR; };
		757D85C927D9D372E5D77F2F /* Pods-LearningProject_iOSTests.debug.xcconfig */ = {isa = PBXFileReference; includeInIndex = 1; lastKnownFileType = text.xcconfig; name = "Pods-LearningProject_iOSTests.debug.xcconfig"; path = "Target Support Files/Pods-LearningProject_iOSTests/Pods-LearningProject_iOSTests.debug.xcconfig"; sourceTree = "<group>"; };
		850A387D7DAF8692D7CD4278 /* Pods_LearningProject_iOS.framework */ = {isa = PBXFileReference; explicitFileType = wrapper.framework; includeInIndex = 0; path = Pods_LearningProject_iOS.framework; sourceTree = BUILT_PRODUCTS_DIR; };
		8AF3C1A4DFFFDB2E83C3AD4F /* Pods-LearningProject_iOS-LearningProject_iOSUITests.debug.xcconfig */ = {isa = PBXFileReference; includeInIndex = 1; lastKnownFileType = text.xcconfig; name = "Pods-LearningProject_iOS-LearningProject_iOSUITests.debug.xcconfig"; path = "Target Support Files/Pods-LearningProject_iOS-LearningProject_iOSUITests/Pods-LearningProject_iOS-LearningProject_iOSUITests.debug.xcconfig"; sourceTree = "<group>"; };
		D427A13386C06F241291D78A /* Pods-LearningProject_iOSTests.release.xcconfig */ = {isa = PBXFileReference; includeInIndex = 1; lastKnownFileType = text.xcconfig; name = "Pods-LearningProject_iOSTests.release.xcconfig"; path = "Target Support Files/Pods-LearningProject_iOSTests/Pods-LearningProject_iOSTests.release.xcconfig"; sourceTree = "<group>"; };
		FA394BD2973D3C06252B770A /* Pods-LearningProject_iOS-LearningProject_iOSUITests.release.xcconfig */ = {isa = PBXFileReference; includeInIndex = 1; lastKnownFileType = text.xcconfig; name = "Pods-LearningProject_iOS-LearningProject_iOSUITests.release.xcconfig"; path = "Target Support Files/Pods-LearningProject_iOS-LearningProject_iOSUITests/Pods-LearningProject_iOS-LearningProject_iOSUITests.release.xcconfig"; sourceTree = "<group>"; };
/* End PBXFileReference section */

/* Begin PBXFrameworksBuildPhase section */
		32FEDC9F29DFB92A007FDCD6 /* Frameworks */ = {
			isa = PBXFrameworksBuildPhase;
			buildActionMask = 2147483647;
			files = (
				32FEDE2329DFBF51007FDCD6 /* libiconv.tbd in Frameworks */,
				32FEDE2129DFBF46007FDCD6 /* libbz2.tbd in Frameworks */,
				32FEDE1F29DFBF36007FDCD6 /* libz.tbd in Frameworks */,
				32FEDE1D29DFBF26007FDCD6 /* CoreMedia.framework in Frameworks */,
				32FEDE1B29DFBF19007FDCD6 /* AudioToolbox.framework in Frameworks */,
				32FEDE1929DFBF0D007FDCD6 /* VideoToolbox.framework in Frameworks */,
				32FEDE1729DFBEFB007FDCD6 /* AVFoundation.framework in Frameworks */,
				32FEDE1029DFBEC0007FDCD6 /* libavfilter.a in Frameworks */,
				32FEDE0F29DFBEC0007FDCD6 /* libavutil.a in Frameworks */,
				D2D79CCC63FCED2300AB916A /* Pods_LearningProject_iOS.framework in Frameworks */,
				32FEDE1229DFBEC0007FDCD6 /* libavformat.a in Frameworks */,
				32FEDE1529DFBEC0007FDCD6 /* libswscale.a in Frameworks */,
				32FEDE1329DFBEC0007FDCD6 /* libavdevice.a in Frameworks */,
				32FEDE1429DFBEC0007FDCD6 /* libswresample.a in Frameworks */,
				32FEDE1129DFBEC0007FDCD6 /* libavcodec.a in Frameworks */,
			);
			runOnlyForDeploymentPostprocessing = 0;
		};
		32FEDCBA29DFB92D007FDCD6 /* Frameworks */ = {
			isa = PBXFrameworksBuildPhase;
			buildActionMask = 2147483647;
			files = (
				CE3DCBC37E912D2D4AC6C4E6 /* Pods_LearningProject_iOSTests.framework in Frameworks */,
			);
			runOnlyForDeploymentPostprocessing = 0;
		};
		32FEDCC429DFB92D007FDCD6 /* Frameworks */ = {
			isa = PBXFrameworksBuildPhase;
			buildActionMask = 2147483647;
			files = (
				5D582A1A6069C0CAFDA552F0 /* Pods_LearningProject_iOS_LearningProject_iOSUITests.framework in Frameworks */,
			);
			runOnlyForDeploymentPostprocessing = 0;
		};
/* End PBXFrameworksBuildPhase section */

/* Begin PBXGroup section */
		32FEDC9929DFB92A007FDCD6 = {
			isa = PBXGroup;
			children = (
				32FEDCA429DFB92A007FDCD6 /* LearningProject_iOS */,
				32FEDCC029DFB92D007FDCD6 /* LearningProject_iOSTests */,
				32FEDCCA29DFB92D007FDCD6 /* LearningProject_iOSUITests */,
				32FEDCA329DFB92A007FDCD6 /* Products */,
				853C66571CBE5413A33D5432 /* Pods */,
				CAA5385FD3694C2028B082AB /* Frameworks */,
			);
			sourceTree = "<group>";
		};
		32FEDCA329DFB92A007FDCD6 /* Products */ = {
			isa = PBXGroup;
			children = (
				32FEDCA229DFB92A007FDCD6 /* LearningProject_iOS.app */,
				32FEDCBD29DFB92D007FDCD6 /* LearningProject_iOSTests.xctest */,
				32FEDCC729DFB92D007FDCD6 /* LearningProject_iOSUITests.xctest */,
			);
			name = Products;
			sourceTree = "<group>";
		};
		32FEDCA429DFB92A007FDCD6 /* LearningProject_iOS */ = {
			isa = PBXGroup;
			children = (
				32FEDD7829DFBEBF007FDCD6 /* FFmpeg-iOS */,
				32FEDCA529DFB92A007FDCD6 /* AppDelegate.h */,
				32FEDCA629DFB92A007FDCD6 /* AppDelegate.m */,
				32FEDCA829DFB92A007FDCD6 /* SceneDelegate.h */,
				32FEDCA929DFB92A007FDCD6 /* SceneDelegate.m */,
				32FEDCAB29DFB92A007FDCD6 /* ViewController.h */,
				32FEDCAC29DFB92A007FDCD6 /* ViewController.m */,
				32FEDCAE29DFB92A007FDCD6 /* Main.storyboard */,
				32FEDCB129DFB92D007FDCD6 /* Assets.xcassets */,
				32FEDCB329DFB92D007FDCD6 /* LaunchScreen.storyboard */,
				32FEDCB629DFB92D007FDCD6 /* Info.plist */,
				32FEDCB729DFB92D007FDCD6 /* main.m */,
			);
			path = LearningProject_iOS;
			sourceTree = "<group>";
		};
		32FEDCC029DFB92D007FDCD6 /* LearningProject_iOSTests */ = {
			isa = PBXGroup;
			children = (
				32FEDCC129DFB92D007FDCD6 /* LearningProject_iOSTests.m */,
			);
			path = LearningProject_iOSTests;
			sourceTree = "<group>";
		};
		32FEDCCA29DFB92D007FDCD6 /* LearningProject_iOSUITests */ = {
			isa = PBXGroup;
			children = (
				32FEDCCB29DFB92D007FDCD6 /* LearningProject_iOSUITests.m */,
				32FEDCCD29DFB92D007FDCD6 /* LearningProject_iOSUITestsLaunchTests.m */,
			);
			path = LearningProject_iOSUITests;
			sourceTree = "<group>";
		};
		32FEDD7829DFBEBF007FDCD6 /* FFmpeg-iOS */ = {
			isa = PBXGroup;
			children = (
				32FEDD7929DFBEBF007FDCD6 /* include */,
				32FEDE0729DFBEBF007FDCD6 /* lib */,
			);
			path = "FFmpeg-iOS";
			sourceTree = "<group>";
		};
		32FEDD7929DFBEBF007FDCD6 /* include */ = {
			isa = PBXGroup;
			children = (
				32FEDD7A29DFBEBF007FDCD6 /* libavfilter */,
				32FEDD8029DFBEBF007FDCD6 /* libavutil */,
				32FEDDDC29DFBEBF007FDCD6 /* libavdevice */,
				32FEDDE029DFBEBF007FDCD6 /* libavformat */,
				32FEDDE529DFBEBF007FDCD6 /* libswscale */,
				32FEDDE929DFBEBF007FDCD6 /* libavcodec */,
				32FEDE0329DFBEBF007FDCD6 /* libswresample */,
			);
			path = include;
			sourceTree = "<group>";
		};
		32FEDD7A29DFBEBF007FDCD6 /* libavfilter */ = {
			isa = PBXGroup;
			children = (
				32FEDD7B29DFBEBF007FDCD6 /* version.h */,
				32FEDD7C29DFBEBF007FDCD6 /* buffersrc.h */,
				32FEDD7D29DFBEBF007FDCD6 /* version_major.h */,
				32FEDD7E29DFBEBF007FDCD6 /* buffersink.h */,
				32FEDD7F29DFBEBF007FDCD6 /* avfilter.h */,
			);
			path = libavfilter;
			sourceTree = "<group>";
		};
		32FEDD8029DFBEBF007FDCD6 /* libavutil */ = {
			isa = PBXGroup;
			children = (
				32FEDD8129DFBEBF007FDCD6 /* hwcontext.h */,
				32FEDD8229DFBEBF007FDCD6 /* time.h */,
				32FEDD8329DFBEBF007FDCD6 /* hwcontext_cuda.h */,
				32FEDD8429DFBEBF007FDCD6 /* intfloat.h */,
				32FEDD8529DFBEBF007FDCD6 /* error.h */,
				32FEDD8629DFBEBF007FDCD6 /* detection_bbox.h */,
				32FEDD8729DFBEBF007FDCD6 /* fifo.h */,
				32FEDD8829DFBEBF007FDCD6 /* blowfish.h */,
				32FEDD8929DFBEBF007FDCD6 /* hwcontext_mediacodec.h */,
				32FEDD8A29DFBEBF007FDCD6 /* replaygain.h */,
				32FEDD8B29DFBEBF007FDCD6 /* version.h */,
				32FEDD8C29DFBEBF007FDCD6 /* murmur3.h */,
				32FEDD8D29DFBEBF007FDCD6 /* stereo3d.h */,
				32FEDD8E29DFBEBF007FDCD6 /* samplefmt.h */,
				32FEDD8F29DFBEBF007FDCD6 /* pixdesc.h */,
				32FEDD9029DFBEBF007FDCD6 /* base64.h */,
				32FEDD9129DFBEBF007FDCD6 /* rational.h */,
				32FEDD9229DFBEBF007FDCD6 /* sha.h */,
				32FEDD9329DFBEBF007FDCD6 /* motion_vector.h */,
				32FEDD9429DFBEBF007FDCD6 /* uuid.h */,
				32FEDD9529DFBEBF007FDCD6 /* avconfig.h */,
				32FEDD9629DFBEBF007FDCD6 /* lfg.h */,
				32FEDD9729DFBEBF007FDCD6 /* avutil.h */,
				32FEDD9829DFBEBF007FDCD6 /* hwcontext_vulkan.h */,
				32FEDD9929DFBEBF007FDCD6 /* xtea.h */,
				32FEDD9A29DFBEBF007FDCD6 /* crc.h */,
				32FEDD9B29DFBEBF007FDCD6 /* hwcontext_vdpau.h */,
				32FEDD9C29DFBEBF007FDCD6 /* frame.h */,
				32FEDD9D29DFBEBF007FDCD6 /* file.h */,
				32FEDD9E29DFBEBF007FDCD6 /* md5.h */,
				32FEDD9F29DFBEBF007FDCD6 /* cast5.h */,
				32FEDDA029DFBEBF007FDCD6 /* hwcontext_vaapi.h */,
				32FEDDA129DFBEBF007FDCD6 /* spherical.h */,
				32FEDDA229DFBEBF007FDCD6 /* ffversion.h */,
				32FEDDA329DFBEBF007FDCD6 /* hwcontext_opencl.h */,
				32FEDDA429DFBEBF007FDCD6 /* audio_fifo.h */,
				32FEDDA529DFBEBF007FDCD6 /* tree.h */,
				32FEDDA629DFBEBF007FDCD6 /* threadmessage.h */,
				32FEDDA729DFBEBF007FDCD6 /* attributes.h */,
				32FEDDA829DFBEBF007FDCD6 /* hdr_dynamic_vivid_metadata.h */,
				32FEDDA929DFBEBF007FDCD6 /* adler32.h */,
				32FEDDAA29DFBEBF007FDCD6 /* hwcontext_d3d11va.h */,
				32FEDDAB29DFBEBF007FDCD6 /* timecode.h */,
				32FEDDAC29DFBEBF007FDCD6 /* dovi_meta.h */,
				32FEDDAD29DFBEBF007FDCD6 /* tx.h */,
				32FEDDAE29DFBEBF007FDCD6 /* sha512.h */,
				32FEDDAF29DFBEBF007FDCD6 /* hwcontext_dxva2.h */,
				32FEDDB029DFBEBF007FDCD6 /* display.h */,
				32FEDDB129DFBEBF007FDCD6 /* buffer.h */,
				32FEDDB229DFBEBF007FDCD6 /* camellia.h */,
				32FEDDB329DFBEBF007FDCD6 /* csp.h */,
				32FEDDB429DFBEBF007FDCD6 /* pixelutils.h */,
				32FEDDB529DFBEBF007FDCD6 /* hwcontext_drm.h */,
				32FEDDB629DFBEBF007FDCD6 /* common.h */,
				32FEDDB729DFBEBF007FDCD6 /* hmac.h */,
				32FEDDB829DFBEBF007FDCD6 /* eval.h */,
				32FEDDB929DFBEBF007FDCD6 /* dict.h */,
				32FEDDBA29DFBEBF007FDCD6 /* random_seed.h */,
				32FEDDBB29DFBEBF007FDCD6 /* opt.h */,
				32FEDDBC29DFBEBF007FDCD6 /* mastering_display_metadata.h */,
				32FEDDBD29DFBEBF007FDCD6 /* log.h */,
				32FEDDBE29DFBEBF007FDCD6 /* aes.h */,
				32FEDDBF29DFBEBF007FDCD6 /* macros.h */,
				32FEDDC029DFBEBF007FDCD6 /* bswap.h */,
				32FEDDC129DFBEBF007FDCD6 /* rc4.h */,
				32FEDDC229DFBEBF007FDCD6 /* tea.h */,
				32FEDDC329DFBEBF007FDCD6 /* cpu.h */,
				32FEDDC429DFBEBF007FDCD6 /* lzo.h */,
				32FEDDC529DFBEBF007FDCD6 /* des.h */,
				32FEDDC629DFBEBF007FDCD6 /* channel_layout.h */,
				32FEDDC729DFBEBF007FDCD6 /* encryption_info.h */,
				32FEDDC829DFBEBF007FDCD6 /* twofish.h */,
				32FEDDC929DFBEBF007FDCD6 /* imgutils.h */,
				32FEDDCA29DFBEBF007FDCD6 /* hwcontext_videotoolbox.h */,
				32FEDDCB29DFBEBF007FDCD6 /* video_enc_params.h */,
				32FEDDCC29DFBEBF007FDCD6 /* mem.h */,
				32FEDDCD29DFBEBF007FDCD6 /* parseutils.h */,
				32FEDDCE29DFBEBF007FDCD6 /* ripemd.h */,
				32FEDDCF29DFBEBF007FDCD6 /* bprint.h */,
				32FEDDD029DFBEBF007FDCD6 /* hdr_dynamic_metadata.h */,
				32FEDDD129DFBEBF007FDCD6 /* hwcontext_qsv.h */,
				32FEDDD229DFBEBF007FDCD6 /* pixfmt.h */,
				32FEDDD329DFBEBF007FDCD6 /* aes_ctr.h */,
				32FEDDD429DFBEBF007FDCD6 /* timestamp.h */,
				32FEDDD529DFBEBF007FDCD6 /* downmix_info.h */,
				32FEDDD629DFBEBF007FDCD6 /* avassert.h */,
				32FEDDD729DFBEBF007FDCD6 /* hash.h */,
				32FEDDD829DFBEBF007FDCD6 /* mathematics.h */,
				32FEDDD929DFBEBF007FDCD6 /* intreadwrite.h */,
				32FEDDDA29DFBEBF007FDCD6 /* film_grain_params.h */,
				32FEDDDB29DFBEBF007FDCD6 /* avstring.h */,
			);
			path = libavutil;
			sourceTree = "<group>";
		};
		32FEDDDC29DFBEBF007FDCD6 /* libavdevice */ = {
			isa = PBXGroup;
			children = (
				32FEDDDD29DFBEBF007FDCD6 /* version.h */,
				32FEDDDE29DFBEBF007FDCD6 /* avdevice.h */,
				32FEDDDF29DFBEBF007FDCD6 /* version_major.h */,
			);
			path = libavdevice;
			sourceTree = "<group>";
		};
		32FEDDE029DFBEBF007FDCD6 /* libavformat */ = {
			isa = PBXGroup;
			children = (
				32FEDDE129DFBEBF007FDCD6 /* version.h */,
				32FEDDE229DFBEBF007FDCD6 /* version_major.h */,
				32FEDDE329DFBEBF007FDCD6 /* avio.h */,
				32FEDDE429DFBEBF007FDCD6 /* avformat.h */,
			);
			path = libavformat;
			sourceTree = "<group>";
		};
		32FEDDE529DFBEBF007FDCD6 /* libswscale */ = {
			isa = PBXGroup;
			children = (
				32FEDDE629DFBEBF007FDCD6 /* version.h */,
				32FEDDE729DFBEBF007FDCD6 /* swscale.h */,
				32FEDDE829DFBEBF007FDCD6 /* version_major.h */,
			);
			path = libswscale;
			sourceTree = "<group>";
		};
		32FEDDE929DFBEBF007FDCD6 /* libavcodec */ = {
			isa = PBXGroup;
			children = (
				32FEDDEA29DFBEBF007FDCD6 /* adts_parser.h */,
				32FEDDEB29DFBEBF007FDCD6 /* avcodec.h */,
				32FEDDEC29DFBEBF007FDCD6 /* defs.h */,
				32FEDDED29DFBEBF007FDCD6 /* version.h */,
				32FEDDEE29DFBEBF007FDCD6 /* vdpau.h */,
				32FEDDEF29DFBEBF007FDCD6 /* codec_par.h */,
				32FEDDF029DFBEBF007FDCD6 /* qsv.h */,
				32FEDDF129DFBEBF007FDCD6 /* codec_desc.h */,
				32FEDDF229DFBEBF007FDCD6 /* videotoolbox.h */,
				32FEDDF329DFBEBF007FDCD6 /* xvmc.h */,
				32FEDDF429DFBEBF007FDCD6 /* mediacodec.h */,
				32FEDDF529DFBEBF007FDCD6 /* d3d11va.h */,
				32FEDDF629DFBEBF007FDCD6 /* avfft.h */,
				32FEDDF729DFBEBF007FDCD6 /* codec.h */,
				32FEDDF829DFBEBF007FDCD6 /* jni.h */,
				32FEDDF929DFBEBF007FDCD6 /* packet.h */,
				32FEDDFA29DFBEBF007FDCD6 /* version_major.h */,
				32FEDDFB29DFBEBF007FDCD6 /* bsf.h */,
				32FEDDFC29DFBEBF007FDCD6 /* codec_id.h */,
				32FEDDFD29DFBEBF007FDCD6 /* dirac.h */,
				32FEDDFE29DFBEBF007FDCD6 /* avdct.h */,
				32FEDDFF29DFBEBF007FDCD6 /* ac3_parser.h */,
				32FEDE0029DFBEBF007FDCD6 /* vorbis_parser.h */,
				32FEDE0129DFBEBF007FDCD6 /* dxva2.h */,
				32FEDE0229DFBEBF007FDCD6 /* dv_profile.h */,
			);
			path = libavcodec;
			sourceTree = "<group>";
		};
		32FEDE0329DFBEBF007FDCD6 /* libswresample */ = {
			isa = PBXGroup;
			children = (
				32FEDE0429DFBEBF007FDCD6 /* version.h */,
				32FEDE0529DFBEBF007FDCD6 /* version_major.h */,
				32FEDE0629DFBEBF007FDCD6 /* swresample.h */,
			);
			path = libswresample;
			sourceTree = "<group>";
		};
		32FEDE0729DFBEBF007FDCD6 /* lib */ = {
			isa = PBXGroup;
			children = (
				32FEDE0829DFBEBF007FDCD6 /* libavutil.a */,
				32FEDE0929DFBEBF007FDCD6 /* libavfilter.a */,
				32FEDE0A29DFBEBF007FDCD6 /* libavcodec.a */,
				32FEDE0B29DFBEBF007FDCD6 /* libavformat.a */,
				32FEDE0C29DFBEBF007FDCD6 /* libavdevice.a */,
				32FEDE0D29DFBEBF007FDCD6 /* libswresample.a */,
				32FEDE0E29DFBEBF007FDCD6 /* libswscale.a */,
			);
			path = lib;
			sourceTree = "<group>";
		};
		853C66571CBE5413A33D5432 /* Pods */ = {
			isa = PBXGroup;
			children = (
				2585FD214610D8C093959B93 /* Pods-LearningProject_iOS.debug.xcconfig */,
				2D0BB7B5390316D143E77C1E /* Pods-LearningProject_iOS.release.xcconfig */,
				8AF3C1A4DFFFDB2E83C3AD4F /* Pods-LearningProject_iOS-LearningProject_iOSUITests.debug.xcconfig */,
				FA394BD2973D3C06252B770A /* Pods-LearningProject_iOS-LearningProject_iOSUITests.release.xcconfig */,
				757D85C927D9D372E5D77F2F /* Pods-LearningProject_iOSTests.debug.xcconfig */,
				D427A13386C06F241291D78A /* Pods-LearningProject_iOSTests.release.xcconfig */,
			);
			path = Pods;
			sourceTree = "<group>";
		};
		CAA5385FD3694C2028B082AB /* Frameworks */ = {
			isa = PBXGroup;
			children = (
				32FEDE2229DFBF51007FDCD6 /* libiconv.tbd */,
				32FEDE2029DFBF46007FDCD6 /* libbz2.tbd */,
				32FEDE1E29DFBF35007FDCD6 /* libz.tbd */,
				32FEDE1C29DFBF25007FDCD6 /* CoreMedia.framework */,
				32FEDE1A29DFBF19007FDCD6 /* AudioToolbox.framework */,
				32FEDE1829DFBF0D007FDCD6 /* VideoToolbox.framework */,
				32FEDE1629DFBEFA007FDCD6 /* AVFoundation.framework */,
				850A387D7DAF8692D7CD4278 /* Pods_LearningProject_iOS.framework */,
				046CE8D02D23AF32EC240AA5 /* Pods_LearningProject_iOS_LearningProject_iOSUITests.framework */,
				53BDA4B7779781215278591E /* Pods_LearningProject_iOSTests.framework */,
			);
			name = Frameworks;
			sourceTree = "<group>";
		};
/* End PBXGroup section */

/* Begin PBXNativeTarget section */
		32FEDCA129DFB92A007FDCD6 /* LearningProject_iOS */ = {
			isa = PBXNativeTarget;
			buildConfigurationList = 32FEDCD129DFB92D007FDCD6 /* Build configuration list for PBXNativeTarget "LearningProject_iOS" */;
			buildPhases = (
				89FC0BD9EBC1421830EA1CB8 /* [CP] Check Pods Manifest.lock */,
				32FEDC9E29DFB92A007FDCD6 /* Sources */,
				32FEDC9F29DFB92A007FDCD6 /* Frameworks */,
				32FEDCA029DFB92A007FDCD6 /* Resources */,
				CE896FE958CECCA0DD172DD0 /* [CP] Embed Pods Frameworks */,
			);
			buildRules = (
			);
			dependencies = (
			);
			name = LearningProject_iOS;
			productName = LearningProject_iOS;
			productReference = 32FEDCA229DFB92A007FDCD6 /* LearningProject_iOS.app */;
			productType = "com.apple.product-type.application";
		};
		32FEDCBC29DFB92D007FDCD6 /* LearningProject_iOSTests */ = {
			isa = PBXNativeTarget;
			buildConfigurationList = 32FEDCD429DFB92D007FDCD6 /* Build configuration list for PBXNativeTarget "LearningProject_iOSTests" */;
			buildPhases = (
				91282AF6895F2D7AF0FB2A7C /* [CP] Check Pods Manifest.lock */,
				32FEDCB929DFB92D007FDCD6 /* Sources */,
				32FEDCBA29DFB92D007FDCD6 /* Frameworks */,
				32FEDCBB29DFB92D007FDCD6 /* Resources */,
			);
			buildRules = (
			);
			dependencies = (
				32FEDCBF29DFB92D007FDCD6 /* PBXTargetDependency */,
			);
			name = LearningProject_iOSTests;
			productName = LearningProject_iOSTests;
			productReference = 32FEDCBD29DFB92D007FDCD6 /* LearningProject_iOSTests.xctest */;
			productType = "com.apple.product-type.bundle.unit-test";
		};
		32FEDCC629DFB92D007FDCD6 /* LearningProject_iOSUITests */ = {
			isa = PBXNativeTarget;
			buildConfigurationList = 32FEDCD729DFB92D007FDCD6 /* Build configuration list for PBXNativeTarget "LearningProject_iOSUITests" */;
			buildPhases = (
				B222D659FC5E23B1A0AF799B /* [CP] Check Pods Manifest.lock */,
				32FEDCC329DFB92D007FDCD6 /* Sources */,
				32FEDCC429DFB92D007FDCD6 /* Frameworks */,
				32FEDCC529DFB92D007FDCD6 /* Resources */,
				D2AFA6008A9C36DA37EA27AD /* [CP] Embed Pods Frameworks */,
			);
			buildRules = (
			);
			dependencies = (
				32FEDCC929DFB92D007FDCD6 /* PBXTargetDependency */,
			);
			name = LearningProject_iOSUITests;
			productName = LearningProject_iOSUITests;
			productReference = 32FEDCC729DFB92D007FDCD6 /* LearningProject_iOSUITests.xctest */;
			productType = "com.apple.product-type.bundle.ui-testing";
		};
/* End PBXNativeTarget section */

/* Begin PBXProject section */
		32FEDC9A29DFB92A007FDCD6 /* Project object */ = {
			isa = PBXProject;
			attributes = {
				BuildIndependentTargetsInParallel = 1;
				LastUpgradeCheck = 1420;
				TargetAttributes = {
					32FEDCA129DFB92A007FDCD6 = {
						CreatedOnToolsVersion = 14.2;
					};
					32FEDCBC29DFB92D007FDCD6 = {
						CreatedOnToolsVersion = 14.2;
						TestTargetID = 32FEDCA129DFB92A007FDCD6;
					};
					32FEDCC629DFB92D007FDCD6 = {
						CreatedOnToolsVersion = 14.2;
						TestTargetID = 32FEDCA129DFB92A007FDCD6;
					};
				};
			};
			buildConfigurationList = 32FEDC9D29DFB92A007FDCD6 /* Build configuration list for PBXProject "LearningProject_iOS" */;
			compatibilityVersion = "Xcode 14.0";
			developmentRegion = en;
			hasScannedForEncodings = 0;
			knownRegions = (
				en,
				Base,
			);
			mainGroup = 32FEDC9929DFB92A007FDCD6;
			productRefGroup = 32FEDCA329DFB92A007FDCD6 /* Products */;
			projectDirPath = "";
			projectRoot = "";
			targets = (
				32FEDCA129DFB92A007FDCD6 /* LearningProject_iOS */,
				32FEDCBC29DFB92D007FDCD6 /* LearningProject_iOSTests */,
				32FEDCC629DFB92D007FDCD6 /* LearningProject_iOSUITests */,
			);
		};
/* End PBXProject section */

/* Begin PBXResourcesBuildPhase section */
		32FEDCA029DFB92A007FDCD6 /* Resources */ = {
			isa = PBXResourcesBuildPhase;
			buildActionMask = 2147483647;
			files = (
				32FEDCB529DFB92D007FDCD6 /* LaunchScreen.storyboard in Resources */,
				32FEDCB229DFB92D007FDCD6 /* Assets.xcassets in Resources */,
				32FEDCB029DFB92A007FDCD6 /* Main.storyboard in Resources */,
			);
			runOnlyForDeploymentPostprocessing = 0;
		};
		32FEDCBB29DFB92D007FDCD6 /* Resources */ = {
			isa = PBXResourcesBuildPhase;
			buildActionMask = 2147483647;
			files = (
			);
			runOnlyForDeploymentPostprocessing = 0;
		};
		32FEDCC529DFB92D007FDCD6 /* Resources */ = {
			isa = PBXResourcesBuildPhase;
			buildActionMask = 2147483647;
			files = (
			);
			runOnlyForDeploymentPostprocessing = 0;
		};
/* End PBXResourcesBuildPhase section */

/* Begin PBXShellScriptBuildPhase section */
		89FC0BD9EBC1421830EA1CB8 /* [CP] Check Pods Manifest.lock */ = {
			isa = PBXShellScriptBuildPhase;
			buildActionMask = 2147483647;
			files = (
			);
			inputFileListPaths = (
			);
			inputPaths = (
				"${PODS_PODFILE_DIR_PATH}/Podfile.lock",
				"${PODS_ROOT}/Manifest.lock",
			);
			name = "[CP] Check Pods Manifest.lock";
			outputFileListPaths = (
			);
			outputPaths = (
				"$(DERIVED_FILE_DIR)/Pods-LearningProject_iOS-checkManifestLockResult.txt",
			);
			runOnlyForDeploymentPostprocessing = 0;
			shellPath = /bin/sh;
			shellScript = "diff \"${PODS_PODFILE_DIR_PATH}/Podfile.lock\" \"${PODS_ROOT}/Manifest.lock\" > /dev/null\nif [ $? != 0 ] ; then\n    # print error to STDERR\n    echo \"error: The sandbox is not in sync with the Podfile.lock. Run 'pod install' or update your CocoaPods installation.\" >&2\n    exit 1\nfi\n# This output is used by Xcode 'outputs' to avoid re-running this script phase.\necho \"SUCCESS\" > \"${SCRIPT_OUTPUT_FILE_0}\"\n";
			showEnvVarsInLog = 0;
		};
		91282AF6895F2D7AF0FB2A7C /* [CP] Check Pods Manifest.lock */ = {
			isa = PBXShellScriptBuildPhase;
			buildActionMask = 2147483647;
			files = (
			);
			inputFileListPaths = (
			);
			inputPaths = (
				"${PODS_PODFILE_DIR_PATH}/Podfile.lock",
				"${PODS_ROOT}/Manifest.lock",
			);
			name = "[CP] Check Pods Manifest.lock";
			outputFileListPaths = (
			);
			outputPaths = (
				"$(DERIVED_FILE_DIR)/Pods-LearningProject_iOSTests-checkManifestLockResult.txt",
			);
			runOnlyForDeploymentPostprocessing = 0;
			shellPath = /bin/sh;
			shellScript = "diff \"${PODS_PODFILE_DIR_PATH}/Podfile.lock\" \"${PODS_ROOT}/Manifest.lock\" > /dev/null\nif [ $? != 0 ] ; then\n    # print error to STDERR\n    echo \"error: The sandbox is not in sync with the Podfile.lock. Run 'pod install' or update your CocoaPods installation.\" >&2\n    exit 1\nfi\n# This output is used by Xcode 'outputs' to avoid re-running this script phase.\necho \"SUCCESS\" > \"${SCRIPT_OUTPUT_FILE_0}\"\n";
			showEnvVarsInLog = 0;
		};
		B222D659FC5E23B1A0AF799B /* [CP] Check Pods Manifest.lock */ = {
			isa = PBXShellScriptBuildPhase;
			buildActionMask = 2147483647;
			files = (
			);
			inputFileListPaths = (
			);
			inputPaths = (
				"${PODS_PODFILE_DIR_PATH}/Podfile.lock",
				"${PODS_ROOT}/Manifest.lock",
			);
			name = "[CP] Check Pods Manifest.lock";
			outputFileListPaths = (
			);
			outputPaths = (
				"$(DERIVED_FILE_DIR)/Pods-LearningProject_iOS-LearningProject_iOSUITests-checkManifestLockResult.txt",
			);
			runOnlyForDeploymentPostprocessing = 0;
			shellPath = /bin/sh;
			shellScript = "diff \"${PODS_PODFILE_DIR_PATH}/Podfile.lock\" \"${PODS_ROOT}/Manifest.lock\" > /dev/null\nif [ $? != 0 ] ; then\n    # print error to STDERR\n    echo \"error: The sandbox is not in sync with the Podfile.lock. Run 'pod install' or update your CocoaPods installation.\" >&2\n    exit 1\nfi\n# This output is used by Xcode 'outputs' to avoid re-running this script phase.\necho \"SUCCESS\" > \"${SCRIPT_OUTPUT_FILE_0}\"\n";
			showEnvVarsInLog = 0;
		};
		CE896FE958CECCA0DD172DD0 /* [CP] Embed Pods Frameworks */ = {
			isa = PBXShellScriptBuildPhase;
			buildActionMask = 2147483647;
			files = (
			);
			inputFileListPaths = (
				"${PODS_ROOT}/Target Support Files/Pods-LearningProject_iOS/Pods-LearningProject_iOS-frameworks-${CONFIGURATION}-input-files.xcfilelist",
			);
			name = "[CP] Embed Pods Frameworks";
			outputFileListPaths = (
				"${PODS_ROOT}/Target Support Files/Pods-LearningProject_iOS/Pods-LearningProject_iOS-frameworks-${CONFIGURATION}-output-files.xcfilelist",
			);
			runOnlyForDeploymentPostprocessing = 0;
			shellPath = /bin/sh;
			shellScript = "\"${PODS_ROOT}/Target Support Files/Pods-LearningProject_iOS/Pods-LearningProject_iOS-frameworks.sh\"\n";
			showEnvVarsInLog = 0;
		};
		D2AFA6008A9C36DA37EA27AD /* [CP] Embed Pods Frameworks */ = {
			isa = PBXShellScriptBuildPhase;
			buildActionMask = 2147483647;
			files = (
			);
			inputFileListPaths = (
				"${PODS_ROOT}/Target Support Files/Pods-LearningProject_iOS-LearningProject_iOSUITests/Pods-LearningProject_iOS-LearningProject_iOSUITests-frameworks-${CONFIGURATION}-input-files.xcfilelist",
			);
			name = "[CP] Embed Pods Frameworks";
			outputFileListPaths = (
				"${PODS_ROOT}/Target Support Files/Pods-LearningProject_iOS-LearningProject_iOSUITests/Pods-LearningProject_iOS-LearningProject_iOSUITests-frameworks-${CONFIGURATION}-output-files.xcfilelist",
			);
			runOnlyForDeploymentPostprocessing = 0;
			shellPath = /bin/sh;
			shellScript = "\"${PODS_ROOT}/Target Support Files/Pods-LearningProject_iOS-LearningProject_iOSUITests/Pods-LearningProject_iOS-LearningProject_iOSUITests-frameworks.sh\"\n";
			showEnvVarsInLog = 0;
		};
/* End PBXShellScriptBuildPhase section */

/* Begin PBXSourcesBuildPhase section */
		32FEDC9E29DFB92A007FDCD6 /* Sources */ = {
			isa = PBXSourcesBuildPhase;
			buildActionMask = 2147483647;
			files = (
				32FEDCAD29DFB92A007FDCD6 /* ViewController.m in Sources */,
				32FEDCA729DFB92A007FDCD6 /* AppDelegate.m in Sources */,
				32FEDCB829DFB92D007FDCD6 /* main.m in Sources */,
				32FEDCAA29DFB92A007FDCD6 /* SceneDelegate.m in Sources */,
			);
			runOnlyForDeploymentPostprocessing = 0;
		};
		32FEDCB929DFB92D007FDCD6 /* Sources */ = {
			isa = PBXSourcesBuildPhase;
			buildActionMask = 2147483647;
			files = (
				32FEDCC229DFB92D007FDCD6 /* LearningProject_iOSTests.m in Sources */,
			);
			runOnlyForDeploymentPostprocessing = 0;
		};
		32FEDCC329DFB92D007FDCD6 /* Sources */ = {
			isa = PBXSourcesBuildPhase;
			buildActionMask = 2147483647;
			files = (
				32FEDCCE29DFB92D007FDCD6 /* LearningProject_iOSUITestsLaunchTests.m in Sources */,
				32FEDCCC29DFB92D007FDCD6 /* LearningProject_iOSUITests.m in Sources */,
			);
			runOnlyForDeploymentPostprocessing = 0;
		};
/* End PBXSourcesBuildPhase section */

/* Begin PBXTargetDependency section */
		32FEDCBF29DFB92D007FDCD6 /* PBXTargetDependency */ = {
			isa = PBXTargetDependency;
			target = 32FEDCA129DFB92A007FDCD6 /* LearningProject_iOS */;
			targetProxy = 32FEDCBE29DFB92D007FDCD6 /* PBXContainerItemProxy */;
		};
		32FEDCC929DFB92D007FDCD6 /* PBXTargetDependency */ = {
			isa = PBXTargetDependency;
			target = 32FEDCA129DFB92A007FDCD6 /* LearningProject_iOS */;
			targetProxy = 32FEDCC829DFB92D007FDCD6 /* PBXContainerItemProxy */;
		};
/* End PBXTargetDependency section */

/* Begin PBXVariantGroup section */
		32FEDCAE29DFB92A007FDCD6 /* Main.storyboard */ = {
			isa = PBXVariantGroup;
			children = (
				32FEDCAF29DFB92A007FDCD6 /* Base */,
			);
			name = Main.storyboard;
			sourceTree = "<group>";
		};
		32FEDCB329DFB92D007FDCD6 /* LaunchScreen.storyboard */ = {
			isa = PBXVariantGroup;
			children = (
				32FEDCB429DFB92D007FDCD6 /* Base */,
			);
			name = LaunchScreen.storyboard;
			sourceTree = "<group>";
		};
/* End PBXVariantGroup section */

/* Begin XCBuildConfiguration section */
		32FEDCCF29DFB92D007FDCD6 /* Debug */ = {
			isa = XCBuildConfiguration;
			buildSettings = {
				ALWAYS_SEARCH_USER_PATHS = NO;
				CLANG_ANALYZER_NONNULL = YES;
				CLANG_ANALYZER_NUMBER_OBJECT_CONVERSION = YES_AGGRESSIVE;
				CLANG_CXX_LANGUAGE_STANDARD = "gnu++20";
				CLANG_ENABLE_MODULES = YES;
				CLANG_ENABLE_OBJC_ARC = YES;
				CLANG_ENABLE_OBJC_WEAK = YES;
				CLANG_WARN_BLOCK_CAPTURE_AUTORELEASING = YES;
				CLANG_WARN_BOOL_CONVERSION = YES;
				CLANG_WARN_COMMA = YES;
				CLANG_WARN_CONSTANT_CONVERSION = YES;
				CLANG_WARN_DEPRECATED_OBJC_IMPLEMENTATIONS = YES;
				CLANG_WARN_DIRECT_OBJC_ISA_USAGE = YES_ERROR;
				CLANG_WARN_DOCUMENTATION_COMMENTS = YES;
				CLANG_WARN_EMPTY_BODY = YES;
				CLANG_WARN_ENUM_CONVERSION = YES;
				CLANG_WARN_INFINITE_RECURSION = YES;
				CLANG_WARN_INT_CONVERSION = YES;
				CLANG_WARN_NON_LITERAL_NULL_CONVERSION = YES;
				CLANG_WARN_OBJC_IMPLICIT_RETAIN_SELF = YES;
				CLANG_WARN_OBJC_LITERAL_CONVERSION = YES;
				CLANG_WARN_OBJC_ROOT_CLASS = YES_ERROR;
				CLANG_WARN_QUOTED_INCLUDE_IN_FRAMEWORK_HEADER = YES;
				CLANG_WARN_RANGE_LOOP_ANALYSIS = YES;
				CLANG_WARN_STRICT_PROTOTYPES = YES;
				CLANG_WARN_SUSPICIOUS_MOVE = YES;
				CLANG_WARN_UNGUARDED_AVAILABILITY = YES_AGGRESSIVE;
				CLANG_WARN_UNREACHABLE_CODE = YES;
				CLANG_WARN__DUPLICATE_METHOD_MATCH = YES;
				COPY_PHASE_STRIP = NO;
				DEBUG_INFORMATION_FORMAT = dwarf;
				ENABLE_STRICT_OBJC_MSGSEND = YES;
				ENABLE_TESTABILITY = YES;
				GCC_C_LANGUAGE_STANDARD = gnu11;
				GCC_DYNAMIC_NO_PIC = NO;
				GCC_NO_COMMON_BLOCKS = YES;
				GCC_OPTIMIZATION_LEVEL = 0;
				GCC_PREPROCESSOR_DEFINITIONS = (
					"DEBUG=1",
					"$(inherited)",
				);
				GCC_WARN_64_TO_32_BIT_CONVERSION = YES;
				GCC_WARN_ABOUT_RETURN_TYPE = YES_ERROR;
				GCC_WARN_UNDECLARED_SELECTOR = YES;
				GCC_WARN_UNINITIALIZED_AUTOS = YES_AGGRESSIVE;
				GCC_WARN_UNUSED_FUNCTION = YES;
				GCC_WARN_UNUSED_VARIABLE = YES;
				HEADER_SEARCH_PATHS = "\"$(SRCROOT)/LearningProject_iOS/FFmpeg-iOS/include\"";
				IPHONEOS_DEPLOYMENT_TARGET = 16.2;
				LIBRARY_SEARCH_PATHS = "\"$(SRCROOT)/LearningProject_iOS/FFmpeg-iOS/lib\"";
				MTL_ENABLE_DEBUG_INFO = INCLUDE_SOURCE;
				MTL_FAST_MATH = YES;
				ONLY_ACTIVE_ARCH = YES;
				SDKROOT = iphoneos;
			};
			name = Debug;
		};
		32FEDCD029DFB92D007FDCD6 /* Release */ = {
			isa = XCBuildConfiguration;
			buildSettings = {
				ALWAYS_SEARCH_USER_PATHS = NO;
				CLANG_ANALYZER_NONNULL = YES;
				CLANG_ANALYZER_NUMBER_OBJECT_CONVERSION = YES_AGGRESSIVE;
				CLANG_CXX_LANGUAGE_STANDARD = "gnu++20";
				CLANG_ENABLE_MODULES = YES;
				CLANG_ENABLE_OBJC_ARC = YES;
				CLANG_ENABLE_OBJC_WEAK = YES;
				CLANG_WARN_BLOCK_CAPTURE_AUTORELEASING = YES;
				CLANG_WARN_BOOL_CONVERSION = YES;
				CLANG_WARN_COMMA = YES;
				CLANG_WARN_CONSTANT_CONVERSION = YES;
				CLANG_WARN_DEPRECATED_OBJC_IMPLEMENTATIONS = YES;
				CLANG_WARN_DIRECT_OBJC_ISA_USAGE = YES_ERROR;
				CLANG_WARN_DOCUMENTATION_COMMENTS = YES;
				CLANG_WARN_EMPTY_BODY = YES;
				CLANG_WARN_ENUM_CONVERSION = YES;
				CLANG_WARN_INFINITE_RECURSION = YES;
				CLANG_WARN_INT_CONVERSION = YES;
				CLANG_WARN_NON_LITERAL_NULL_CONVERSION = YES;
				CLANG_WARN_OBJC_IMPLICIT_RETAIN_SELF = YES;
				CLANG_WARN_OBJC_LITERAL_CONVERSION = YES;
				CLANG_WARN_OBJC_ROOT_CLASS = YES_ERROR;
				CLANG_WARN_QUOTED_INCLUDE_IN_FRAMEWORK_HEADER = YES;
				CLANG_WARN_RANGE_LOOP_ANALYSIS = YES;
				CLANG_WARN_STRICT_PROTOTYPES = YES;
				CLANG_WARN_SUSPICIOUS_MOVE = YES;
				CLANG_WARN_UNGUARDED_AVAILABILITY = YES_AGGRESSIVE;
				CLANG_WARN_UNREACHABLE_CODE = YES;
				CLANG_WARN__DUPLICATE_METHOD_MATCH = YES;
				COPY_PHASE_STRIP = NO;
				DEBUG_INFORMATION_FORMAT = "dwarf-with-dsym";
				ENABLE_NS_ASSERTIONS = NO;
				ENABLE_STRICT_OBJC_MSGSEND = YES;
				GCC_C_LANGUAGE_STANDARD = gnu11;
				GCC_NO_COMMON_BLOCKS = YES;
				GCC_WARN_64_TO_32_BIT_CONVERSION = YES;
				GCC_WARN_ABOUT_RETURN_TYPE = YES_ERROR;
				GCC_WARN_UNDECLARED_SELECTOR = YES;
				GCC_WARN_UNINITIALIZED_AUTOS = YES_AGGRESSIVE;
				GCC_WARN_UNUSED_FUNCTION = YES;
				GCC_WARN_UNUSED_VARIABLE = YES;
				HEADER_SEARCH_PATHS = "\"$(SRCROOT)/LearningProject_iOS/FFmpeg-iOS/include\"";
				IPHONEOS_DEPLOYMENT_TARGET = 16.2;
				LIBRARY_SEARCH_PATHS = "\"$(SRCROOT)/LearningProject_iOS/FFmpeg-iOS/lib\"";
				MTL_ENABLE_DEBUG_INFO = NO;
				MTL_FAST_MATH = YES;
				SDKROOT = iphoneos;
				VALIDATE_PRODUCT = YES;
			};
			name = Release;
		};
		32FEDCD229DFB92D007FDCD6 /* Debug */ = {
			isa = XCBuildConfiguration;
			baseConfigurationReference = 2585FD214610D8C093959B93 /* Pods-LearningProject_iOS.debug.xcconfig */;
			buildSettings = {
				ASSETCATALOG_COMPILER_APPICON_NAME = AppIcon;
				ASSETCATALOG_COMPILER_GLOBAL_ACCENT_COLOR_NAME = AccentColor;
				CODE_SIGN_STYLE = Automatic;
				CURRENT_PROJECT_VERSION = 1;
				GENERATE_INFOPLIST_FILE = YES;
				INFOPLIST_FILE = LearningProject_iOS/Info.plist;
				INFOPLIST_KEY_UIApplicationSupportsIndirectInputEvents = YES;
				INFOPLIST_KEY_UILaunchStoryboardName = LaunchScreen;
				INFOPLIST_KEY_UIMainStoryboardFile = Main;
				INFOPLIST_KEY_UISupportedInterfaceOrientations_iPad = "UIInterfaceOrientationPortrait UIInterfaceOrientationPortraitUpsideDown UIInterfaceOrientationLandscapeLeft UIInterfaceOrientationLandscapeRight";
				INFOPLIST_KEY_UISupportedInterfaceOrientations_iPhone = "UIInterfaceOrientationPortrait UIInterfaceOrientationLandscapeLeft UIInterfaceOrientationLandscapeRight";
				LD_RUNPATH_SEARCH_PATHS = (
					"$(inherited)",
					"@executable_path/Frameworks",
				);
				LIBRARY_SEARCH_PATHS = (
					"$(inherited)",
					"$(PROJECT_DIR)/LearningProject_iOS/FFmpeg-iOS/lib",
				);
				MARKETING_VERSION = 1.0;
				PRODUCT_BUNDLE_IDENTIFIER = "com.lin.demo.LearningProject-iOS";
				PRODUCT_NAME = "$(TARGET_NAME)";
				SWIFT_EMIT_LOC_STRINGS = YES;
				TARGETED_DEVICE_FAMILY = "1,2";
				USER_HEADER_SEARCH_PATHS = "\"$(SRCROOT)/LearningProject_iOS/FFmpeg-iOS/include\"";
			};
			name = Debug;
		};
		32FEDCD329DFB92D007FDCD6 /* Release */ = {
			isa = XCBuildConfiguration;
			baseConfigurationReference = 2D0BB7B5390316D143E77C1E /* Pods-LearningProject_iOS.release.xcconfig */;
			buildSettings = {
				ASSETCATALOG_COMPILER_APPICON_NAME = AppIcon;
				ASSETCATALOG_COMPILER_GLOBAL_ACCENT_COLOR_NAME = AccentColor;
				CODE_SIGN_STYLE = Automatic;
				CURRENT_PROJECT_VERSION = 1;
				GENERATE_INFOPLIST_FILE = YES;
				INFOPLIST_FILE = LearningProject_iOS/Info.plist;
				INFOPLIST_KEY_UIApplicationSupportsIndirectInputEvents = YES;
				INFOPLIST_KEY_UILaunchStoryboardName = LaunchScreen;
				INFOPLIST_KEY_UIMainStoryboardFile = Main;
				INFOPLIST_KEY_UISupportedInterfaceOrientations_iPad = "UIInterfaceOrientationPortrait UIInterfaceOrientationPortraitUpsideDown UIInterfaceOrientationLandscapeLeft UIInterfaceOrientationLandscapeRight";
				INFOPLIST_KEY_UISupportedInterfaceOrientations_iPhone = "UIInterfaceOrientationPortrait UIInterfaceOrientationLandscapeLeft UIInterfaceOrientationLandscapeRight";
				LD_RUNPATH_SEARCH_PATHS = (
					"$(inherited)",
					"@executable_path/Frameworks",
				);
				LIBRARY_SEARCH_PATHS = (
					"$(inherited)",
					"$(PROJECT_DIR)/LearningProject_iOS/FFmpeg-iOS/lib",
				);
				MARKETING_VERSION = 1.0;
				PRODUCT_BUNDLE_IDENTIFIER = "com.lin.demo.LearningProject-iOS";
				PRODUCT_NAME = "$(TARGET_NAME)";
				SWIFT_EMIT_LOC_STRINGS = YES;
				TARGETED_DEVICE_FAMILY = "1,2";
				USER_HEADER_SEARCH_PATHS = "\"$(SRCROOT)/LearningProject_iOS/FFmpeg-iOS/include\"";
			};
			name = Release;
		};
		32FEDCD529DFB92D007FDCD6 /* Debug */ = {
			isa = XCBuildConfiguration;
			baseConfigurationReference = 757D85C927D9D372E5D77F2F /* Pods-LearningProject_iOSTests.debug.xcconfig */;
			buildSettings = {
				BUNDLE_LOADER = "$(TEST_HOST)";
				CODE_SIGN_STYLE = Automatic;
				CURRENT_PROJECT_VERSION = 1;
				GENERATE_INFOPLIST_FILE = YES;
				IPHONEOS_DEPLOYMENT_TARGET = 16.2;
				MARKETING_VERSION = 1.0;
				PRODUCT_BUNDLE_IDENTIFIER = "com.lin.demo.LearningProject-iOSTests";
				PRODUCT_NAME = "$(TARGET_NAME)";
				SWIFT_EMIT_LOC_STRINGS = NO;
				TARGETED_DEVICE_FAMILY = "1,2";
				TEST_HOST = "$(BUILT_PRODUCTS_DIR)/LearningProject_iOS.app/$(BUNDLE_EXECUTABLE_FOLDER_PATH)/LearningProject_iOS";
			};
			name = Debug;
		};
		32FEDCD629DFB92D007FDCD6 /* Release */ = {
			isa = XCBuildConfiguration;
			baseConfigurationReference = D427A13386C06F241291D78A /* Pods-LearningProject_iOSTests.release.xcconfig */;
			buildSettings = {
				BUNDLE_LOADER = "$(TEST_HOST)";
				CODE_SIGN_STYLE = Automatic;
				CURRENT_PROJECT_VERSION = 1;
				GENERATE_INFOPLIST_FILE = YES;
				IPHONEOS_DEPLOYMENT_TARGET = 16.2;
				MARKETING_VERSION = 1.0;
				PRODUCT_BUNDLE_IDENTIFIER = "com.lin.demo.LearningProject-iOSTests";
				PRODUCT_NAME = "$(TARGET_NAME)";
				SWIFT_EMIT_LOC_STRINGS = NO;
				TARGETED_DEVICE_FAMILY = "1,2";
				TEST_HOST = "$(BUILT_PRODUCTS_DIR)/LearningProject_iOS.app/$(BUNDLE_EXECUTABLE_FOLDER_PATH)/LearningProject_iOS";
			};
			name = Release;
		};
		32FEDCD829DFB92D007FDCD6 /* Debug */ = {
			isa = XCBuildConfiguration;
			baseConfigurationReference = 8AF3C1A4DFFFDB2E83C3AD4F /* Pods-LearningProject_iOS-LearningProject_iOSUITests.debug.xcconfig */;
			buildSettings = {
				CODE_SIGN_STYLE = Automatic;
				CURRENT_PROJECT_VERSION = 1;
				GENERATE_INFOPLIST_FILE = YES;
				MARKETING_VERSION = 1.0;
				PRODUCT_BUNDLE_IDENTIFIER = "com.lin.demo.LearningProject-iOSUITests";
				PRODUCT_NAME = "$(TARGET_NAME)";
				SWIFT_EMIT_LOC_STRINGS = NO;
				TARGETED_DEVICE_FAMILY = "1,2";
				TEST_TARGET_NAME = LearningProject_iOS;
			};
			name = Debug;
		};
		32FEDCD929DFB92D007FDCD6 /* Release */ = {
			isa = XCBuildConfiguration;
			baseConfigurationReference = FA394BD2973D3C06252B770A /* Pods-LearningProject_iOS-LearningProject_iOSUITests.release.xcconfig */;
			buildSettings = {
				CODE_SIGN_STYLE = Automatic;
				CURRENT_PROJECT_VERSION = 1;
				GENERATE_INFOPLIST_FILE = YES;
				MARKETING_VERSION = 1.0;
				PRODUCT_BUNDLE_IDENTIFIER = "com.lin.demo.LearningProject-iOSUITests";
				PRODUCT_NAME = "$(TARGET_NAME)";
				SWIFT_EMIT_LOC_STRINGS = NO;
				TARGETED_DEVICE_FAMILY = "1,2";
				TEST_TARGET_NAME = LearningProject_iOS;
			};
			name = Release;
		};
/* End XCBuildConfiguration section */

/* Begin XCConfigurationList section */
		32FEDC9D29DFB92A007FDCD6 /* Build configuration list for PBXProject "LearningProject_iOS" */ = {
			isa = XCConfigurationList;
			buildConfigurations = (
				32FEDCCF29DFB92D007FDCD6 /* Debug */,
				32FEDCD029DFB92D007FDCD6 /* Release */,
			);
			defaultConfigurationIsVisible = 0;
			defaultConfigurationName = Release;
		};
		32FEDCD129DFB92D007FDCD6 /* Build configuration list for PBXNativeTarget "LearningProject_iOS" */ = {
			isa = XCConfigurationList;
			buildConfigurations = (
				32FEDCD229DFB92D007FDCD6 /* Debug */,
				32FEDCD329DFB92D007FDCD6 /* Release */,
			);
			defaultConfigurationIsVisible = 0;
			defaultConfigurationName = Release;
		};
		32FEDCD429DFB92D007FDCD6 /* Build configuration list for PBXNativeTarget "LearningProject_iOSTests" */ = {
			isa = XCConfigurationList;
			buildConfigurations = (
				32FEDCD529DFB92D007FDCD6 /* Debug */,
				32FEDCD629DFB92D007FDCD6 /* Release */,
			);
			defaultConfigurationIsVisible = 0;
			defaultConfigurationName = Release;
		};
		32FEDCD729DFB92D007FDCD6 /* Build configuration list for PBXNativeTarget "LearningProject_iOSUITests" */ = {
			isa = XCConfigurationList;
			buildConfigurations = (
				32FEDCD829DFB92D007FDCD6 /* Debug */,
				32FEDCD929DFB92D007FDCD6 /* Release */,
			);
			defaultConfigurationIsVisible = 0;
			defaultConfigurationName = Release;
		};
/* End XCConfigurationList section */
	};
	rootObject = 32FEDC9A29DFB92A007FDCD6 /* Project object */;
}
